{
  "version": 4,
  "terraform_version": "1.5.2",
  "serial": 2944,
  "lineage": "10784544-c481-fbcd-2aaf-fd197f92190c",
  "outputs": {},
  "resources": [
    {
      "mode": "data",
      "type": "aws_availability_zones",
      "name": "available",
      "provider": "provider[\"registry.terraform.io/hashicorp/aws\"]",
      "instances": [
        {
          "schema_version": 0,
          "attributes": {
            "all_availability_zones": null,
            "exclude_names": null,
            "exclude_zone_ids": null,
            "filter": null,
            "group_names": [
              "us-east-1"
            ],
            "id": "us-east-1",
            "names": [
              "us-east-1a",
              "us-east-1b",
              "us-east-1c",
              "us-east-1d",
              "us-east-1e",
              "us-east-1f"
            ],
            "state": "available",
            "timeouts": null,
            "zone_ids": [
              "use1-az2",
              "use1-az4",
              "use1-az6",
              "use1-az1",
              "use1-az3",
              "use1-az5"
            ]
          },
          "sensitive_attributes": []
        }
      ]
    },
    {
      "mode": "managed",
      "type": "aws_route_table",
      "name": "PrivateRT_az1",
      "provider": "provider[\"registry.terraform.io/hashicorp/aws\"]",
      "instances": [
        {
          "schema_version": 0,
          "attributes": {
            "arn": "arn:aws:ec2:us-east-1:220479146103:route-table/rtb-09658548bdaeb717b",
            "id": "rtb-09658548bdaeb717b",
            "owner_id": "220479146103",
            "propagating_vgws": [],
            "route": [],
            "tags": {
              "BudgetCode": "Deluxe",
              "Dept": "Deluxe",
              "Name": "D247-dev-PrivateRT",
              "Owner": "D247",
              "Project": "D247",
              "Stack": "DEV",
              "managed_by": "Terraform"
            },
            "tags_all": {
              "BudgetCode": "Deluxe",
              "Dept": "Deluxe",
              "Name": "D247-dev-PrivateRT",
              "Owner": "D247",
              "Project": "D247",
              "Stack": "DEV",
              "managed_by": "Terraform"
            },
            "timeouts": null,
            "vpc_id": "vpc-0a3dc468c3280fd48"
          },
          "sensitive_attributes": [],
          "private": "eyJlMmJmYjczMC1lY2FhLTExZTYtOGY4OC0zNDM2M2JjN2M0YzAiOnsiY3JlYXRlIjozMDAwMDAwMDAwMDAsImRlbGV0ZSI6MzAwMDAwMDAwMDAwLCJ1cGRhdGUiOjEyMDAwMDAwMDAwMH19",
          "dependencies": [
            "aws_vpc.Main"
          ]
        }
      ]
    },
    {
      "mode": "managed",
      "type": "aws_route_table_association",
      "name": "PrivateRTassociation_az1",
      "provider": "provider[\"registry.terraform.io/hashicorp/aws\"]",
      "instances": [
        {
          "index_key": 0,
          "schema_version": 0,
          "attributes": {
            "gateway_id": "",
            "id": "rtbassoc-07764ee6fe6a4e2ac",
            "route_table_id": "rtb-09658548bdaeb717b",
            "subnet_id": "subnet-0daec032e40e81f02",
            "timeouts": null
          },
          "sensitive_attributes": [],
          "private": "eyJlMmJmYjczMC1lY2FhLTExZTYtOGY4OC0zNDM2M2JjN2M0YzAiOnsiY3JlYXRlIjozMDAwMDAwMDAwMDAsImRlbGV0ZSI6MzAwMDAwMDAwMDAwLCJ1cGRhdGUiOjEyMDAwMDAwMDAwMH19",
          "dependencies": [
            "aws_route_table.PrivateRT_az1",
            "aws_subnet.private_subnets_az1",
            "aws_vpc.Main"
          ]
        },
        {
          "index_key": 1,
          "schema_version": 0,
          "attributes": {
            "gateway_id": "",
            "id": "rtbassoc-057069bc152e91cc8",
            "route_table_id": "rtb-09658548bdaeb717b",
            "subnet_id": "subnet-01597ae76b8282cf4",
            "timeouts": null
          },
          "sensitive_attributes": [],
          "private": "eyJlMmJmYjczMC1lY2FhLTExZTYtOGY4OC0zNDM2M2JjN2M0YzAiOnsiY3JlYXRlIjozMDAwMDAwMDAwMDAsImRlbGV0ZSI6MzAwMDAwMDAwMDAwLCJ1cGRhdGUiOjEyMDAwMDAwMDAwMH19",
          "dependencies": [
            "aws_route_table.PrivateRT_az1",
            "aws_subnet.private_subnets_az1",
            "aws_vpc.Main"
          ]
        },
        {
          "index_key": 2,
          "schema_version": 0,
          "attributes": {
            "gateway_id": "",
            "id": "rtbassoc-0fe0294924f751817",
            "route_table_id": "rtb-09658548bdaeb717b",
            "subnet_id": "subnet-00d45106f056a75ca",
            "timeouts": null
          },
          "sensitive_attributes": [],
          "private": "eyJlMmJmYjczMC1lY2FhLTExZTYtOGY4OC0zNDM2M2JjN2M0YzAiOnsiY3JlYXRlIjozMDAwMDAwMDAwMDAsImRlbGV0ZSI6MzAwMDAwMDAwMDAwLCJ1cGRhdGUiOjEyMDAwMDAwMDAwMH19",
          "dependencies": [
            "aws_route_table.PrivateRT_az1",
            "aws_subnet.private_subnets_az1",
            "aws_vpc.Main"
          ]
        },
        {
          "index_key": 3,
          "schema_version": 0,
          "attributes": {
            "gateway_id": "",
            "id": "rtbassoc-08895ba56bedf3f89",
            "route_table_id": "rtb-09658548bdaeb717b",
            "subnet_id": "subnet-0e1b883936c6557a6",
            "timeouts": null
          },
          "sensitive_attributes": [],
          "private": "eyJlMmJmYjczMC1lY2FhLTExZTYtOGY4OC0zNDM2M2JjN2M0YzAiOnsiY3JlYXRlIjozMDAwMDAwMDAwMDAsImRlbGV0ZSI6MzAwMDAwMDAwMDAwLCJ1cGRhdGUiOjEyMDAwMDAwMDAwMH19",
          "dependencies": [
            "aws_route_table.PrivateRT_az1",
            "aws_subnet.private_subnets_az1",
            "aws_vpc.Main"
          ]
        },
        {
          "index_key": 4,
          "schema_version": 0,
          "attributes": {
            "gateway_id": "",
            "id": "rtbassoc-0cad418a7a798d965",
            "route_table_id": "rtb-09658548bdaeb717b",
            "subnet_id": "subnet-0f91ddbcbdd0202a7",
            "timeouts": null
          },
          "sensitive_attributes": [],
          "private": "eyJlMmJmYjczMC1lY2FhLTExZTYtOGY4OC0zNDM2M2JjN2M0YzAiOnsiY3JlYXRlIjozMDAwMDAwMDAwMDAsImRlbGV0ZSI6MzAwMDAwMDAwMDAwLCJ1cGRhdGUiOjEyMDAwMDAwMDAwMH19",
          "dependencies": [
            "aws_route_table.PrivateRT_az1",
            "aws_subnet.private_subnets_az1",
            "aws_vpc.Main"
          ]
        },
        {
          "index_key": 5,
          "schema_version": 0,
          "attributes": {
            "gateway_id": "",
            "id": "rtbassoc-0fabb8f096ab670f6",
            "route_table_id": "rtb-09658548bdaeb717b",
            "subnet_id": "subnet-05f5a2b2d8155c8ce",
            "timeouts": null
          },
          "sensitive_attributes": [],
          "private": "eyJlMmJmYjczMC1lY2FhLTExZTYtOGY4OC0zNDM2M2JjN2M0YzAiOnsiY3JlYXRlIjozMDAwMDAwMDAwMDAsImRlbGV0ZSI6MzAwMDAwMDAwMDAwLCJ1cGRhdGUiOjEyMDAwMDAwMDAwMH19",
          "dependencies": [
            "aws_route_table.PrivateRT_az1",
            "aws_subnet.private_subnets_az1",
            "aws_vpc.Main"
          ]
        },
        {
          "index_key": 6,
          "schema_version": 0,
          "attributes": {
            "gateway_id": "",
            "id": "rtbassoc-067a2ed913f7ecd1f",
            "route_table_id": "rtb-09658548bdaeb717b",
            "subnet_id": "subnet-020108d1b2c079e10",
            "timeouts": null
          },
          "sensitive_attributes": [],
          "private": "eyJlMmJmYjczMC1lY2FhLTExZTYtOGY4OC0zNDM2M2JjN2M0YzAiOnsiY3JlYXRlIjozMDAwMDAwMDAwMDAsImRlbGV0ZSI6MzAwMDAwMDAwMDAwLCJ1cGRhdGUiOjEyMDAwMDAwMDAwMH19",
          "dependencies": [
            "aws_route_table.PrivateRT_az1",
            "aws_subnet.private_subnets_az1",
            "aws_vpc.Main"
          ]
        },
        {
          "index_key": 7,
          "schema_version": 0,
          "attributes": {
            "gateway_id": "",
            "id": "rtbassoc-0faf9ff7cc1ff3b5c",
            "route_table_id": "rtb-09658548bdaeb717b",
            "subnet_id": "subnet-07de8a43cdbf9fe84",
            "timeouts": null
          },
          "sensitive_attributes": [],
          "private": "eyJlMmJmYjczMC1lY2FhLTExZTYtOGY4OC0zNDM2M2JjN2M0YzAiOnsiY3JlYXRlIjozMDAwMDAwMDAwMDAsImRlbGV0ZSI6MzAwMDAwMDAwMDAwLCJ1cGRhdGUiOjEyMDAwMDAwMDAwMH19",
          "dependencies": [
            "aws_route_table.PrivateRT_az1",
            "aws_subnet.private_subnets_az1",
            "aws_vpc.Main"
          ]
        },
        {
          "index_key": 8,
          "schema_version": 0,
          "attributes": {
            "gateway_id": "",
            "id": "rtbassoc-08000e832fc52f305",
            "route_table_id": "rtb-09658548bdaeb717b",
            "subnet_id": "subnet-01d26b31fb16bf788",
            "timeouts": null
          },
          "sensitive_attributes": [],
          "private": "eyJlMmJmYjczMC1lY2FhLTExZTYtOGY4OC0zNDM2M2JjN2M0YzAiOnsiY3JlYXRlIjozMDAwMDAwMDAwMDAsImRlbGV0ZSI6MzAwMDAwMDAwMDAwLCJ1cGRhdGUiOjEyMDAwMDAwMDAwMH19",
          "dependencies": [
            "aws_route_table.PrivateRT_az1",
            "aws_subnet.private_subnets_az1",
            "aws_vpc.Main"
          ]
        },
        {
          "index_key": 9,
          "schema_version": 0,
          "attributes": {
            "gateway_id": "",
            "id": "rtbassoc-08754276748428e59",
            "route_table_id": "rtb-09658548bdaeb717b",
            "subnet_id": "subnet-032003efdcdbcf76f",
            "timeouts": null
          },
          "sensitive_attributes": [],
          "private": "eyJlMmJmYjczMC1lY2FhLTExZTYtOGY4OC0zNDM2M2JjN2M0YzAiOnsiY3JlYXRlIjozMDAwMDAwMDAwMDAsImRlbGV0ZSI6MzAwMDAwMDAwMDAwLCJ1cGRhdGUiOjEyMDAwMDAwMDAwMH19",
          "dependencies": [
            "aws_route_table.PrivateRT_az1",
            "aws_subnet.private_subnets_az1",
            "aws_vpc.Main"
          ]
        },
        {
          "index_key": 10,
          "schema_version": 0,
          "attributes": {
            "gateway_id": "",
            "id": "rtbassoc-04dab33a037a2b0a9",
            "route_table_id": "rtb-09658548bdaeb717b",
            "subnet_id": "subnet-0b2acae5320ecae2d",
            "timeouts": null
          },
          "sensitive_attributes": [],
          "private": "eyJlMmJmYjczMC1lY2FhLTExZTYtOGY4OC0zNDM2M2JjN2M0YzAiOnsiY3JlYXRlIjozMDAwMDAwMDAwMDAsImRlbGV0ZSI6MzAwMDAwMDAwMDAwLCJ1cGRhdGUiOjEyMDAwMDAwMDAwMH19",
          "dependencies": [
            "aws_route_table.PrivateRT_az1",
            "aws_subnet.private_subnets_az1",
            "aws_vpc.Main"
          ]
        },
        {
          "index_key": 11,
          "schema_version": 0,
          "attributes": {
            "gateway_id": "",
            "id": "rtbassoc-0eb587d305d3f76d6",
            "route_table_id": "rtb-09658548bdaeb717b",
            "subnet_id": "subnet-09939b7cb6104fc9a",
            "timeouts": null
          },
          "sensitive_attributes": [],
          "private": "eyJlMmJmYjczMC1lY2FhLTExZTYtOGY4OC0zNDM2M2JjN2M0YzAiOnsiY3JlYXRlIjozMDAwMDAwMDAwMDAsImRlbGV0ZSI6MzAwMDAwMDAwMDAwLCJ1cGRhdGUiOjEyMDAwMDAwMDAwMH19",
          "dependencies": [
            "aws_route_table.PrivateRT_az1",
            "aws_subnet.private_subnets_az1",
            "aws_vpc.Main"
          ]
        },
        {
          "index_key": 12,
          "schema_version": 0,
          "attributes": {
            "gateway_id": "",
            "id": "rtbassoc-0dabac445b8842adb",
            "route_table_id": "rtb-09658548bdaeb717b",
            "subnet_id": "subnet-0462091192e7c91fd",
            "timeouts": null
          },
          "sensitive_attributes": [],
          "private": "eyJlMmJmYjczMC1lY2FhLTExZTYtOGY4OC0zNDM2M2JjN2M0YzAiOnsiY3JlYXRlIjozMDAwMDAwMDAwMDAsImRlbGV0ZSI6MzAwMDAwMDAwMDAwLCJ1cGRhdGUiOjEyMDAwMDAwMDAwMH19",
          "dependencies": [
            "aws_route_table.PrivateRT_az1",
            "aws_subnet.private_subnets_az1",
            "aws_vpc.Main"
          ]
        },
        {
          "index_key": 13,
          "schema_version": 0,
          "attributes": {
            "gateway_id": "",
            "id": "rtbassoc-05c85b632b082a4b7",
            "route_table_id": "rtb-09658548bdaeb717b",
            "subnet_id": "subnet-02a343e90a1b84d8b",
            "timeouts": null
          },
          "sensitive_attributes": [],
          "private": "eyJlMmJmYjczMC1lY2FhLTExZTYtOGY4OC0zNDM2M2JjN2M0YzAiOnsiY3JlYXRlIjozMDAwMDAwMDAwMDAsImRlbGV0ZSI6MzAwMDAwMDAwMDAwLCJ1cGRhdGUiOjEyMDAwMDAwMDAwMH19",
          "dependencies": [
            "aws_route_table.PrivateRT_az1",
            "aws_subnet.private_subnets_az1",
            "aws_vpc.Main"
          ]
        },
        {
          "index_key": 14,
          "schema_version": 0,
          "attributes": {
            "gateway_id": "",
            "id": "rtbassoc-0d60c827eec42e4d4",
            "route_table_id": "rtb-09658548bdaeb717b",
            "subnet_id": "subnet-0044bb3c0d195968b",
            "timeouts": null
          },
          "sensitive_attributes": [],
          "private": "eyJlMmJmYjczMC1lY2FhLTExZTYtOGY4OC0zNDM2M2JjN2M0YzAiOnsiY3JlYXRlIjozMDAwMDAwMDAwMDAsImRlbGV0ZSI6MzAwMDAwMDAwMDAwLCJ1cGRhdGUiOjEyMDAwMDAwMDAwMH19",
          "dependencies": [
            "aws_route_table.PrivateRT_az1",
            "aws_subnet.private_subnets_az1",
            "aws_vpc.Main"
          ]
        },
        {
          "index_key": 15,
          "schema_version": 0,
          "attributes": {
            "gateway_id": "",
            "id": "rtbassoc-000c82a0bb3baa32f",
            "route_table_id": "rtb-09658548bdaeb717b",
            "subnet_id": "subnet-06ad89e33de1b4598",
            "timeouts": null
          },
          "sensitive_attributes": [],
          "private": "eyJlMmJmYjczMC1lY2FhLTExZTYtOGY4OC0zNDM2M2JjN2M0YzAiOnsiY3JlYXRlIjozMDAwMDAwMDAwMDAsImRlbGV0ZSI6MzAwMDAwMDAwMDAwLCJ1cGRhdGUiOjEyMDAwMDAwMDAwMH19",
          "dependencies": [
            "aws_route_table.PrivateRT_az1",
            "aws_subnet.private_subnets_az1",
            "aws_vpc.Main"
          ]
        },
        {
          "index_key": 16,
          "schema_version": 0,
          "attributes": {
            "gateway_id": "",
            "id": "rtbassoc-0a8582f2544497bcc",
            "route_table_id": "rtb-09658548bdaeb717b",
            "subnet_id": "subnet-005257d7d78b021eb",
            "timeouts": null
          },
          "sensitive_attributes": [],
          "private": "eyJlMmJmYjczMC1lY2FhLTExZTYtOGY4OC0zNDM2M2JjN2M0YzAiOnsiY3JlYXRlIjozMDAwMDAwMDAwMDAsImRlbGV0ZSI6MzAwMDAwMDAwMDAwLCJ1cGRhdGUiOjEyMDAwMDAwMDAwMH19",
          "dependencies": [
            "aws_route_table.PrivateRT_az1",
            "aws_subnet.private_subnets_az1",
            "aws_vpc.Main"
          ]
        },
        {
          "index_key": 17,
          "schema_version": 0,
          "attributes": {
            "gateway_id": "",
            "id": "rtbassoc-025359a7a798ca51b",
            "route_table_id": "rtb-09658548bdaeb717b",
            "subnet_id": "subnet-0c93491d81cfffd36",
            "timeouts": null
          },
          "sensitive_attributes": [],
          "private": "eyJlMmJmYjczMC1lY2FhLTExZTYtOGY4OC0zNDM2M2JjN2M0YzAiOnsiY3JlYXRlIjozMDAwMDAwMDAwMDAsImRlbGV0ZSI6MzAwMDAwMDAwMDAwLCJ1cGRhdGUiOjEyMDAwMDAwMDAwMH19",
          "dependencies": [
            "aws_route_table.PrivateRT_az1",
            "aws_subnet.private_subnets_az1",
            "aws_vpc.Main"
          ]
        },
        {
          "index_key": 18,
          "schema_version": 0,
          "attributes": {
            "gateway_id": "",
            "id": "rtbassoc-0262006d4ce2d0ac5",
            "route_table_id": "rtb-09658548bdaeb717b",
            "subnet_id": "subnet-0181736263cc64fb6",
            "timeouts": null
          },
          "sensitive_attributes": [],
          "private": "eyJlMmJmYjczMC1lY2FhLTExZTYtOGY4OC0zNDM2M2JjN2M0YzAiOnsiY3JlYXRlIjozMDAwMDAwMDAwMDAsImRlbGV0ZSI6MzAwMDAwMDAwMDAwLCJ1cGRhdGUiOjEyMDAwMDAwMDAwMH19",
          "dependencies": [
            "aws_route_table.PrivateRT_az1",
            "aws_subnet.private_subnets_az1",
            "aws_vpc.Main"
          ]
        },
        {
          "index_key": 19,
          "schema_version": 0,
          "attributes": {
            "gateway_id": "",
            "id": "rtbassoc-0711f777d3d1ba568",
            "route_table_id": "rtb-09658548bdaeb717b",
            "subnet_id": "subnet-053f9adf1050b60bc",
            "timeouts": null
          },
          "sensitive_attributes": [],
          "private": "eyJlMmJmYjczMC1lY2FhLTExZTYtOGY4OC0zNDM2M2JjN2M0YzAiOnsiY3JlYXRlIjozMDAwMDAwMDAwMDAsImRlbGV0ZSI6MzAwMDAwMDAwMDAwLCJ1cGRhdGUiOjEyMDAwMDAwMDAwMH19",
          "dependencies": [
            "aws_route_table.PrivateRT_az1",
            "aws_subnet.private_subnets_az1",
            "aws_vpc.Main"
          ]
        },
        {
          "index_key": 20,
          "schema_version": 0,
          "attributes": {
            "gateway_id": "",
            "id": "rtbassoc-066f4b5e209e78c15",
            "route_table_id": "rtb-09658548bdaeb717b",
            "subnet_id": "subnet-070377687422ad1cf",
            "timeouts": null
          },
          "sensitive_attributes": [],
          "private": "eyJlMmJmYjczMC1lY2FhLTExZTYtOGY4OC0zNDM2M2JjN2M0YzAiOnsiY3JlYXRlIjozMDAwMDAwMDAwMDAsImRlbGV0ZSI6MzAwMDAwMDAwMDAwLCJ1cGRhdGUiOjEyMDAwMDAwMDAwMH19",
          "dependencies": [
            "aws_route_table.PrivateRT_az1",
            "aws_subnet.private_subnets_az1",
            "aws_vpc.Main"
          ]
        },
        {
          "index_key": 21,
          "schema_version": 0,
          "attributes": {
            "gateway_id": "",
            "id": "rtbassoc-02ab10bf48f784f1a",
            "route_table_id": "rtb-09658548bdaeb717b",
            "subnet_id": "subnet-010f07f5c0bbd0df9",
            "timeouts": null
          },
          "sensitive_attributes": [],
          "private": "eyJlMmJmYjczMC1lY2FhLTExZTYtOGY4OC0zNDM2M2JjN2M0YzAiOnsiY3JlYXRlIjozMDAwMDAwMDAwMDAsImRlbGV0ZSI6MzAwMDAwMDAwMDAwLCJ1cGRhdGUiOjEyMDAwMDAwMDAwMH19",
          "dependencies": [
            "aws_route_table.PrivateRT_az1",
            "aws_subnet.private_subnets_az1",
            "aws_vpc.Main"
          ]
        },
        {
          "index_key": 22,
          "schema_version": 0,
          "attributes": {
            "gateway_id": "",
            "id": "rtbassoc-0be868ef1309846a8",
            "route_table_id": "rtb-09658548bdaeb717b",
            "subnet_id": "subnet-060a9e1ffb72b6dd6",
            "timeouts": null
          },
          "sensitive_attributes": [],
          "private": "eyJlMmJmYjczMC1lY2FhLTExZTYtOGY4OC0zNDM2M2JjN2M0YzAiOnsiY3JlYXRlIjozMDAwMDAwMDAwMDAsImRlbGV0ZSI6MzAwMDAwMDAwMDAwLCJ1cGRhdGUiOjEyMDAwMDAwMDAwMH19",
          "dependencies": [
            "aws_route_table.PrivateRT_az1",
            "aws_subnet.private_subnets_az1",
            "aws_vpc.Main"
          ]
        },
        {
          "index_key": 23,
          "schema_version": 0,
          "attributes": {
            "gateway_id": "",
            "id": "rtbassoc-087cede0ba2179c2c",
            "route_table_id": "rtb-09658548bdaeb717b",
            "subnet_id": "subnet-07ef681df758e1587",
            "timeouts": null
          },
          "sensitive_attributes": [],
          "private": "eyJlMmJmYjczMC1lY2FhLTExZTYtOGY4OC0zNDM2M2JjN2M0YzAiOnsiY3JlYXRlIjozMDAwMDAwMDAwMDAsImRlbGV0ZSI6MzAwMDAwMDAwMDAwLCJ1cGRhdGUiOjEyMDAwMDAwMDAwMH19",
          "dependencies": [
            "aws_route_table.PrivateRT_az1",
            "aws_subnet.private_subnets_az1",
            "aws_vpc.Main"
          ]
        },
        {
          "index_key": 24,
          "schema_version": 0,
          "attributes": {
            "gateway_id": "",
            "id": "rtbassoc-04cd4c7e18e842be6",
            "route_table_id": "rtb-09658548bdaeb717b",
            "subnet_id": "subnet-06a797227f1dfccff",
            "timeouts": null
          },
          "sensitive_attributes": [],
          "private": "eyJlMmJmYjczMC1lY2FhLTExZTYtOGY4OC0zNDM2M2JjN2M0YzAiOnsiY3JlYXRlIjozMDAwMDAwMDAwMDAsImRlbGV0ZSI6MzAwMDAwMDAwMDAwLCJ1cGRhdGUiOjEyMDAwMDAwMDAwMH19",
          "dependencies": [
            "aws_route_table.PrivateRT_az1",
            "aws_subnet.private_subnets_az1",
            "aws_vpc.Main"
          ]
        }
      ]
    },
    {
      "mode": "managed",
      "type": "aws_route_table_association",
      "name": "PrivateRTassociation_az2",
      "provider": "provider[\"registry.terraform.io/hashicorp/aws\"]",
      "instances": [
        {
          "index_key": 0,
          "schema_version": 0,
          "attributes": {
            "gateway_id": "",
            "id": "rtbassoc-09faa8e59bc365118",
            "route_table_id": "rtb-09658548bdaeb717b",
            "subnet_id": "subnet-0c2145d24e020e323",
            "timeouts": null
          },
          "sensitive_attributes": [],
          "private": "eyJlMmJmYjczMC1lY2FhLTExZTYtOGY4OC0zNDM2M2JjN2M0YzAiOnsiY3JlYXRlIjozMDAwMDAwMDAwMDAsImRlbGV0ZSI6MzAwMDAwMDAwMDAwLCJ1cGRhdGUiOjEyMDAwMDAwMDAwMH19",
          "dependencies": [
            "aws_route_table.PrivateRT_az1",
            "aws_subnet.private_subnets_az2",
            "aws_vpc.Main"
          ]
        },
        {
          "index_key": 1,
          "schema_version": 0,
          "attributes": {
            "gateway_id": "",
            "id": "rtbassoc-0f9e74f6bf6e5bdff",
            "route_table_id": "rtb-09658548bdaeb717b",
            "subnet_id": "subnet-0f98a0ec93e2bad26",
            "timeouts": null
          },
          "sensitive_attributes": [],
          "private": "eyJlMmJmYjczMC1lY2FhLTExZTYtOGY4OC0zNDM2M2JjN2M0YzAiOnsiY3JlYXRlIjozMDAwMDAwMDAwMDAsImRlbGV0ZSI6MzAwMDAwMDAwMDAwLCJ1cGRhdGUiOjEyMDAwMDAwMDAwMH19",
          "dependencies": [
            "aws_route_table.PrivateRT_az1",
            "aws_subnet.private_subnets_az2",
            "aws_vpc.Main"
          ]
        },
        {
          "index_key": 2,
          "schema_version": 0,
          "attributes": {
            "gateway_id": "",
            "id": "rtbassoc-02c3f75af82e9e9c0",
            "route_table_id": "rtb-09658548bdaeb717b",
            "subnet_id": "subnet-03387a9d0381e5296",
            "timeouts": null
          },
          "sensitive_attributes": [],
          "private": "eyJlMmJmYjczMC1lY2FhLTExZTYtOGY4OC0zNDM2M2JjN2M0YzAiOnsiY3JlYXRlIjozMDAwMDAwMDAwMDAsImRlbGV0ZSI6MzAwMDAwMDAwMDAwLCJ1cGRhdGUiOjEyMDAwMDAwMDAwMH19",
          "dependencies": [
            "aws_route_table.PrivateRT_az1",
            "aws_subnet.private_subnets_az2",
            "aws_vpc.Main"
          ]
        },
        {
          "index_key": 3,
          "schema_version": 0,
          "attributes": {
            "gateway_id": "",
            "id": "rtbassoc-04eb791115a724178",
            "route_table_id": "rtb-09658548bdaeb717b",
            "subnet_id": "subnet-03099f2bae47db8f8",
            "timeouts": null
          },
          "sensitive_attributes": [],
          "private": "eyJlMmJmYjczMC1lY2FhLTExZTYtOGY4OC0zNDM2M2JjN2M0YzAiOnsiY3JlYXRlIjozMDAwMDAwMDAwMDAsImRlbGV0ZSI6MzAwMDAwMDAwMDAwLCJ1cGRhdGUiOjEyMDAwMDAwMDAwMH19",
          "dependencies": [
            "aws_route_table.PrivateRT_az1",
            "aws_subnet.private_subnets_az2",
            "aws_vpc.Main"
          ]
        },
        {
          "index_key": 4,
          "schema_version": 0,
          "attributes": {
            "gateway_id": "",
            "id": "rtbassoc-0afb610c645b499bb",
            "route_table_id": "rtb-09658548bdaeb717b",
            "subnet_id": "subnet-0986069b5d970a815",
            "timeouts": null
          },
          "sensitive_attributes": [],
          "private": "eyJlMmJmYjczMC1lY2FhLTExZTYtOGY4OC0zNDM2M2JjN2M0YzAiOnsiY3JlYXRlIjozMDAwMDAwMDAwMDAsImRlbGV0ZSI6MzAwMDAwMDAwMDAwLCJ1cGRhdGUiOjEyMDAwMDAwMDAwMH19",
          "dependencies": [
            "aws_route_table.PrivateRT_az1",
            "aws_subnet.private_subnets_az2",
            "aws_vpc.Main"
          ]
        },
        {
          "index_key": 5,
          "schema_version": 0,
          "attributes": {
            "gateway_id": "",
            "id": "rtbassoc-04cba13de51ba2559",
            "route_table_id": "rtb-09658548bdaeb717b",
            "subnet_id": "subnet-030c5376300cb6fd4",
            "timeouts": null
          },
          "sensitive_attributes": [],
          "private": "eyJlMmJmYjczMC1lY2FhLTExZTYtOGY4OC0zNDM2M2JjN2M0YzAiOnsiY3JlYXRlIjozMDAwMDAwMDAwMDAsImRlbGV0ZSI6MzAwMDAwMDAwMDAwLCJ1cGRhdGUiOjEyMDAwMDAwMDAwMH19",
          "dependencies": [
            "aws_route_table.PrivateRT_az1",
            "aws_subnet.private_subnets_az2",
            "aws_vpc.Main"
          ]
        },
        {
          "index_key": 6,
          "schema_version": 0,
          "attributes": {
            "gateway_id": "",
            "id": "rtbassoc-0798486c132205d91",
            "route_table_id": "rtb-09658548bdaeb717b",
            "subnet_id": "subnet-0a856f5bf0bfe4bb1",
            "timeouts": null
          },
          "sensitive_attributes": [],
          "private": "eyJlMmJmYjczMC1lY2FhLTExZTYtOGY4OC0zNDM2M2JjN2M0YzAiOnsiY3JlYXRlIjozMDAwMDAwMDAwMDAsImRlbGV0ZSI6MzAwMDAwMDAwMDAwLCJ1cGRhdGUiOjEyMDAwMDAwMDAwMH19",
          "dependencies": [
            "aws_route_table.PrivateRT_az1",
            "aws_subnet.private_subnets_az2",
            "aws_vpc.Main"
          ]
        },
        {
          "index_key": 7,
          "schema_version": 0,
          "attributes": {
            "gateway_id": "",
            "id": "rtbassoc-00a5dc711a1a19e6e",
            "route_table_id": "rtb-09658548bdaeb717b",
            "subnet_id": "subnet-07cecfa19fd7494cd",
            "timeouts": null
          },
          "sensitive_attributes": [],
          "private": "eyJlMmJmYjczMC1lY2FhLTExZTYtOGY4OC0zNDM2M2JjN2M0YzAiOnsiY3JlYXRlIjozMDAwMDAwMDAwMDAsImRlbGV0ZSI6MzAwMDAwMDAwMDAwLCJ1cGRhdGUiOjEyMDAwMDAwMDAwMH19",
          "dependencies": [
            "aws_route_table.PrivateRT_az1",
            "aws_subnet.private_subnets_az2",
            "aws_vpc.Main"
          ]
        },
        {
          "index_key": 8,
          "schema_version": 0,
          "attributes": {
            "gateway_id": "",
            "id": "rtbassoc-07ad38f001f694fbc",
            "route_table_id": "rtb-09658548bdaeb717b",
            "subnet_id": "subnet-0f701e59e093b3bfa",
            "timeouts": null
          },
          "sensitive_attributes": [],
          "private": "eyJlMmJmYjczMC1lY2FhLTExZTYtOGY4OC0zNDM2M2JjN2M0YzAiOnsiY3JlYXRlIjozMDAwMDAwMDAwMDAsImRlbGV0ZSI6MzAwMDAwMDAwMDAwLCJ1cGRhdGUiOjEyMDAwMDAwMDAwMH19",
          "dependencies": [
            "aws_route_table.PrivateRT_az1",
            "aws_subnet.private_subnets_az2",
            "aws_vpc.Main"
          ]
        },
        {
          "index_key": 9,
          "schema_version": 0,
          "attributes": {
            "gateway_id": "",
            "id": "rtbassoc-04639165a89dd9e3a",
            "route_table_id": "rtb-09658548bdaeb717b",
            "subnet_id": "subnet-0c7ed518d42559977",
            "timeouts": null
          },
          "sensitive_attributes": [],
          "private": "eyJlMmJmYjczMC1lY2FhLTExZTYtOGY4OC0zNDM2M2JjN2M0YzAiOnsiY3JlYXRlIjozMDAwMDAwMDAwMDAsImRlbGV0ZSI6MzAwMDAwMDAwMDAwLCJ1cGRhdGUiOjEyMDAwMDAwMDAwMH19",
          "dependencies": [
            "aws_route_table.PrivateRT_az1",
            "aws_subnet.private_subnets_az2",
            "aws_vpc.Main"
          ]
        },
        {
          "index_key": 10,
          "schema_version": 0,
          "attributes": {
            "gateway_id": "",
            "id": "rtbassoc-0844f3f3958142f8a",
            "route_table_id": "rtb-09658548bdaeb717b",
            "subnet_id": "subnet-0919d74b8e2949ffe",
            "timeouts": null
          },
          "sensitive_attributes": [],
          "private": "eyJlMmJmYjczMC1lY2FhLTExZTYtOGY4OC0zNDM2M2JjN2M0YzAiOnsiY3JlYXRlIjozMDAwMDAwMDAwMDAsImRlbGV0ZSI6MzAwMDAwMDAwMDAwLCJ1cGRhdGUiOjEyMDAwMDAwMDAwMH19",
          "dependencies": [
            "aws_route_table.PrivateRT_az1",
            "aws_subnet.private_subnets_az2",
            "aws_vpc.Main"
          ]
        },
        {
          "index_key": 11,
          "schema_version": 0,
          "attributes": {
            "gateway_id": "",
            "id": "rtbassoc-03c6eefdfc4995f35",
            "route_table_id": "rtb-09658548bdaeb717b",
            "subnet_id": "subnet-015cd4f60d2407794",
            "timeouts": null
          },
          "sensitive_attributes": [],
          "private": "eyJlMmJmYjczMC1lY2FhLTExZTYtOGY4OC0zNDM2M2JjN2M0YzAiOnsiY3JlYXRlIjozMDAwMDAwMDAwMDAsImRlbGV0ZSI6MzAwMDAwMDAwMDAwLCJ1cGRhdGUiOjEyMDAwMDAwMDAwMH19",
          "dependencies": [
            "aws_route_table.PrivateRT_az1",
            "aws_subnet.private_subnets_az2",
            "aws_vpc.Main"
          ]
        },
        {
          "index_key": 12,
          "schema_version": 0,
          "attributes": {
            "gateway_id": "",
            "id": "rtbassoc-0fa0a9d200ceb531f",
            "route_table_id": "rtb-09658548bdaeb717b",
            "subnet_id": "subnet-02b608ab713a8b04e",
            "timeouts": null
          },
          "sensitive_attributes": [],
          "private": "eyJlMmJmYjczMC1lY2FhLTExZTYtOGY4OC0zNDM2M2JjN2M0YzAiOnsiY3JlYXRlIjozMDAwMDAwMDAwMDAsImRlbGV0ZSI6MzAwMDAwMDAwMDAwLCJ1cGRhdGUiOjEyMDAwMDAwMDAwMH19",
          "dependencies": [
            "aws_route_table.PrivateRT_az1",
            "aws_subnet.private_subnets_az2",
            "aws_vpc.Main"
          ]
        },
        {
          "index_key": 13,
          "schema_version": 0,
          "attributes": {
            "gateway_id": "",
            "id": "rtbassoc-0345d76dc68200987",
            "route_table_id": "rtb-09658548bdaeb717b",
            "subnet_id": "subnet-0f056915b8c235539",
            "timeouts": null
          },
          "sensitive_attributes": [],
          "private": "eyJlMmJmYjczMC1lY2FhLTExZTYtOGY4OC0zNDM2M2JjN2M0YzAiOnsiY3JlYXRlIjozMDAwMDAwMDAwMDAsImRlbGV0ZSI6MzAwMDAwMDAwMDAwLCJ1cGRhdGUiOjEyMDAwMDAwMDAwMH19",
          "dependencies": [
            "aws_route_table.PrivateRT_az1",
            "aws_subnet.private_subnets_az2",
            "aws_vpc.Main"
          ]
        },
        {
          "index_key": 14,
          "schema_version": 0,
          "attributes": {
            "gateway_id": "",
            "id": "rtbassoc-0248f18e39fffd25b",
            "route_table_id": "rtb-09658548bdaeb717b",
            "subnet_id": "subnet-0c2c4aca69bc1b9d9",
            "timeouts": null
          },
          "sensitive_attributes": [],
          "private": "eyJlMmJmYjczMC1lY2FhLTExZTYtOGY4OC0zNDM2M2JjN2M0YzAiOnsiY3JlYXRlIjozMDAwMDAwMDAwMDAsImRlbGV0ZSI6MzAwMDAwMDAwMDAwLCJ1cGRhdGUiOjEyMDAwMDAwMDAwMH19",
          "dependencies": [
            "aws_route_table.PrivateRT_az1",
            "aws_subnet.private_subnets_az2",
            "aws_vpc.Main"
          ]
        },
        {
          "index_key": 15,
          "schema_version": 0,
          "attributes": {
            "gateway_id": "",
            "id": "rtbassoc-0c9d45a5d86e27f42",
            "route_table_id": "rtb-09658548bdaeb717b",
            "subnet_id": "subnet-06230ffd3335bb521",
            "timeouts": null
          },
          "sensitive_attributes": [],
          "private": "eyJlMmJmYjczMC1lY2FhLTExZTYtOGY4OC0zNDM2M2JjN2M0YzAiOnsiY3JlYXRlIjozMDAwMDAwMDAwMDAsImRlbGV0ZSI6MzAwMDAwMDAwMDAwLCJ1cGRhdGUiOjEyMDAwMDAwMDAwMH19",
          "dependencies": [
            "aws_route_table.PrivateRT_az1",
            "aws_subnet.private_subnets_az2",
            "aws_vpc.Main"
          ]
        },
        {
          "index_key": 16,
          "schema_version": 0,
          "attributes": {
            "gateway_id": "",
            "id": "rtbassoc-0b9ff46e41465b126",
            "route_table_id": "rtb-09658548bdaeb717b",
            "subnet_id": "subnet-0b53a2bee28955295",
            "timeouts": null
          },
          "sensitive_attributes": [],
          "private": "eyJlMmJmYjczMC1lY2FhLTExZTYtOGY4OC0zNDM2M2JjN2M0YzAiOnsiY3JlYXRlIjozMDAwMDAwMDAwMDAsImRlbGV0ZSI6MzAwMDAwMDAwMDAwLCJ1cGRhdGUiOjEyMDAwMDAwMDAwMH19",
          "dependencies": [
            "aws_route_table.PrivateRT_az1",
            "aws_subnet.private_subnets_az2",
            "aws_vpc.Main"
          ]
        },
        {
          "index_key": 17,
          "schema_version": 0,
          "attributes": {
            "gateway_id": "",
            "id": "rtbassoc-01b552b79c1db40fa",
            "route_table_id": "rtb-09658548bdaeb717b",
            "subnet_id": "subnet-0cebb423a6951589f",
            "timeouts": null
          },
          "sensitive_attributes": [],
          "private": "eyJlMmJmYjczMC1lY2FhLTExZTYtOGY4OC0zNDM2M2JjN2M0YzAiOnsiY3JlYXRlIjozMDAwMDAwMDAwMDAsImRlbGV0ZSI6MzAwMDAwMDAwMDAwLCJ1cGRhdGUiOjEyMDAwMDAwMDAwMH19",
          "dependencies": [
            "aws_route_table.PrivateRT_az1",
            "aws_subnet.private_subnets_az2",
            "aws_vpc.Main"
          ]
        },
        {
          "index_key": 18,
          "schema_version": 0,
          "attributes": {
            "gateway_id": "",
            "id": "rtbassoc-0aee06f2a9bb50554",
            "route_table_id": "rtb-09658548bdaeb717b",
            "subnet_id": "subnet-08eda6ef228eb7f9d",
            "timeouts": null
          },
          "sensitive_attributes": [],
          "private": "eyJlMmJmYjczMC1lY2FhLTExZTYtOGY4OC0zNDM2M2JjN2M0YzAiOnsiY3JlYXRlIjozMDAwMDAwMDAwMDAsImRlbGV0ZSI6MzAwMDAwMDAwMDAwLCJ1cGRhdGUiOjEyMDAwMDAwMDAwMH19",
          "dependencies": [
            "aws_route_table.PrivateRT_az1",
            "aws_subnet.private_subnets_az2",
            "aws_vpc.Main"
          ]
        },
        {
          "index_key": 19,
          "schema_version": 0,
          "attributes": {
            "gateway_id": "",
            "id": "rtbassoc-0359456bc8469aa1d",
            "route_table_id": "rtb-09658548bdaeb717b",
            "subnet_id": "subnet-0ae2efc98d77d0d3a",
            "timeouts": null
          },
          "sensitive_attributes": [],
          "private": "eyJlMmJmYjczMC1lY2FhLTExZTYtOGY4OC0zNDM2M2JjN2M0YzAiOnsiY3JlYXRlIjozMDAwMDAwMDAwMDAsImRlbGV0ZSI6MzAwMDAwMDAwMDAwLCJ1cGRhdGUiOjEyMDAwMDAwMDAwMH19",
          "dependencies": [
            "aws_route_table.PrivateRT_az1",
            "aws_subnet.private_subnets_az2",
            "aws_vpc.Main"
          ]
        },
        {
          "index_key": 20,
          "schema_version": 0,
          "attributes": {
            "gateway_id": "",
            "id": "rtbassoc-0ba986d3a90aa493a",
            "route_table_id": "rtb-09658548bdaeb717b",
            "subnet_id": "subnet-03c449a943d7e7fc9",
            "timeouts": null
          },
          "sensitive_attributes": [],
          "private": "eyJlMmJmYjczMC1lY2FhLTExZTYtOGY4OC0zNDM2M2JjN2M0YzAiOnsiY3JlYXRlIjozMDAwMDAwMDAwMDAsImRlbGV0ZSI6MzAwMDAwMDAwMDAwLCJ1cGRhdGUiOjEyMDAwMDAwMDAwMH19",
          "dependencies": [
            "aws_route_table.PrivateRT_az1",
            "aws_subnet.private_subnets_az2",
            "aws_vpc.Main"
          ]
        },
        {
          "index_key": 21,
          "schema_version": 0,
          "attributes": {
            "gateway_id": "",
            "id": "rtbassoc-05244d625e3296508",
            "route_table_id": "rtb-09658548bdaeb717b",
            "subnet_id": "subnet-095909c2d69897a73",
            "timeouts": null
          },
          "sensitive_attributes": [],
          "private": "eyJlMmJmYjczMC1lY2FhLTExZTYtOGY4OC0zNDM2M2JjN2M0YzAiOnsiY3JlYXRlIjozMDAwMDAwMDAwMDAsImRlbGV0ZSI6MzAwMDAwMDAwMDAwLCJ1cGRhdGUiOjEyMDAwMDAwMDAwMH19",
          "dependencies": [
            "aws_route_table.PrivateRT_az1",
            "aws_subnet.private_subnets_az2",
            "aws_vpc.Main"
          ]
        },
        {
          "index_key": 22,
          "schema_version": 0,
          "attributes": {
            "gateway_id": "",
            "id": "rtbassoc-0a598fbff2ee8c04e",
            "route_table_id": "rtb-09658548bdaeb717b",
            "subnet_id": "subnet-0f40a422382050ad7",
            "timeouts": null
          },
          "sensitive_attributes": [],
          "private": "eyJlMmJmYjczMC1lY2FhLTExZTYtOGY4OC0zNDM2M2JjN2M0YzAiOnsiY3JlYXRlIjozMDAwMDAwMDAwMDAsImRlbGV0ZSI6MzAwMDAwMDAwMDAwLCJ1cGRhdGUiOjEyMDAwMDAwMDAwMH19",
          "dependencies": [
            "aws_route_table.PrivateRT_az1",
            "aws_subnet.private_subnets_az2",
            "aws_vpc.Main"
          ]
        },
        {
          "index_key": 23,
          "schema_version": 0,
          "attributes": {
            "gateway_id": "",
            "id": "rtbassoc-00e67f950b5385f33",
            "route_table_id": "rtb-09658548bdaeb717b",
            "subnet_id": "subnet-02733bc1d32eacee3",
            "timeouts": null
          },
          "sensitive_attributes": [],
          "private": "eyJlMmJmYjczMC1lY2FhLTExZTYtOGY4OC0zNDM2M2JjN2M0YzAiOnsiY3JlYXRlIjozMDAwMDAwMDAwMDAsImRlbGV0ZSI6MzAwMDAwMDAwMDAwLCJ1cGRhdGUiOjEyMDAwMDAwMDAwMH19",
          "dependencies": [
            "aws_route_table.PrivateRT_az1",
            "aws_subnet.private_subnets_az2",
            "aws_vpc.Main"
          ]
        },
        {
          "index_key": 24,
          "schema_version": 0,
          "attributes": {
            "gateway_id": "",
            "id": "rtbassoc-0025b361f225a4066",
            "route_table_id": "rtb-09658548bdaeb717b",
            "subnet_id": "subnet-05039a0591aede8a4",
            "timeouts": null
          },
          "sensitive_attributes": [],
          "private": "eyJlMmJmYjczMC1lY2FhLTExZTYtOGY4OC0zNDM2M2JjN2M0YzAiOnsiY3JlYXRlIjozMDAwMDAwMDAwMDAsImRlbGV0ZSI6MzAwMDAwMDAwMDAwLCJ1cGRhdGUiOjEyMDAwMDAwMDAwMH19",
          "dependencies": [
            "aws_route_table.PrivateRT_az1",
            "aws_subnet.private_subnets_az2",
            "aws_vpc.Main"
          ]
        }
      ]
    },
    {
      "mode": "managed",
      "type": "aws_subnet",
      "name": "private_subnets_az1",
      "provider": "provider[\"registry.terraform.io/hashicorp/aws\"]",
      "instances": [
        {
          "index_key": 0,
          "schema_version": 1,
          "attributes": {
            "arn": "arn:aws:ec2:us-east-1:220479146103:subnet/subnet-0daec032e40e81f02",
            "assign_ipv6_address_on_creation": false,
            "availability_zone": "us-east-1a",
            "availability_zone_id": "use1-az2",
            "cidr_block": "10.10.0.96/28",
            "customer_owned_ipv4_pool": "",
            "enable_dns64": false,
            "enable_lni_at_device_index": 0,
            "enable_resource_name_dns_a_record_on_launch": false,
            "enable_resource_name_dns_aaaa_record_on_launch": false,
            "id": "subnet-0daec032e40e81f02",
            "ipv6_cidr_block": "",
            "ipv6_cidr_block_association_id": "",
            "ipv6_native": false,
            "map_customer_owned_ip_on_launch": false,
            "map_public_ip_on_launch": false,
            "outpost_arn": "",
            "owner_id": "220479146103",
            "private_dns_hostname_type_on_launch": "ip-name",
            "tags": {
              "BudgetCode": "Deluxe",
              "Dept": "Deluxe",
              "Name": "Deluxe-D247-web-us-east-1a-1-dev",
              "Owner": "D247",
              "Project": "D247",
              "Stack": "DEV",
              "managed_by": "Terraform"
            },
            "tags_all": {
              "BudgetCode": "Deluxe",
              "Dept": "Deluxe",
              "Name": "Deluxe-D247-web-us-east-1a-1-dev",
              "Owner": "D247",
              "Project": "D247",
              "Stack": "DEV",
              "managed_by": "Terraform"
            },
            "timeouts": null,
            "vpc_id": "vpc-0a3dc468c3280fd48"
          },
          "sensitive_attributes": [],
          "private": "eyJlMmJmYjczMC1lY2FhLTExZTYtOGY4OC0zNDM2M2JjN2M0YzAiOnsiY3JlYXRlIjo2MDAwMDAwMDAwMDAsImRlbGV0ZSI6MTIwMDAwMDAwMDAwMH0sInNjaGVtYV92ZXJzaW9uIjoiMSJ9",
          "dependencies": [
            "aws_vpc.Main"
          ]
        },
        {
          "index_key": 1,
          "schema_version": 1,
          "attributes": {
            "arn": "arn:aws:ec2:us-east-1:220479146103:subnet/subnet-01597ae76b8282cf4",
            "assign_ipv6_address_on_creation": false,
            "availability_zone": "us-east-1a",
            "availability_zone_id": "use1-az2",
            "cidr_block": "10.10.0.128/28",
            "customer_owned_ipv4_pool": "",
            "enable_dns64": false,
            "enable_lni_at_device_index": 0,
            "enable_resource_name_dns_a_record_on_launch": false,
            "enable_resource_name_dns_aaaa_record_on_launch": false,
            "id": "subnet-01597ae76b8282cf4",
            "ipv6_cidr_block": "",
            "ipv6_cidr_block_association_id": "",
            "ipv6_native": false,
            "map_customer_owned_ip_on_launch": false,
            "map_public_ip_on_launch": false,
            "outpost_arn": "",
            "owner_id": "220479146103",
            "private_dns_hostname_type_on_launch": "ip-name",
            "tags": {
              "BudgetCode": "Deluxe",
              "Dept": "Deluxe",
              "Name": "Deluxe-D247-app-us-east-1a-1-dev",
              "Owner": "D247",
              "Project": "D247",
              "Stack": "DEV",
              "managed_by": "Terraform"
            },
            "tags_all": {
              "BudgetCode": "Deluxe",
              "Dept": "Deluxe",
              "Name": "Deluxe-D247-app-us-east-1a-1-dev",
              "Owner": "D247",
              "Project": "D247",
              "Stack": "DEV",
              "managed_by": "Terraform"
            },
            "timeouts": null,
            "vpc_id": "vpc-0a3dc468c3280fd48"
          },
          "sensitive_attributes": [],
          "private": "eyJlMmJmYjczMC1lY2FhLTExZTYtOGY4OC0zNDM2M2JjN2M0YzAiOnsiY3JlYXRlIjo2MDAwMDAwMDAwMDAsImRlbGV0ZSI6MTIwMDAwMDAwMDAwMH0sInNjaGVtYV92ZXJzaW9uIjoiMSJ9",
          "dependencies": [
            "aws_vpc.Main"
          ]
        },
        {
          "index_key": 2,
          "schema_version": 1,
          "attributes": {
            "arn": "arn:aws:ec2:us-east-1:220479146103:subnet/subnet-00d45106f056a75ca",
            "assign_ipv6_address_on_creation": false,
            "availability_zone": "us-east-1a",
            "availability_zone_id": "use1-az2",
            "cidr_block": "10.10.0.192/27",
            "customer_owned_ipv4_pool": "",
            "enable_dns64": false,
            "enable_lni_at_device_index": 0,
            "enable_resource_name_dns_a_record_on_launch": false,
            "enable_resource_name_dns_aaaa_record_on_launch": false,
            "id": "subnet-00d45106f056a75ca",
            "ipv6_cidr_block": "",
            "ipv6_cidr_block_association_id": "",
            "ipv6_native": false,
            "map_customer_owned_ip_on_launch": false,
            "map_public_ip_on_launch": false,
            "outpost_arn": "",
            "owner_id": "220479146103",
            "private_dns_hostname_type_on_launch": "ip-name",
            "tags": {
              "BudgetCode": "Deluxe",
              "Dept": "Deluxe",
              "Name": "Deluxe-D247-backoffice-us-east-1a-1-dev",
              "Owner": "D247",
              "Project": "D247",
              "Stack": "DEV",
              "managed_by": "Terraform"
            },
            "tags_all": {
              "BudgetCode": "Deluxe",
              "Dept": "Deluxe",
              "Name": "Deluxe-D247-backoffice-us-east-1a-1-dev",
              "Owner": "D247",
              "Project": "D247",
              "Stack": "DEV",
              "managed_by": "Terraform"
            },
            "timeouts": null,
            "vpc_id": "vpc-0a3dc468c3280fd48"
          },
          "sensitive_attributes": [],
          "private": "eyJlMmJmYjczMC1lY2FhLTExZTYtOGY4OC0zNDM2M2JjN2M0YzAiOnsiY3JlYXRlIjo2MDAwMDAwMDAwMDAsImRlbGV0ZSI6MTIwMDAwMDAwMDAwMH0sInNjaGVtYV92ZXJzaW9uIjoiMSJ9",
          "dependencies": [
            "aws_vpc.Main"
          ]
        },
        {
          "index_key": 3,
          "schema_version": 1,
          "attributes": {
            "arn": "arn:aws:ec2:us-east-1:220479146103:subnet/subnet-0e1b883936c6557a6",
            "assign_ipv6_address_on_creation": false,
            "availability_zone": "us-east-1a",
            "availability_zone_id": "use1-az2",
            "cidr_block": "10.10.0.160/28",
            "customer_owned_ipv4_pool": "",
            "enable_dns64": false,
            "enable_lni_at_device_index": 0,
            "enable_resource_name_dns_a_record_on_launch": false,
            "enable_resource_name_dns_aaaa_record_on_launch": false,
            "id": "subnet-0e1b883936c6557a6",
            "ipv6_cidr_block": "",
            "ipv6_cidr_block_association_id": "",
            "ipv6_native": false,
            "map_customer_owned_ip_on_launch": false,
            "map_public_ip_on_launch": false,
            "outpost_arn": "",
            "owner_id": "220479146103",
            "private_dns_hostname_type_on_launch": "ip-name",
            "tags": {
              "BudgetCode": "Deluxe",
              "Dept": "Deluxe",
              "Name": "Deluxe-D247-database-us-east-1a-1-dev",
              "Owner": "D247",
              "Project": "D247",
              "Stack": "DEV",
              "managed_by": "Terraform"
            },
            "tags_all": {
              "BudgetCode": "Deluxe",
              "Dept": "Deluxe",
              "Name": "Deluxe-D247-database-us-east-1a-1-dev",
              "Owner": "D247",
              "Project": "D247",
              "Stack": "DEV",
              "managed_by": "Terraform"
            },
            "timeouts": null,
            "vpc_id": "vpc-0a3dc468c3280fd48"
          },
          "sensitive_attributes": [],
          "private": "eyJlMmJmYjczMC1lY2FhLTExZTYtOGY4OC0zNDM2M2JjN2M0YzAiOnsiY3JlYXRlIjo2MDAwMDAwMDAwMDAsImRlbGV0ZSI6MTIwMDAwMDAwMDAwMH0sInNjaGVtYV92ZXJzaW9uIjoiMSJ9",
          "dependencies": [
            "aws_vpc.Main"
          ]
        },
        {
          "index_key": 4,
          "schema_version": 1,
          "attributes": {
            "arn": "arn:aws:ec2:us-east-1:220479146103:subnet/subnet-0f91ddbcbdd0202a7",
            "assign_ipv6_address_on_creation": false,
            "availability_zone": "us-east-1a",
            "availability_zone_id": "use1-az2",
            "cidr_block": "10.10.0.64/28",
            "customer_owned_ipv4_pool": "",
            "enable_dns64": false,
            "enable_lni_at_device_index": 0,
            "enable_resource_name_dns_a_record_on_launch": false,
            "enable_resource_name_dns_aaaa_record_on_launch": false,
            "id": "subnet-0f91ddbcbdd0202a7",
            "ipv6_cidr_block": "",
            "ipv6_cidr_block_association_id": "",
            "ipv6_native": false,
            "map_customer_owned_ip_on_launch": false,
            "map_public_ip_on_launch": false,
            "outpost_arn": "",
            "owner_id": "220479146103",
            "private_dns_hostname_type_on_launch": "ip-name",
            "tags": {
              "BudgetCode": "Deluxe",
              "Dept": "Deluxe",
              "Name": "Deluxe-D247-alb-us-east-1a-1-dev",
              "Owner": "D247",
              "Project": "D247",
              "Stack": "DEV",
              "managed_by": "Terraform"
            },
            "tags_all": {
              "BudgetCode": "Deluxe",
              "Dept": "Deluxe",
              "Name": "Deluxe-D247-alb-us-east-1a-1-dev",
              "Owner": "D247",
              "Project": "D247",
              "Stack": "DEV",
              "managed_by": "Terraform"
            },
            "timeouts": null,
            "vpc_id": "vpc-0a3dc468c3280fd48"
          },
          "sensitive_attributes": [],
          "private": "eyJlMmJmYjczMC1lY2FhLTExZTYtOGY4OC0zNDM2M2JjN2M0YzAiOnsiY3JlYXRlIjo2MDAwMDAwMDAwMDAsImRlbGV0ZSI6MTIwMDAwMDAwMDAwMH0sInNjaGVtYV92ZXJzaW9uIjoiMSJ9",
          "dependencies": [
            "aws_vpc.Main"
          ]
        },
        {
          "index_key": 5,
          "schema_version": 1,
          "attributes": {
            "arn": "arn:aws:ec2:us-east-1:220479146103:subnet/subnet-05f5a2b2d8155c8ce",
            "assign_ipv6_address_on_creation": false,
            "availability_zone": "us-east-1a",
            "availability_zone_id": "use1-az2",
            "cidr_block": "10.10.1.32/28",
            "customer_owned_ipv4_pool": "",
            "enable_dns64": false,
            "enable_lni_at_device_index": 0,
            "enable_resource_name_dns_a_record_on_launch": false,
            "enable_resource_name_dns_aaaa_record_on_launch": false,
            "id": "subnet-05f5a2b2d8155c8ce",
            "ipv6_cidr_block": "",
            "ipv6_cidr_block_association_id": "",
            "ipv6_native": false,
            "map_customer_owned_ip_on_launch": false,
            "map_public_ip_on_launch": false,
            "outpost_arn": "",
            "owner_id": "220479146103",
            "private_dns_hostname_type_on_launch": "ip-name",
            "tags": {
              "BudgetCode": "Deluxe",
              "Dept": "Deluxe",
              "Name": "Deluxe-D247-web-us-east-1a-1-dev",
              "Owner": "D247",
              "Project": "D247",
              "Stack": "DEV",
              "managed_by": "Terraform"
            },
            "tags_all": {
              "BudgetCode": "Deluxe",
              "Dept": "Deluxe",
              "Name": "Deluxe-D247-web-us-east-1a-1-dev",
              "Owner": "D247",
              "Project": "D247",
              "Stack": "DEV",
              "managed_by": "Terraform"
            },
            "timeouts": null,
            "vpc_id": "vpc-0a3dc468c3280fd48"
          },
          "sensitive_attributes": [],
          "private": "eyJlMmJmYjczMC1lY2FhLTExZTYtOGY4OC0zNDM2M2JjN2M0YzAiOnsiY3JlYXRlIjo2MDAwMDAwMDAwMDAsImRlbGV0ZSI6MTIwMDAwMDAwMDAwMH0sInNjaGVtYV92ZXJzaW9uIjoiMSJ9",
          "dependencies": [
            "aws_vpc.Main"
          ]
        },
        {
          "index_key": 6,
          "schema_version": 1,
          "attributes": {
            "arn": "arn:aws:ec2:us-east-1:220479146103:subnet/subnet-020108d1b2c079e10",
            "assign_ipv6_address_on_creation": false,
            "availability_zone": "us-east-1a",
            "availability_zone_id": "use1-az2",
            "cidr_block": "10.10.1.64/28",
            "customer_owned_ipv4_pool": "",
            "enable_dns64": false,
            "enable_lni_at_device_index": 0,
            "enable_resource_name_dns_a_record_on_launch": false,
            "enable_resource_name_dns_aaaa_record_on_launch": false,
            "id": "subnet-020108d1b2c079e10",
            "ipv6_cidr_block": "",
            "ipv6_cidr_block_association_id": "",
            "ipv6_native": false,
            "map_customer_owned_ip_on_launch": false,
            "map_public_ip_on_launch": false,
            "outpost_arn": "",
            "owner_id": "220479146103",
            "private_dns_hostname_type_on_launch": "ip-name",
            "tags": {
              "BudgetCode": "Deluxe",
              "Dept": "Deluxe",
              "Name": "Deluxe-D247-app-us-east-1a-1-dev",
              "Owner": "D247",
              "Project": "D247",
              "Stack": "DEV",
              "managed_by": "Terraform"
            },
            "tags_all": {
              "BudgetCode": "Deluxe",
              "Dept": "Deluxe",
              "Name": "Deluxe-D247-app-us-east-1a-1-dev",
              "Owner": "D247",
              "Project": "D247",
              "Stack": "DEV",
              "managed_by": "Terraform"
            },
            "timeouts": null,
            "vpc_id": "vpc-0a3dc468c3280fd48"
          },
          "sensitive_attributes": [],
          "private": "eyJlMmJmYjczMC1lY2FhLTExZTYtOGY4OC0zNDM2M2JjN2M0YzAiOnsiY3JlYXRlIjo2MDAwMDAwMDAwMDAsImRlbGV0ZSI6MTIwMDAwMDAwMDAwMH0sInNjaGVtYV92ZXJzaW9uIjoiMSJ9",
          "dependencies": [
            "aws_vpc.Main"
          ]
        },
        {
          "index_key": 7,
          "schema_version": 1,
          "attributes": {
            "arn": "arn:aws:ec2:us-east-1:220479146103:subnet/subnet-07de8a43cdbf9fe84",
            "assign_ipv6_address_on_creation": false,
            "availability_zone": "us-east-1a",
            "availability_zone_id": "use1-az2",
            "cidr_block": "10.10.1.128/27",
            "customer_owned_ipv4_pool": "",
            "enable_dns64": false,
            "enable_lni_at_device_index": 0,
            "enable_resource_name_dns_a_record_on_launch": false,
            "enable_resource_name_dns_aaaa_record_on_launch": false,
            "id": "subnet-07de8a43cdbf9fe84",
            "ipv6_cidr_block": "",
            "ipv6_cidr_block_association_id": "",
            "ipv6_native": false,
            "map_customer_owned_ip_on_launch": false,
            "map_public_ip_on_launch": false,
            "outpost_arn": "",
            "owner_id": "220479146103",
            "private_dns_hostname_type_on_launch": "ip-name",
            "tags": {
              "BudgetCode": "Deluxe",
              "Dept": "Deluxe",
              "Name": "Deluxe-D247-backoffice-us-east-1a-1-dev",
              "Owner": "D247",
              "Project": "D247",
              "Stack": "DEV",
              "managed_by": "Terraform"
            },
            "tags_all": {
              "BudgetCode": "Deluxe",
              "Dept": "Deluxe",
              "Name": "Deluxe-D247-backoffice-us-east-1a-1-dev",
              "Owner": "D247",
              "Project": "D247",
              "Stack": "DEV",
              "managed_by": "Terraform"
            },
            "timeouts": null,
            "vpc_id": "vpc-0a3dc468c3280fd48"
          },
          "sensitive_attributes": [],
          "private": "eyJlMmJmYjczMC1lY2FhLTExZTYtOGY4OC0zNDM2M2JjN2M0YzAiOnsiY3JlYXRlIjo2MDAwMDAwMDAwMDAsImRlbGV0ZSI6MTIwMDAwMDAwMDAwMH0sInNjaGVtYV92ZXJzaW9uIjoiMSJ9",
          "dependencies": [
            "aws_vpc.Main"
          ]
        },
        {
          "index_key": 8,
          "schema_version": 1,
          "attributes": {
            "arn": "arn:aws:ec2:us-east-1:220479146103:subnet/subnet-01d26b31fb16bf788",
            "assign_ipv6_address_on_creation": false,
            "availability_zone": "us-east-1a",
            "availability_zone_id": "use1-az2",
            "cidr_block": "10.10.1.96/28",
            "customer_owned_ipv4_pool": "",
            "enable_dns64": false,
            "enable_lni_at_device_index": 0,
            "enable_resource_name_dns_a_record_on_launch": false,
            "enable_resource_name_dns_aaaa_record_on_launch": false,
            "id": "subnet-01d26b31fb16bf788",
            "ipv6_cidr_block": "",
            "ipv6_cidr_block_association_id": "",
            "ipv6_native": false,
            "map_customer_owned_ip_on_launch": false,
            "map_public_ip_on_launch": false,
            "outpost_arn": "",
            "owner_id": "220479146103",
            "private_dns_hostname_type_on_launch": "ip-name",
            "tags": {
              "BudgetCode": "Deluxe",
              "Dept": "Deluxe",
              "Name": "Deluxe-D247-database-us-east-1a-1-dev",
              "Owner": "D247",
              "Project": "D247",
              "Stack": "DEV",
              "managed_by": "Terraform"
            },
            "tags_all": {
              "BudgetCode": "Deluxe",
              "Dept": "Deluxe",
              "Name": "Deluxe-D247-database-us-east-1a-1-dev",
              "Owner": "D247",
              "Project": "D247",
              "Stack": "DEV",
              "managed_by": "Terraform"
            },
            "timeouts": null,
            "vpc_id": "vpc-0a3dc468c3280fd48"
          },
          "sensitive_attributes": [],
          "private": "eyJlMmJmYjczMC1lY2FhLTExZTYtOGY4OC0zNDM2M2JjN2M0YzAiOnsiY3JlYXRlIjo2MDAwMDAwMDAwMDAsImRlbGV0ZSI6MTIwMDAwMDAwMDAwMH0sInNjaGVtYV92ZXJzaW9uIjoiMSJ9",
          "dependencies": [
            "aws_vpc.Main"
          ]
        },
        {
          "index_key": 9,
          "schema_version": 1,
          "attributes": {
            "arn": "arn:aws:ec2:us-east-1:220479146103:subnet/subnet-032003efdcdbcf76f",
            "assign_ipv6_address_on_creation": false,
            "availability_zone": "us-east-1a",
            "availability_zone_id": "use1-az2",
            "cidr_block": "10.10.1.0/28",
            "customer_owned_ipv4_pool": "",
            "enable_dns64": false,
            "enable_lni_at_device_index": 0,
            "enable_resource_name_dns_a_record_on_launch": false,
            "enable_resource_name_dns_aaaa_record_on_launch": false,
            "id": "subnet-032003efdcdbcf76f",
            "ipv6_cidr_block": "",
            "ipv6_cidr_block_association_id": "",
            "ipv6_native": false,
            "map_customer_owned_ip_on_launch": false,
            "map_public_ip_on_launch": false,
            "outpost_arn": "",
            "owner_id": "220479146103",
            "private_dns_hostname_type_on_launch": "ip-name",
            "tags": {
              "BudgetCode": "Deluxe",
              "Dept": "Deluxe",
              "Name": "Deluxe-D247-alb-us-east-1a-1-dev",
              "Owner": "D247",
              "Project": "D247",
              "Stack": "DEV",
              "managed_by": "Terraform"
            },
            "tags_all": {
              "BudgetCode": "Deluxe",
              "Dept": "Deluxe",
              "Name": "Deluxe-D247-alb-us-east-1a-1-dev",
              "Owner": "D247",
              "Project": "D247",
              "Stack": "DEV",
              "managed_by": "Terraform"
            },
            "timeouts": null,
            "vpc_id": "vpc-0a3dc468c3280fd48"
          },
          "sensitive_attributes": [],
          "private": "eyJlMmJmYjczMC1lY2FhLTExZTYtOGY4OC0zNDM2M2JjN2M0YzAiOnsiY3JlYXRlIjo2MDAwMDAwMDAwMDAsImRlbGV0ZSI6MTIwMDAwMDAwMDAwMH0sInNjaGVtYV92ZXJzaW9uIjoiMSJ9",
          "dependencies": [
            "aws_vpc.Main"
          ]
        },
        {
          "index_key": 10,
          "schema_version": 1,
          "attributes": {
            "arn": "arn:aws:ec2:us-east-1:220479146103:subnet/subnet-0b2acae5320ecae2d",
            "assign_ipv6_address_on_creation": false,
            "availability_zone": "us-east-1a",
            "availability_zone_id": "use1-az2",
            "cidr_block": "10.10.1.224/28",
            "customer_owned_ipv4_pool": "",
            "enable_dns64": false,
            "enable_lni_at_device_index": 0,
            "enable_resource_name_dns_a_record_on_launch": false,
            "enable_resource_name_dns_aaaa_record_on_launch": false,
            "id": "subnet-0b2acae5320ecae2d",
            "ipv6_cidr_block": "",
            "ipv6_cidr_block_association_id": "",
            "ipv6_native": false,
            "map_customer_owned_ip_on_launch": false,
            "map_public_ip_on_launch": false,
            "outpost_arn": "",
            "owner_id": "220479146103",
            "private_dns_hostname_type_on_launch": "ip-name",
            "tags": {
              "BudgetCode": "Deluxe",
              "Dept": "Deluxe",
              "Name": "Deluxe-D247-web-us-east-1a-1-dev",
              "Owner": "D247",
              "Project": "D247",
              "Stack": "DEV",
              "managed_by": "Terraform"
            },
            "tags_all": {
              "BudgetCode": "Deluxe",
              "Dept": "Deluxe",
              "Name": "Deluxe-D247-web-us-east-1a-1-dev",
              "Owner": "D247",
              "Project": "D247",
              "Stack": "DEV",
              "managed_by": "Terraform"
            },
            "timeouts": null,
            "vpc_id": "vpc-0a3dc468c3280fd48"
          },
          "sensitive_attributes": [],
          "private": "eyJlMmJmYjczMC1lY2FhLTExZTYtOGY4OC0zNDM2M2JjN2M0YzAiOnsiY3JlYXRlIjo2MDAwMDAwMDAwMDAsImRlbGV0ZSI6MTIwMDAwMDAwMDAwMH0sInNjaGVtYV92ZXJzaW9uIjoiMSJ9",
          "dependencies": [
            "aws_vpc.Main"
          ]
        },
        {
          "index_key": 11,
          "schema_version": 1,
          "attributes": {
            "arn": "arn:aws:ec2:us-east-1:220479146103:subnet/subnet-09939b7cb6104fc9a",
            "assign_ipv6_address_on_creation": false,
            "availability_zone": "us-east-1a",
            "availability_zone_id": "use1-az2",
            "cidr_block": "10.10.2.0/28",
            "customer_owned_ipv4_pool": "",
            "enable_dns64": false,
            "enable_lni_at_device_index": 0,
            "enable_resource_name_dns_a_record_on_launch": false,
            "enable_resource_name_dns_aaaa_record_on_launch": false,
            "id": "subnet-09939b7cb6104fc9a",
            "ipv6_cidr_block": "",
            "ipv6_cidr_block_association_id": "",
            "ipv6_native": false,
            "map_customer_owned_ip_on_launch": false,
            "map_public_ip_on_launch": false,
            "outpost_arn": "",
            "owner_id": "220479146103",
            "private_dns_hostname_type_on_launch": "ip-name",
            "tags": {
              "BudgetCode": "Deluxe",
              "Dept": "Deluxe",
              "Name": "Deluxe-D247-app-us-east-1a-1-dev",
              "Owner": "D247",
              "Project": "D247",
              "Stack": "DEV",
              "managed_by": "Terraform"
            },
            "tags_all": {
              "BudgetCode": "Deluxe",
              "Dept": "Deluxe",
              "Name": "Deluxe-D247-app-us-east-1a-1-dev",
              "Owner": "D247",
              "Project": "D247",
              "Stack": "DEV",
              "managed_by": "Terraform"
            },
            "timeouts": null,
            "vpc_id": "vpc-0a3dc468c3280fd48"
          },
          "sensitive_attributes": [],
          "private": "eyJlMmJmYjczMC1lY2FhLTExZTYtOGY4OC0zNDM2M2JjN2M0YzAiOnsiY3JlYXRlIjo2MDAwMDAwMDAwMDAsImRlbGV0ZSI6MTIwMDAwMDAwMDAwMH0sInNjaGVtYV92ZXJzaW9uIjoiMSJ9",
          "dependencies": [
            "aws_vpc.Main"
          ]
        },
        {
          "index_key": 12,
          "schema_version": 1,
          "attributes": {
            "arn": "arn:aws:ec2:us-east-1:220479146103:subnet/subnet-0462091192e7c91fd",
            "assign_ipv6_address_on_creation": false,
            "availability_zone": "us-east-1a",
            "availability_zone_id": "use1-az2",
            "cidr_block": "10.10.2.64/27",
            "customer_owned_ipv4_pool": "",
            "enable_dns64": false,
            "enable_lni_at_device_index": 0,
            "enable_resource_name_dns_a_record_on_launch": false,
            "enable_resource_name_dns_aaaa_record_on_launch": false,
            "id": "subnet-0462091192e7c91fd",
            "ipv6_cidr_block": "",
            "ipv6_cidr_block_association_id": "",
            "ipv6_native": false,
            "map_customer_owned_ip_on_launch": false,
            "map_public_ip_on_launch": false,
            "outpost_arn": "",
            "owner_id": "220479146103",
            "private_dns_hostname_type_on_launch": "ip-name",
            "tags": {
              "BudgetCode": "Deluxe",
              "Dept": "Deluxe",
              "Name": "Deluxe-D247-backoffice-us-east-1a-1-dev",
              "Owner": "D247",
              "Project": "D247",
              "Stack": "DEV",
              "managed_by": "Terraform"
            },
            "tags_all": {
              "BudgetCode": "Deluxe",
              "Dept": "Deluxe",
              "Name": "Deluxe-D247-backoffice-us-east-1a-1-dev",
              "Owner": "D247",
              "Project": "D247",
              "Stack": "DEV",
              "managed_by": "Terraform"
            },
            "timeouts": null,
            "vpc_id": "vpc-0a3dc468c3280fd48"
          },
          "sensitive_attributes": [],
          "private": "eyJlMmJmYjczMC1lY2FhLTExZTYtOGY4OC0zNDM2M2JjN2M0YzAiOnsiY3JlYXRlIjo2MDAwMDAwMDAwMDAsImRlbGV0ZSI6MTIwMDAwMDAwMDAwMH0sInNjaGVtYV92ZXJzaW9uIjoiMSJ9",
          "dependencies": [
            "aws_vpc.Main"
          ]
        },
        {
          "index_key": 13,
          "schema_version": 1,
          "attributes": {
            "arn": "arn:aws:ec2:us-east-1:220479146103:subnet/subnet-02a343e90a1b84d8b",
            "assign_ipv6_address_on_creation": false,
            "availability_zone": "us-east-1a",
            "availability_zone_id": "use1-az2",
            "cidr_block": "10.10.2.32/28",
            "customer_owned_ipv4_pool": "",
            "enable_dns64": false,
            "enable_lni_at_device_index": 0,
            "enable_resource_name_dns_a_record_on_launch": false,
            "enable_resource_name_dns_aaaa_record_on_launch": false,
            "id": "subnet-02a343e90a1b84d8b",
            "ipv6_cidr_block": "",
            "ipv6_cidr_block_association_id": "",
            "ipv6_native": false,
            "map_customer_owned_ip_on_launch": false,
            "map_public_ip_on_launch": false,
            "outpost_arn": "",
            "owner_id": "220479146103",
            "private_dns_hostname_type_on_launch": "ip-name",
            "tags": {
              "BudgetCode": "Deluxe",
              "Dept": "Deluxe",
              "Name": "Deluxe-D247-database-us-east-1a-1-dev",
              "Owner": "D247",
              "Project": "D247",
              "Stack": "DEV",
              "managed_by": "Terraform"
            },
            "tags_all": {
              "BudgetCode": "Deluxe",
              "Dept": "Deluxe",
              "Name": "Deluxe-D247-database-us-east-1a-1-dev",
              "Owner": "D247",
              "Project": "D247",
              "Stack": "DEV",
              "managed_by": "Terraform"
            },
            "timeouts": null,
            "vpc_id": "vpc-0a3dc468c3280fd48"
          },
          "sensitive_attributes": [],
          "private": "eyJlMmJmYjczMC1lY2FhLTExZTYtOGY4OC0zNDM2M2JjN2M0YzAiOnsiY3JlYXRlIjo2MDAwMDAwMDAwMDAsImRlbGV0ZSI6MTIwMDAwMDAwMDAwMH0sInNjaGVtYV92ZXJzaW9uIjoiMSJ9",
          "dependencies": [
            "aws_vpc.Main"
          ]
        },
        {
          "index_key": 14,
          "schema_version": 1,
          "attributes": {
            "arn": "arn:aws:ec2:us-east-1:220479146103:subnet/subnet-0044bb3c0d195968b",
            "assign_ipv6_address_on_creation": false,
            "availability_zone": "us-east-1a",
            "availability_zone_id": "use1-az2",
            "cidr_block": "10.10.1.192/28",
            "customer_owned_ipv4_pool": "",
            "enable_dns64": false,
            "enable_lni_at_device_index": 0,
            "enable_resource_name_dns_a_record_on_launch": false,
            "enable_resource_name_dns_aaaa_record_on_launch": false,
            "id": "subnet-0044bb3c0d195968b",
            "ipv6_cidr_block": "",
            "ipv6_cidr_block_association_id": "",
            "ipv6_native": false,
            "map_customer_owned_ip_on_launch": false,
            "map_public_ip_on_launch": false,
            "outpost_arn": "",
            "owner_id": "220479146103",
            "private_dns_hostname_type_on_launch": "ip-name",
            "tags": {
              "BudgetCode": "Deluxe",
              "Dept": "Deluxe",
              "Name": "Deluxe-D247-alb-us-east-1a-1-dev",
              "Owner": "D247",
              "Project": "D247",
              "Stack": "DEV",
              "managed_by": "Terraform"
            },
            "tags_all": {
              "BudgetCode": "Deluxe",
              "Dept": "Deluxe",
              "Name": "Deluxe-D247-alb-us-east-1a-1-dev",
              "Owner": "D247",
              "Project": "D247",
              "Stack": "DEV",
              "managed_by": "Terraform"
            },
            "timeouts": null,
            "vpc_id": "vpc-0a3dc468c3280fd48"
          },
          "sensitive_attributes": [],
          "private": "eyJlMmJmYjczMC1lY2FhLTExZTYtOGY4OC0zNDM2M2JjN2M0YzAiOnsiY3JlYXRlIjo2MDAwMDAwMDAwMDAsImRlbGV0ZSI6MTIwMDAwMDAwMDAwMH0sInNjaGVtYV92ZXJzaW9uIjoiMSJ9",
          "dependencies": [
            "aws_vpc.Main"
          ]
        },
        {
          "index_key": 15,
          "schema_version": 1,
          "attributes": {
            "arn": "arn:aws:ec2:us-east-1:220479146103:subnet/subnet-06ad89e33de1b4598",
            "assign_ipv6_address_on_creation": false,
            "availability_zone": "us-east-1a",
            "availability_zone_id": "use1-az2",
            "cidr_block": "10.10.2.160/28",
            "customer_owned_ipv4_pool": "",
            "enable_dns64": false,
            "enable_lni_at_device_index": 0,
            "enable_resource_name_dns_a_record_on_launch": false,
            "enable_resource_name_dns_aaaa_record_on_launch": false,
            "id": "subnet-06ad89e33de1b4598",
            "ipv6_cidr_block": "",
            "ipv6_cidr_block_association_id": "",
            "ipv6_native": false,
            "map_customer_owned_ip_on_launch": false,
            "map_public_ip_on_launch": false,
            "outpost_arn": "",
            "owner_id": "220479146103",
            "private_dns_hostname_type_on_launch": "ip-name",
            "tags": {
              "BudgetCode": "Deluxe",
              "Dept": "Deluxe",
              "Name": "Deluxe-D247-web-us-east-1a-1-dev",
              "Owner": "D247",
              "Project": "D247",
              "Stack": "DEV",
              "managed_by": "Terraform"
            },
            "tags_all": {
              "BudgetCode": "Deluxe",
              "Dept": "Deluxe",
              "Name": "Deluxe-D247-web-us-east-1a-1-dev",
              "Owner": "D247",
              "Project": "D247",
              "Stack": "DEV",
              "managed_by": "Terraform"
            },
            "timeouts": null,
            "vpc_id": "vpc-0a3dc468c3280fd48"
          },
          "sensitive_attributes": [],
          "private": "eyJlMmJmYjczMC1lY2FhLTExZTYtOGY4OC0zNDM2M2JjN2M0YzAiOnsiY3JlYXRlIjo2MDAwMDAwMDAwMDAsImRlbGV0ZSI6MTIwMDAwMDAwMDAwMH0sInNjaGVtYV92ZXJzaW9uIjoiMSJ9",
          "dependencies": [
            "aws_vpc.Main"
          ]
        },
        {
          "index_key": 16,
          "schema_version": 1,
          "attributes": {
            "arn": "arn:aws:ec2:us-east-1:220479146103:subnet/subnet-005257d7d78b021eb",
            "assign_ipv6_address_on_creation": false,
            "availability_zone": "us-east-1a",
            "availability_zone_id": "use1-az2",
            "cidr_block": "10.10.2.192/28",
            "customer_owned_ipv4_pool": "",
            "enable_dns64": false,
            "enable_lni_at_device_index": 0,
            "enable_resource_name_dns_a_record_on_launch": false,
            "enable_resource_name_dns_aaaa_record_on_launch": false,
            "id": "subnet-005257d7d78b021eb",
            "ipv6_cidr_block": "",
            "ipv6_cidr_block_association_id": "",
            "ipv6_native": false,
            "map_customer_owned_ip_on_launch": false,
            "map_public_ip_on_launch": false,
            "outpost_arn": "",
            "owner_id": "220479146103",
            "private_dns_hostname_type_on_launch": "ip-name",
            "tags": {
              "BudgetCode": "Deluxe",
              "Dept": "Deluxe",
              "Name": "Deluxe-D247-app-us-east-1a-1-dev",
              "Owner": "D247",
              "Project": "D247",
              "Stack": "DEV",
              "managed_by": "Terraform"
            },
            "tags_all": {
              "BudgetCode": "Deluxe",
              "Dept": "Deluxe",
              "Name": "Deluxe-D247-app-us-east-1a-1-dev",
              "Owner": "D247",
              "Project": "D247",
              "Stack": "DEV",
              "managed_by": "Terraform"
            },
            "timeouts": null,
            "vpc_id": "vpc-0a3dc468c3280fd48"
          },
          "sensitive_attributes": [],
          "private": "eyJlMmJmYjczMC1lY2FhLTExZTYtOGY4OC0zNDM2M2JjN2M0YzAiOnsiY3JlYXRlIjo2MDAwMDAwMDAwMDAsImRlbGV0ZSI6MTIwMDAwMDAwMDAwMH0sInNjaGVtYV92ZXJzaW9uIjoiMSJ9",
          "dependencies": [
            "aws_vpc.Main"
          ]
        },
        {
          "index_key": 17,
          "schema_version": 1,
          "attributes": {
            "arn": "arn:aws:ec2:us-east-1:220479146103:subnet/subnet-0c93491d81cfffd36",
            "assign_ipv6_address_on_creation": false,
            "availability_zone": "us-east-1a",
            "availability_zone_id": "use1-az2",
            "cidr_block": "10.10.3.0/27",
            "customer_owned_ipv4_pool": "",
            "enable_dns64": false,
            "enable_lni_at_device_index": 0,
            "enable_resource_name_dns_a_record_on_launch": false,
            "enable_resource_name_dns_aaaa_record_on_launch": false,
            "id": "subnet-0c93491d81cfffd36",
            "ipv6_cidr_block": "",
            "ipv6_cidr_block_association_id": "",
            "ipv6_native": false,
            "map_customer_owned_ip_on_launch": false,
            "map_public_ip_on_launch": false,
            "outpost_arn": "",
            "owner_id": "220479146103",
            "private_dns_hostname_type_on_launch": "ip-name",
            "tags": {
              "BudgetCode": "Deluxe",
              "Dept": "Deluxe",
              "Name": "Deluxe-D247-backoffice-us-east-1a-1-dev",
              "Owner": "D247",
              "Project": "D247",
              "Stack": "DEV",
              "managed_by": "Terraform"
            },
            "tags_all": {
              "BudgetCode": "Deluxe",
              "Dept": "Deluxe",
              "Name": "Deluxe-D247-backoffice-us-east-1a-1-dev",
              "Owner": "D247",
              "Project": "D247",
              "Stack": "DEV",
              "managed_by": "Terraform"
            },
            "timeouts": null,
            "vpc_id": "vpc-0a3dc468c3280fd48"
          },
          "sensitive_attributes": [],
          "private": "eyJlMmJmYjczMC1lY2FhLTExZTYtOGY4OC0zNDM2M2JjN2M0YzAiOnsiY3JlYXRlIjo2MDAwMDAwMDAwMDAsImRlbGV0ZSI6MTIwMDAwMDAwMDAwMH0sInNjaGVtYV92ZXJzaW9uIjoiMSJ9",
          "dependencies": [
            "aws_vpc.Main"
          ]
        },
        {
          "index_key": 18,
          "schema_version": 1,
          "attributes": {
            "arn": "arn:aws:ec2:us-east-1:220479146103:subnet/subnet-0181736263cc64fb6",
            "assign_ipv6_address_on_creation": false,
            "availability_zone": "us-east-1a",
            "availability_zone_id": "use1-az2",
            "cidr_block": "10.10.2.224/28",
            "customer_owned_ipv4_pool": "",
            "enable_dns64": false,
            "enable_lni_at_device_index": 0,
            "enable_resource_name_dns_a_record_on_launch": false,
            "enable_resource_name_dns_aaaa_record_on_launch": false,
            "id": "subnet-0181736263cc64fb6",
            "ipv6_cidr_block": "",
            "ipv6_cidr_block_association_id": "",
            "ipv6_native": false,
            "map_customer_owned_ip_on_launch": false,
            "map_public_ip_on_launch": false,
            "outpost_arn": "",
            "owner_id": "220479146103",
            "private_dns_hostname_type_on_launch": "ip-name",
            "tags": {
              "BudgetCode": "Deluxe",
              "Dept": "Deluxe",
              "Name": "Deluxe-D247-database-us-east-1a-1-dev",
              "Owner": "D247",
              "Project": "D247",
              "Stack": "DEV",
              "managed_by": "Terraform"
            },
            "tags_all": {
              "BudgetCode": "Deluxe",
              "Dept": "Deluxe",
              "Name": "Deluxe-D247-database-us-east-1a-1-dev",
              "Owner": "D247",
              "Project": "D247",
              "Stack": "DEV",
              "managed_by": "Terraform"
            },
            "timeouts": null,
            "vpc_id": "vpc-0a3dc468c3280fd48"
          },
          "sensitive_attributes": [],
          "private": "eyJlMmJmYjczMC1lY2FhLTExZTYtOGY4OC0zNDM2M2JjN2M0YzAiOnsiY3JlYXRlIjo2MDAwMDAwMDAwMDAsImRlbGV0ZSI6MTIwMDAwMDAwMDAwMH0sInNjaGVtYV92ZXJzaW9uIjoiMSJ9",
          "dependencies": [
            "aws_vpc.Main"
          ]
        },
        {
          "index_key": 19,
          "schema_version": 1,
          "attributes": {
            "arn": "arn:aws:ec2:us-east-1:220479146103:subnet/subnet-053f9adf1050b60bc",
            "assign_ipv6_address_on_creation": false,
            "availability_zone": "us-east-1a",
            "availability_zone_id": "use1-az2",
            "cidr_block": "10.10.2.128/28",
            "customer_owned_ipv4_pool": "",
            "enable_dns64": false,
            "enable_lni_at_device_index": 0,
            "enable_resource_name_dns_a_record_on_launch": false,
            "enable_resource_name_dns_aaaa_record_on_launch": false,
            "id": "subnet-053f9adf1050b60bc",
            "ipv6_cidr_block": "",
            "ipv6_cidr_block_association_id": "",
            "ipv6_native": false,
            "map_customer_owned_ip_on_launch": false,
            "map_public_ip_on_launch": false,
            "outpost_arn": "",
            "owner_id": "220479146103",
            "private_dns_hostname_type_on_launch": "ip-name",
            "tags": {
              "BudgetCode": "Deluxe",
              "Dept": "Deluxe",
              "Name": "Deluxe-D247-alb-us-east-1a-1-dev",
              "Owner": "D247",
              "Project": "D247",
              "Stack": "DEV",
              "managed_by": "Terraform"
            },
            "tags_all": {
              "BudgetCode": "Deluxe",
              "Dept": "Deluxe",
              "Name": "Deluxe-D247-alb-us-east-1a-1-dev",
              "Owner": "D247",
              "Project": "D247",
              "Stack": "DEV",
              "managed_by": "Terraform"
            },
            "timeouts": null,
            "vpc_id": "vpc-0a3dc468c3280fd48"
          },
          "sensitive_attributes": [],
          "private": "eyJlMmJmYjczMC1lY2FhLTExZTYtOGY4OC0zNDM2M2JjN2M0YzAiOnsiY3JlYXRlIjo2MDAwMDAwMDAwMDAsImRlbGV0ZSI6MTIwMDAwMDAwMDAwMH0sInNjaGVtYV92ZXJzaW9uIjoiMSJ9",
          "dependencies": [
            "aws_vpc.Main"
          ]
        },
        {
          "index_key": 20,
          "schema_version": 1,
          "attributes": {
            "arn": "arn:aws:ec2:us-east-1:220479146103:subnet/subnet-070377687422ad1cf",
            "assign_ipv6_address_on_creation": false,
            "availability_zone": "us-east-1a",
            "availability_zone_id": "use1-az2",
            "cidr_block": "10.10.3.96/28",
            "customer_owned_ipv4_pool": "",
            "enable_dns64": false,
            "enable_lni_at_device_index": 0,
            "enable_resource_name_dns_a_record_on_launch": false,
            "enable_resource_name_dns_aaaa_record_on_launch": false,
            "id": "subnet-070377687422ad1cf",
            "ipv6_cidr_block": "",
            "ipv6_cidr_block_association_id": "",
            "ipv6_native": false,
            "map_customer_owned_ip_on_launch": false,
            "map_public_ip_on_launch": false,
            "outpost_arn": "",
            "owner_id": "220479146103",
            "private_dns_hostname_type_on_launch": "ip-name",
            "tags": {
              "BudgetCode": "Deluxe",
              "Dept": "Deluxe",
              "Name": "Deluxe-D247-web-us-east-1a-1-dev",
              "Owner": "D247",
              "Project": "D247",
              "Stack": "DEV",
              "managed_by": "Terraform"
            },
            "tags_all": {
              "BudgetCode": "Deluxe",
              "Dept": "Deluxe",
              "Name": "Deluxe-D247-web-us-east-1a-1-dev",
              "Owner": "D247",
              "Project": "D247",
              "Stack": "DEV",
              "managed_by": "Terraform"
            },
            "timeouts": null,
            "vpc_id": "vpc-0a3dc468c3280fd48"
          },
          "sensitive_attributes": [],
          "private": "eyJlMmJmYjczMC1lY2FhLTExZTYtOGY4OC0zNDM2M2JjN2M0YzAiOnsiY3JlYXRlIjo2MDAwMDAwMDAwMDAsImRlbGV0ZSI6MTIwMDAwMDAwMDAwMH0sInNjaGVtYV92ZXJzaW9uIjoiMSJ9",
          "dependencies": [
            "aws_vpc.Main"
          ]
        },
        {
          "index_key": 21,
          "schema_version": 1,
          "attributes": {
            "arn": "arn:aws:ec2:us-east-1:220479146103:subnet/subnet-010f07f5c0bbd0df9",
            "assign_ipv6_address_on_creation": false,
            "availability_zone": "us-east-1a",
            "availability_zone_id": "use1-az2",
            "cidr_block": "10.10.3.128/28",
            "customer_owned_ipv4_pool": "",
            "enable_dns64": false,
            "enable_lni_at_device_index": 0,
            "enable_resource_name_dns_a_record_on_launch": false,
            "enable_resource_name_dns_aaaa_record_on_launch": false,
            "id": "subnet-010f07f5c0bbd0df9",
            "ipv6_cidr_block": "",
            "ipv6_cidr_block_association_id": "",
            "ipv6_native": false,
            "map_customer_owned_ip_on_launch": false,
            "map_public_ip_on_launch": false,
            "outpost_arn": "",
            "owner_id": "220479146103",
            "private_dns_hostname_type_on_launch": "ip-name",
            "tags": {
              "BudgetCode": "Deluxe",
              "Dept": "Deluxe",
              "Name": "Deluxe-D247-app-us-east-1a-1-dev",
              "Owner": "D247",
              "Project": "D247",
              "Stack": "DEV",
              "managed_by": "Terraform"
            },
            "tags_all": {
              "BudgetCode": "Deluxe",
              "Dept": "Deluxe",
              "Name": "Deluxe-D247-app-us-east-1a-1-dev",
              "Owner": "D247",
              "Project": "D247",
              "Stack": "DEV",
              "managed_by": "Terraform"
            },
            "timeouts": null,
            "vpc_id": "vpc-0a3dc468c3280fd48"
          },
          "sensitive_attributes": [],
          "private": "eyJlMmJmYjczMC1lY2FhLTExZTYtOGY4OC0zNDM2M2JjN2M0YzAiOnsiY3JlYXRlIjo2MDAwMDAwMDAwMDAsImRlbGV0ZSI6MTIwMDAwMDAwMDAwMH0sInNjaGVtYV92ZXJzaW9uIjoiMSJ9",
          "dependencies": [
            "aws_vpc.Main"
          ]
        },
        {
          "index_key": 22,
          "schema_version": 1,
          "attributes": {
            "arn": "arn:aws:ec2:us-east-1:220479146103:subnet/subnet-060a9e1ffb72b6dd6",
            "assign_ipv6_address_on_creation": false,
            "availability_zone": "us-east-1a",
            "availability_zone_id": "use1-az2",
            "cidr_block": "10.10.3.192/27",
            "customer_owned_ipv4_pool": "",
            "enable_dns64": false,
            "enable_lni_at_device_index": 0,
            "enable_resource_name_dns_a_record_on_launch": false,
            "enable_resource_name_dns_aaaa_record_on_launch": false,
            "id": "subnet-060a9e1ffb72b6dd6",
            "ipv6_cidr_block": "",
            "ipv6_cidr_block_association_id": "",
            "ipv6_native": false,
            "map_customer_owned_ip_on_launch": false,
            "map_public_ip_on_launch": false,
            "outpost_arn": "",
            "owner_id": "220479146103",
            "private_dns_hostname_type_on_launch": "ip-name",
            "tags": {
              "BudgetCode": "Deluxe",
              "Dept": "Deluxe",
              "Name": "Deluxe-D247-backoffice-us-east-1a-1-dev",
              "Owner": "D247",
              "Project": "D247",
              "Stack": "DEV",
              "managed_by": "Terraform"
            },
            "tags_all": {
              "BudgetCode": "Deluxe",
              "Dept": "Deluxe",
              "Name": "Deluxe-D247-backoffice-us-east-1a-1-dev",
              "Owner": "D247",
              "Project": "D247",
              "Stack": "DEV",
              "managed_by": "Terraform"
            },
            "timeouts": null,
            "vpc_id": "vpc-0a3dc468c3280fd48"
          },
          "sensitive_attributes": [],
          "private": "eyJlMmJmYjczMC1lY2FhLTExZTYtOGY4OC0zNDM2M2JjN2M0YzAiOnsiY3JlYXRlIjo2MDAwMDAwMDAwMDAsImRlbGV0ZSI6MTIwMDAwMDAwMDAwMH0sInNjaGVtYV92ZXJzaW9uIjoiMSJ9",
          "dependencies": [
            "aws_vpc.Main"
          ]
        },
        {
          "index_key": 23,
          "schema_version": 1,
          "attributes": {
            "arn": "arn:aws:ec2:us-east-1:220479146103:subnet/subnet-07ef681df758e1587",
            "assign_ipv6_address_on_creation": false,
            "availability_zone": "us-east-1a",
            "availability_zone_id": "use1-az2",
            "cidr_block": "10.10.3.160/28",
            "customer_owned_ipv4_pool": "",
            "enable_dns64": false,
            "enable_lni_at_device_index": 0,
            "enable_resource_name_dns_a_record_on_launch": false,
            "enable_resource_name_dns_aaaa_record_on_launch": false,
            "id": "subnet-07ef681df758e1587",
            "ipv6_cidr_block": "",
            "ipv6_cidr_block_association_id": "",
            "ipv6_native": false,
            "map_customer_owned_ip_on_launch": false,
            "map_public_ip_on_launch": false,
            "outpost_arn": "",
            "owner_id": "220479146103",
            "private_dns_hostname_type_on_launch": "ip-name",
            "tags": {
              "BudgetCode": "Deluxe",
              "Dept": "Deluxe",
              "Name": "Deluxe-D247-database-us-east-1a-1-dev",
              "Owner": "D247",
              "Project": "D247",
              "Stack": "DEV",
              "managed_by": "Terraform"
            },
            "tags_all": {
              "BudgetCode": "Deluxe",
              "Dept": "Deluxe",
              "Name": "Deluxe-D247-database-us-east-1a-1-dev",
              "Owner": "D247",
              "Project": "D247",
              "Stack": "DEV",
              "managed_by": "Terraform"
            },
            "timeouts": null,
            "vpc_id": "vpc-0a3dc468c3280fd48"
          },
          "sensitive_attributes": [],
          "private": "eyJlMmJmYjczMC1lY2FhLTExZTYtOGY4OC0zNDM2M2JjN2M0YzAiOnsiY3JlYXRlIjo2MDAwMDAwMDAwMDAsImRlbGV0ZSI6MTIwMDAwMDAwMDAwMH0sInNjaGVtYV92ZXJzaW9uIjoiMSJ9",
          "dependencies": [
            "aws_vpc.Main"
          ]
        },
        {
          "index_key": 24,
          "schema_version": 1,
          "attributes": {
            "arn": "arn:aws:ec2:us-east-1:220479146103:subnet/subnet-06a797227f1dfccff",
            "assign_ipv6_address_on_creation": false,
            "availability_zone": "us-east-1a",
            "availability_zone_id": "use1-az2",
            "cidr_block": "10.10.3.64/28",
            "customer_owned_ipv4_pool": "",
            "enable_dns64": false,
            "enable_lni_at_device_index": 0,
            "enable_resource_name_dns_a_record_on_launch": false,
            "enable_resource_name_dns_aaaa_record_on_launch": false,
            "id": "subnet-06a797227f1dfccff",
            "ipv6_cidr_block": "",
            "ipv6_cidr_block_association_id": "",
            "ipv6_native": false,
            "map_customer_owned_ip_on_launch": false,
            "map_public_ip_on_launch": false,
            "outpost_arn": "",
            "owner_id": "220479146103",
            "private_dns_hostname_type_on_launch": "ip-name",
            "tags": {
              "BudgetCode": "Deluxe",
              "Dept": "Deluxe",
              "Name": "Deluxe-D247-alb-us-east-1a-1-dev",
              "Owner": "D247",
              "Project": "D247",
              "Stack": "DEV",
              "managed_by": "Terraform"
            },
            "tags_all": {
              "BudgetCode": "Deluxe",
              "Dept": "Deluxe",
              "Name": "Deluxe-D247-alb-us-east-1a-1-dev",
              "Owner": "D247",
              "Project": "D247",
              "Stack": "DEV",
              "managed_by": "Terraform"
            },
            "timeouts": null,
            "vpc_id": "vpc-0a3dc468c3280fd48"
          },
          "sensitive_attributes": [],
          "private": "eyJlMmJmYjczMC1lY2FhLTExZTYtOGY4OC0zNDM2M2JjN2M0YzAiOnsiY3JlYXRlIjo2MDAwMDAwMDAwMDAsImRlbGV0ZSI6MTIwMDAwMDAwMDAwMH0sInNjaGVtYV92ZXJzaW9uIjoiMSJ9",
          "dependencies": [
            "aws_vpc.Main"
          ]
        }
      ]
    },
    {
      "mode": "managed",
      "type": "aws_subnet",
      "name": "private_subnets_az2",
      "provider": "provider[\"registry.terraform.io/hashicorp/aws\"]",
      "instances": [
        {
          "index_key": 0,
          "schema_version": 1,
          "attributes": {
            "arn": "arn:aws:ec2:us-east-1:220479146103:subnet/subnet-0c2145d24e020e323",
            "assign_ipv6_address_on_creation": false,
            "availability_zone": "us-east-1b",
            "availability_zone_id": "use1-az4",
            "cidr_block": "10.10.0.112/28",
            "customer_owned_ipv4_pool": "",
            "enable_dns64": false,
            "enable_lni_at_device_index": 0,
            "enable_resource_name_dns_a_record_on_launch": false,
            "enable_resource_name_dns_aaaa_record_on_launch": false,
            "id": "subnet-0c2145d24e020e323",
            "ipv6_cidr_block": "",
            "ipv6_cidr_block_association_id": "",
            "ipv6_native": false,
            "map_customer_owned_ip_on_launch": false,
            "map_public_ip_on_launch": false,
            "outpost_arn": "",
            "owner_id": "220479146103",
            "private_dns_hostname_type_on_launch": "ip-name",
            "tags": {
              "BudgetCode": "Deluxe",
              "Dept": "Deluxe",
              "Name": "Deluxe-D247-web-us-east-1b-1-dev",
              "Owner": "D247",
              "Project": "D247",
              "Stack": "DEV",
              "managed_by": "Terraform"
            },
            "tags_all": {
              "BudgetCode": "Deluxe",
              "Dept": "Deluxe",
              "Name": "Deluxe-D247-web-us-east-1b-1-dev",
              "Owner": "D247",
              "Project": "D247",
              "Stack": "DEV",
              "managed_by": "Terraform"
            },
            "timeouts": null,
            "vpc_id": "vpc-0a3dc468c3280fd48"
          },
          "sensitive_attributes": [],
          "private": "eyJlMmJmYjczMC1lY2FhLTExZTYtOGY4OC0zNDM2M2JjN2M0YzAiOnsiY3JlYXRlIjo2MDAwMDAwMDAwMDAsImRlbGV0ZSI6MTIwMDAwMDAwMDAwMH0sInNjaGVtYV92ZXJzaW9uIjoiMSJ9",
          "dependencies": [
            "aws_vpc.Main"
          ]
        },
        {
          "index_key": 1,
          "schema_version": 1,
          "attributes": {
            "arn": "arn:aws:ec2:us-east-1:220479146103:subnet/subnet-0f98a0ec93e2bad26",
            "assign_ipv6_address_on_creation": false,
            "availability_zone": "us-east-1b",
            "availability_zone_id": "use1-az4",
            "cidr_block": "10.10.0.144/28",
            "customer_owned_ipv4_pool": "",
            "enable_dns64": false,
            "enable_lni_at_device_index": 0,
            "enable_resource_name_dns_a_record_on_launch": false,
            "enable_resource_name_dns_aaaa_record_on_launch": false,
            "id": "subnet-0f98a0ec93e2bad26",
            "ipv6_cidr_block": "",
            "ipv6_cidr_block_association_id": "",
            "ipv6_native": false,
            "map_customer_owned_ip_on_launch": false,
            "map_public_ip_on_launch": false,
            "outpost_arn": "",
            "owner_id": "220479146103",
            "private_dns_hostname_type_on_launch": "ip-name",
            "tags": {
              "BudgetCode": "Deluxe",
              "Dept": "Deluxe",
              "Name": "Deluxe-D247-app-us-east-1b-1-dev",
              "Owner": "D247",
              "Project": "D247",
              "Stack": "DEV",
              "managed_by": "Terraform"
            },
            "tags_all": {
              "BudgetCode": "Deluxe",
              "Dept": "Deluxe",
              "Name": "Deluxe-D247-app-us-east-1b-1-dev",
              "Owner": "D247",
              "Project": "D247",
              "Stack": "DEV",
              "managed_by": "Terraform"
            },
            "timeouts": null,
            "vpc_id": "vpc-0a3dc468c3280fd48"
          },
          "sensitive_attributes": [],
          "private": "eyJlMmJmYjczMC1lY2FhLTExZTYtOGY4OC0zNDM2M2JjN2M0YzAiOnsiY3JlYXRlIjo2MDAwMDAwMDAwMDAsImRlbGV0ZSI6MTIwMDAwMDAwMDAwMH0sInNjaGVtYV92ZXJzaW9uIjoiMSJ9",
          "dependencies": [
            "aws_vpc.Main"
          ]
        },
        {
          "index_key": 2,
          "schema_version": 1,
          "attributes": {
            "arn": "arn:aws:ec2:us-east-1:220479146103:subnet/subnet-03387a9d0381e5296",
            "assign_ipv6_address_on_creation": false,
            "availability_zone": "us-east-1b",
            "availability_zone_id": "use1-az4",
            "cidr_block": "10.10.0.224/27",
            "customer_owned_ipv4_pool": "",
            "enable_dns64": false,
            "enable_lni_at_device_index": 0,
            "enable_resource_name_dns_a_record_on_launch": false,
            "enable_resource_name_dns_aaaa_record_on_launch": false,
            "id": "subnet-03387a9d0381e5296",
            "ipv6_cidr_block": "",
            "ipv6_cidr_block_association_id": "",
            "ipv6_native": false,
            "map_customer_owned_ip_on_launch": false,
            "map_public_ip_on_launch": false,
            "outpost_arn": "",
            "owner_id": "220479146103",
            "private_dns_hostname_type_on_launch": "ip-name",
            "tags": {
              "BudgetCode": "Deluxe",
              "Dept": "Deluxe",
              "Name": "Deluxe-D247-backoffice-us-east-1b-1-dev",
              "Owner": "D247",
              "Project": "D247",
              "Stack": "DEV",
              "managed_by": "Terraform"
            },
            "tags_all": {
              "BudgetCode": "Deluxe",
              "Dept": "Deluxe",
              "Name": "Deluxe-D247-backoffice-us-east-1b-1-dev",
              "Owner": "D247",
              "Project": "D247",
              "Stack": "DEV",
              "managed_by": "Terraform"
            },
            "timeouts": null,
            "vpc_id": "vpc-0a3dc468c3280fd48"
          },
          "sensitive_attributes": [],
          "private": "eyJlMmJmYjczMC1lY2FhLTExZTYtOGY4OC0zNDM2M2JjN2M0YzAiOnsiY3JlYXRlIjo2MDAwMDAwMDAwMDAsImRlbGV0ZSI6MTIwMDAwMDAwMDAwMH0sInNjaGVtYV92ZXJzaW9uIjoiMSJ9",
          "dependencies": [
            "aws_vpc.Main"
          ]
        },
        {
          "index_key": 3,
          "schema_version": 1,
          "attributes": {
            "arn": "arn:aws:ec2:us-east-1:220479146103:subnet/subnet-03099f2bae47db8f8",
            "assign_ipv6_address_on_creation": false,
            "availability_zone": "us-east-1b",
            "availability_zone_id": "use1-az4",
            "cidr_block": "10.10.0.176/28",
            "customer_owned_ipv4_pool": "",
            "enable_dns64": false,
            "enable_lni_at_device_index": 0,
            "enable_resource_name_dns_a_record_on_launch": false,
            "enable_resource_name_dns_aaaa_record_on_launch": false,
            "id": "subnet-03099f2bae47db8f8",
            "ipv6_cidr_block": "",
            "ipv6_cidr_block_association_id": "",
            "ipv6_native": false,
            "map_customer_owned_ip_on_launch": false,
            "map_public_ip_on_launch": false,
            "outpost_arn": "",
            "owner_id": "220479146103",
            "private_dns_hostname_type_on_launch": "ip-name",
            "tags": {
              "BudgetCode": "Deluxe",
              "Dept": "Deluxe",
              "Name": "Deluxe-D247-database-us-east-1b-1-dev",
              "Owner": "D247",
              "Project": "D247",
              "Stack": "DEV",
              "managed_by": "Terraform"
            },
            "tags_all": {
              "BudgetCode": "Deluxe",
              "Dept": "Deluxe",
              "Name": "Deluxe-D247-database-us-east-1b-1-dev",
              "Owner": "D247",
              "Project": "D247",
              "Stack": "DEV",
              "managed_by": "Terraform"
            },
            "timeouts": null,
            "vpc_id": "vpc-0a3dc468c3280fd48"
          },
          "sensitive_attributes": [],
          "private": "eyJlMmJmYjczMC1lY2FhLTExZTYtOGY4OC0zNDM2M2JjN2M0YzAiOnsiY3JlYXRlIjo2MDAwMDAwMDAwMDAsImRlbGV0ZSI6MTIwMDAwMDAwMDAwMH0sInNjaGVtYV92ZXJzaW9uIjoiMSJ9",
          "dependencies": [
            "aws_vpc.Main"
          ]
        },
        {
          "index_key": 4,
          "schema_version": 1,
          "attributes": {
            "arn": "arn:aws:ec2:us-east-1:220479146103:subnet/subnet-0986069b5d970a815",
            "assign_ipv6_address_on_creation": false,
            "availability_zone": "us-east-1b",
            "availability_zone_id": "use1-az4",
            "cidr_block": "10.10.0.80/28",
            "customer_owned_ipv4_pool": "",
            "enable_dns64": false,
            "enable_lni_at_device_index": 0,
            "enable_resource_name_dns_a_record_on_launch": false,
            "enable_resource_name_dns_aaaa_record_on_launch": false,
            "id": "subnet-0986069b5d970a815",
            "ipv6_cidr_block": "",
            "ipv6_cidr_block_association_id": "",
            "ipv6_native": false,
            "map_customer_owned_ip_on_launch": false,
            "map_public_ip_on_launch": false,
            "outpost_arn": "",
            "owner_id": "220479146103",
            "private_dns_hostname_type_on_launch": "ip-name",
            "tags": {
              "BudgetCode": "Deluxe",
              "Dept": "Deluxe",
              "Name": "Deluxe-D247-alb-us-east-1b-1-dev",
              "Owner": "D247",
              "Project": "D247",
              "Stack": "DEV",
              "managed_by": "Terraform"
            },
            "tags_all": {
              "BudgetCode": "Deluxe",
              "Dept": "Deluxe",
              "Name": "Deluxe-D247-alb-us-east-1b-1-dev",
              "Owner": "D247",
              "Project": "D247",
              "Stack": "DEV",
              "managed_by": "Terraform"
            },
            "timeouts": null,
            "vpc_id": "vpc-0a3dc468c3280fd48"
          },
          "sensitive_attributes": [],
          "private": "eyJlMmJmYjczMC1lY2FhLTExZTYtOGY4OC0zNDM2M2JjN2M0YzAiOnsiY3JlYXRlIjo2MDAwMDAwMDAwMDAsImRlbGV0ZSI6MTIwMDAwMDAwMDAwMH0sInNjaGVtYV92ZXJzaW9uIjoiMSJ9",
          "dependencies": [
            "aws_vpc.Main"
          ]
        },
        {
          "index_key": 5,
          "schema_version": 1,
          "attributes": {
            "arn": "arn:aws:ec2:us-east-1:220479146103:subnet/subnet-030c5376300cb6fd4",
            "assign_ipv6_address_on_creation": false,
            "availability_zone": "us-east-1b",
            "availability_zone_id": "use1-az4",
            "cidr_block": "10.10.1.48/28",
            "customer_owned_ipv4_pool": "",
            "enable_dns64": false,
            "enable_lni_at_device_index": 0,
            "enable_resource_name_dns_a_record_on_launch": false,
            "enable_resource_name_dns_aaaa_record_on_launch": false,
            "id": "subnet-030c5376300cb6fd4",
            "ipv6_cidr_block": "",
            "ipv6_cidr_block_association_id": "",
            "ipv6_native": false,
            "map_customer_owned_ip_on_launch": false,
            "map_public_ip_on_launch": false,
            "outpost_arn": "",
            "owner_id": "220479146103",
            "private_dns_hostname_type_on_launch": "ip-name",
            "tags": {
              "BudgetCode": "Deluxe",
              "Dept": "Deluxe",
              "Name": "Deluxe-D247-web-us-east-1b-1-dev",
              "Owner": "D247",
              "Project": "D247",
              "Stack": "DEV",
              "managed_by": "Terraform"
            },
            "tags_all": {
              "BudgetCode": "Deluxe",
              "Dept": "Deluxe",
              "Name": "Deluxe-D247-web-us-east-1b-1-dev",
              "Owner": "D247",
              "Project": "D247",
              "Stack": "DEV",
              "managed_by": "Terraform"
            },
            "timeouts": null,
            "vpc_id": "vpc-0a3dc468c3280fd48"
          },
          "sensitive_attributes": [],
          "private": "eyJlMmJmYjczMC1lY2FhLTExZTYtOGY4OC0zNDM2M2JjN2M0YzAiOnsiY3JlYXRlIjo2MDAwMDAwMDAwMDAsImRlbGV0ZSI6MTIwMDAwMDAwMDAwMH0sInNjaGVtYV92ZXJzaW9uIjoiMSJ9",
          "dependencies": [
            "aws_vpc.Main"
          ]
        },
        {
          "index_key": 6,
          "schema_version": 1,
          "attributes": {
            "arn": "arn:aws:ec2:us-east-1:220479146103:subnet/subnet-0a856f5bf0bfe4bb1",
            "assign_ipv6_address_on_creation": false,
            "availability_zone": "us-east-1b",
            "availability_zone_id": "use1-az4",
            "cidr_block": "10.10.1.80/28",
            "customer_owned_ipv4_pool": "",
            "enable_dns64": false,
            "enable_lni_at_device_index": 0,
            "enable_resource_name_dns_a_record_on_launch": false,
            "enable_resource_name_dns_aaaa_record_on_launch": false,
            "id": "subnet-0a856f5bf0bfe4bb1",
            "ipv6_cidr_block": "",
            "ipv6_cidr_block_association_id": "",
            "ipv6_native": false,
            "map_customer_owned_ip_on_launch": false,
            "map_public_ip_on_launch": false,
            "outpost_arn": "",
            "owner_id": "220479146103",
            "private_dns_hostname_type_on_launch": "ip-name",
            "tags": {
              "BudgetCode": "Deluxe",
              "Dept": "Deluxe",
              "Name": "Deluxe-D247-app-us-east-1b-1-dev",
              "Owner": "D247",
              "Project": "D247",
              "Stack": "DEV",
              "managed_by": "Terraform"
            },
            "tags_all": {
              "BudgetCode": "Deluxe",
              "Dept": "Deluxe",
              "Name": "Deluxe-D247-app-us-east-1b-1-dev",
              "Owner": "D247",
              "Project": "D247",
              "Stack": "DEV",
              "managed_by": "Terraform"
            },
            "timeouts": null,
            "vpc_id": "vpc-0a3dc468c3280fd48"
          },
          "sensitive_attributes": [],
          "private": "eyJlMmJmYjczMC1lY2FhLTExZTYtOGY4OC0zNDM2M2JjN2M0YzAiOnsiY3JlYXRlIjo2MDAwMDAwMDAwMDAsImRlbGV0ZSI6MTIwMDAwMDAwMDAwMH0sInNjaGVtYV92ZXJzaW9uIjoiMSJ9",
          "dependencies": [
            "aws_vpc.Main"
          ]
        },
        {
          "index_key": 7,
          "schema_version": 1,
          "attributes": {
            "arn": "arn:aws:ec2:us-east-1:220479146103:subnet/subnet-07cecfa19fd7494cd",
            "assign_ipv6_address_on_creation": false,
            "availability_zone": "us-east-1b",
            "availability_zone_id": "use1-az4",
            "cidr_block": "10.10.1.160/27",
            "customer_owned_ipv4_pool": "",
            "enable_dns64": false,
            "enable_lni_at_device_index": 0,
            "enable_resource_name_dns_a_record_on_launch": false,
            "enable_resource_name_dns_aaaa_record_on_launch": false,
            "id": "subnet-07cecfa19fd7494cd",
            "ipv6_cidr_block": "",
            "ipv6_cidr_block_association_id": "",
            "ipv6_native": false,
            "map_customer_owned_ip_on_launch": false,
            "map_public_ip_on_launch": false,
            "outpost_arn": "",
            "owner_id": "220479146103",
            "private_dns_hostname_type_on_launch": "ip-name",
            "tags": {
              "BudgetCode": "Deluxe",
              "Dept": "Deluxe",
              "Name": "Deluxe-D247-backoffice-us-east-1b-1-dev",
              "Owner": "D247",
              "Project": "D247",
              "Stack": "DEV",
              "managed_by": "Terraform"
            },
            "tags_all": {
              "BudgetCode": "Deluxe",
              "Dept": "Deluxe",
              "Name": "Deluxe-D247-backoffice-us-east-1b-1-dev",
              "Owner": "D247",
              "Project": "D247",
              "Stack": "DEV",
              "managed_by": "Terraform"
            },
            "timeouts": null,
            "vpc_id": "vpc-0a3dc468c3280fd48"
          },
          "sensitive_attributes": [],
          "private": "eyJlMmJmYjczMC1lY2FhLTExZTYtOGY4OC0zNDM2M2JjN2M0YzAiOnsiY3JlYXRlIjo2MDAwMDAwMDAwMDAsImRlbGV0ZSI6MTIwMDAwMDAwMDAwMH0sInNjaGVtYV92ZXJzaW9uIjoiMSJ9",
          "dependencies": [
            "aws_vpc.Main"
          ]
        },
        {
          "index_key": 8,
          "schema_version": 1,
          "attributes": {
            "arn": "arn:aws:ec2:us-east-1:220479146103:subnet/subnet-0f701e59e093b3bfa",
            "assign_ipv6_address_on_creation": false,
            "availability_zone": "us-east-1b",
            "availability_zone_id": "use1-az4",
            "cidr_block": "10.10.1.112/28",
            "customer_owned_ipv4_pool": "",
            "enable_dns64": false,
            "enable_lni_at_device_index": 0,
            "enable_resource_name_dns_a_record_on_launch": false,
            "enable_resource_name_dns_aaaa_record_on_launch": false,
            "id": "subnet-0f701e59e093b3bfa",
            "ipv6_cidr_block": "",
            "ipv6_cidr_block_association_id": "",
            "ipv6_native": false,
            "map_customer_owned_ip_on_launch": false,
            "map_public_ip_on_launch": false,
            "outpost_arn": "",
            "owner_id": "220479146103",
            "private_dns_hostname_type_on_launch": "ip-name",
            "tags": {
              "BudgetCode": "Deluxe",
              "Dept": "Deluxe",
              "Name": "Deluxe-D247-database-us-east-1b-1-dev",
              "Owner": "D247",
              "Project": "D247",
              "Stack": "DEV",
              "managed_by": "Terraform"
            },
            "tags_all": {
              "BudgetCode": "Deluxe",
              "Dept": "Deluxe",
              "Name": "Deluxe-D247-database-us-east-1b-1-dev",
              "Owner": "D247",
              "Project": "D247",
              "Stack": "DEV",
              "managed_by": "Terraform"
            },
            "timeouts": null,
            "vpc_id": "vpc-0a3dc468c3280fd48"
          },
          "sensitive_attributes": [],
          "private": "eyJlMmJmYjczMC1lY2FhLTExZTYtOGY4OC0zNDM2M2JjN2M0YzAiOnsiY3JlYXRlIjo2MDAwMDAwMDAwMDAsImRlbGV0ZSI6MTIwMDAwMDAwMDAwMH0sInNjaGVtYV92ZXJzaW9uIjoiMSJ9",
          "dependencies": [
            "aws_vpc.Main"
          ]
        },
        {
          "index_key": 9,
          "schema_version": 1,
          "attributes": {
            "arn": "arn:aws:ec2:us-east-1:220479146103:subnet/subnet-0c7ed518d42559977",
            "assign_ipv6_address_on_creation": false,
            "availability_zone": "us-east-1b",
            "availability_zone_id": "use1-az4",
            "cidr_block": "10.10.1.16/28",
            "customer_owned_ipv4_pool": "",
            "enable_dns64": false,
            "enable_lni_at_device_index": 0,
            "enable_resource_name_dns_a_record_on_launch": false,
            "enable_resource_name_dns_aaaa_record_on_launch": false,
            "id": "subnet-0c7ed518d42559977",
            "ipv6_cidr_block": "",
            "ipv6_cidr_block_association_id": "",
            "ipv6_native": false,
            "map_customer_owned_ip_on_launch": false,
            "map_public_ip_on_launch": false,
            "outpost_arn": "",
            "owner_id": "220479146103",
            "private_dns_hostname_type_on_launch": "ip-name",
            "tags": {
              "BudgetCode": "Deluxe",
              "Dept": "Deluxe",
              "Name": "Deluxe-D247-alb-us-east-1b-1-dev",
              "Owner": "D247",
              "Project": "D247",
              "Stack": "DEV",
              "managed_by": "Terraform"
            },
            "tags_all": {
              "BudgetCode": "Deluxe",
              "Dept": "Deluxe",
              "Name": "Deluxe-D247-alb-us-east-1b-1-dev",
              "Owner": "D247",
              "Project": "D247",
              "Stack": "DEV",
              "managed_by": "Terraform"
            },
            "timeouts": null,
            "vpc_id": "vpc-0a3dc468c3280fd48"
          },
          "sensitive_attributes": [],
          "private": "eyJlMmJmYjczMC1lY2FhLTExZTYtOGY4OC0zNDM2M2JjN2M0YzAiOnsiY3JlYXRlIjo2MDAwMDAwMDAwMDAsImRlbGV0ZSI6MTIwMDAwMDAwMDAwMH0sInNjaGVtYV92ZXJzaW9uIjoiMSJ9",
          "dependencies": [
            "aws_vpc.Main"
          ]
        },
        {
          "index_key": 10,
          "schema_version": 1,
          "attributes": {
            "arn": "arn:aws:ec2:us-east-1:220479146103:subnet/subnet-0919d74b8e2949ffe",
            "assign_ipv6_address_on_creation": false,
            "availability_zone": "us-east-1b",
            "availability_zone_id": "use1-az4",
            "cidr_block": "10.10.1.240/28",
            "customer_owned_ipv4_pool": "",
            "enable_dns64": false,
            "enable_lni_at_device_index": 0,
            "enable_resource_name_dns_a_record_on_launch": false,
            "enable_resource_name_dns_aaaa_record_on_launch": false,
            "id": "subnet-0919d74b8e2949ffe",
            "ipv6_cidr_block": "",
            "ipv6_cidr_block_association_id": "",
            "ipv6_native": false,
            "map_customer_owned_ip_on_launch": false,
            "map_public_ip_on_launch": false,
            "outpost_arn": "",
            "owner_id": "220479146103",
            "private_dns_hostname_type_on_launch": "ip-name",
            "tags": {
              "BudgetCode": "Deluxe",
              "Dept": "Deluxe",
              "Name": "Deluxe-D247-web-us-east-1b-1-dev",
              "Owner": "D247",
              "Project": "D247",
              "Stack": "DEV",
              "managed_by": "Terraform"
            },
            "tags_all": {
              "BudgetCode": "Deluxe",
              "Dept": "Deluxe",
              "Name": "Deluxe-D247-web-us-east-1b-1-dev",
              "Owner": "D247",
              "Project": "D247",
              "Stack": "DEV",
              "managed_by": "Terraform"
            },
            "timeouts": null,
            "vpc_id": "vpc-0a3dc468c3280fd48"
          },
          "sensitive_attributes": [],
          "private": "eyJlMmJmYjczMC1lY2FhLTExZTYtOGY4OC0zNDM2M2JjN2M0YzAiOnsiY3JlYXRlIjo2MDAwMDAwMDAwMDAsImRlbGV0ZSI6MTIwMDAwMDAwMDAwMH0sInNjaGVtYV92ZXJzaW9uIjoiMSJ9",
          "dependencies": [
            "aws_vpc.Main"
          ]
        },
        {
          "index_key": 11,
          "schema_version": 1,
          "attributes": {
            "arn": "arn:aws:ec2:us-east-1:220479146103:subnet/subnet-015cd4f60d2407794",
            "assign_ipv6_address_on_creation": false,
            "availability_zone": "us-east-1b",
            "availability_zone_id": "use1-az4",
            "cidr_block": "10.10.2.16/28",
            "customer_owned_ipv4_pool": "",
            "enable_dns64": false,
            "enable_lni_at_device_index": 0,
            "enable_resource_name_dns_a_record_on_launch": false,
            "enable_resource_name_dns_aaaa_record_on_launch": false,
            "id": "subnet-015cd4f60d2407794",
            "ipv6_cidr_block": "",
            "ipv6_cidr_block_association_id": "",
            "ipv6_native": false,
            "map_customer_owned_ip_on_launch": false,
            "map_public_ip_on_launch": false,
            "outpost_arn": "",
            "owner_id": "220479146103",
            "private_dns_hostname_type_on_launch": "ip-name",
            "tags": {
              "BudgetCode": "Deluxe",
              "Dept": "Deluxe",
              "Name": "Deluxe-D247-app-us-east-1b-1-dev",
              "Owner": "D247",
              "Project": "D247",
              "Stack": "DEV",
              "managed_by": "Terraform"
            },
            "tags_all": {
              "BudgetCode": "Deluxe",
              "Dept": "Deluxe",
              "Name": "Deluxe-D247-app-us-east-1b-1-dev",
              "Owner": "D247",
              "Project": "D247",
              "Stack": "DEV",
              "managed_by": "Terraform"
            },
            "timeouts": null,
            "vpc_id": "vpc-0a3dc468c3280fd48"
          },
          "sensitive_attributes": [],
          "private": "eyJlMmJmYjczMC1lY2FhLTExZTYtOGY4OC0zNDM2M2JjN2M0YzAiOnsiY3JlYXRlIjo2MDAwMDAwMDAwMDAsImRlbGV0ZSI6MTIwMDAwMDAwMDAwMH0sInNjaGVtYV92ZXJzaW9uIjoiMSJ9",
          "dependencies": [
            "aws_vpc.Main"
          ]
        },
        {
          "index_key": 12,
          "schema_version": 1,
          "attributes": {
            "arn": "arn:aws:ec2:us-east-1:220479146103:subnet/subnet-02b608ab713a8b04e",
            "assign_ipv6_address_on_creation": false,
            "availability_zone": "us-east-1b",
            "availability_zone_id": "use1-az4",
            "cidr_block": "10.10.2.96/27",
            "customer_owned_ipv4_pool": "",
            "enable_dns64": false,
            "enable_lni_at_device_index": 0,
            "enable_resource_name_dns_a_record_on_launch": false,
            "enable_resource_name_dns_aaaa_record_on_launch": false,
            "id": "subnet-02b608ab713a8b04e",
            "ipv6_cidr_block": "",
            "ipv6_cidr_block_association_id": "",
            "ipv6_native": false,
            "map_customer_owned_ip_on_launch": false,
            "map_public_ip_on_launch": false,
            "outpost_arn": "",
            "owner_id": "220479146103",
            "private_dns_hostname_type_on_launch": "ip-name",
            "tags": {
              "BudgetCode": "Deluxe",
              "Dept": "Deluxe",
              "Name": "Deluxe-D247-backoffice-us-east-1b-1-dev",
              "Owner": "D247",
              "Project": "D247",
              "Stack": "DEV",
              "managed_by": "Terraform"
            },
            "tags_all": {
              "BudgetCode": "Deluxe",
              "Dept": "Deluxe",
              "Name": "Deluxe-D247-backoffice-us-east-1b-1-dev",
              "Owner": "D247",
              "Project": "D247",
              "Stack": "DEV",
              "managed_by": "Terraform"
            },
            "timeouts": null,
            "vpc_id": "vpc-0a3dc468c3280fd48"
          },
          "sensitive_attributes": [],
          "private": "eyJlMmJmYjczMC1lY2FhLTExZTYtOGY4OC0zNDM2M2JjN2M0YzAiOnsiY3JlYXRlIjo2MDAwMDAwMDAwMDAsImRlbGV0ZSI6MTIwMDAwMDAwMDAwMH0sInNjaGVtYV92ZXJzaW9uIjoiMSJ9",
          "dependencies": [
            "aws_vpc.Main"
          ]
        },
        {
          "index_key": 13,
          "schema_version": 1,
          "attributes": {
            "arn": "arn:aws:ec2:us-east-1:220479146103:subnet/subnet-0f056915b8c235539",
            "assign_ipv6_address_on_creation": false,
            "availability_zone": "us-east-1b",
            "availability_zone_id": "use1-az4",
            "cidr_block": "10.10.2.48/28",
            "customer_owned_ipv4_pool": "",
            "enable_dns64": false,
            "enable_lni_at_device_index": 0,
            "enable_resource_name_dns_a_record_on_launch": false,
            "enable_resource_name_dns_aaaa_record_on_launch": false,
            "id": "subnet-0f056915b8c235539",
            "ipv6_cidr_block": "",
            "ipv6_cidr_block_association_id": "",
            "ipv6_native": false,
            "map_customer_owned_ip_on_launch": false,
            "map_public_ip_on_launch": false,
            "outpost_arn": "",
            "owner_id": "220479146103",
            "private_dns_hostname_type_on_launch": "ip-name",
            "tags": {
              "BudgetCode": "Deluxe",
              "Dept": "Deluxe",
              "Name": "Deluxe-D247-database-us-east-1b-1-dev",
              "Owner": "D247",
              "Project": "D247",
              "Stack": "DEV",
              "managed_by": "Terraform"
            },
            "tags_all": {
              "BudgetCode": "Deluxe",
              "Dept": "Deluxe",
              "Name": "Deluxe-D247-database-us-east-1b-1-dev",
              "Owner": "D247",
              "Project": "D247",
              "Stack": "DEV",
              "managed_by": "Terraform"
            },
            "timeouts": null,
            "vpc_id": "vpc-0a3dc468c3280fd48"
          },
          "sensitive_attributes": [],
          "private": "eyJlMmJmYjczMC1lY2FhLTExZTYtOGY4OC0zNDM2M2JjN2M0YzAiOnsiY3JlYXRlIjo2MDAwMDAwMDAwMDAsImRlbGV0ZSI6MTIwMDAwMDAwMDAwMH0sInNjaGVtYV92ZXJzaW9uIjoiMSJ9",
          "dependencies": [
            "aws_vpc.Main"
          ]
        },
        {
          "index_key": 14,
          "schema_version": 1,
          "attributes": {
            "arn": "arn:aws:ec2:us-east-1:220479146103:subnet/subnet-0c2c4aca69bc1b9d9",
            "assign_ipv6_address_on_creation": false,
            "availability_zone": "us-east-1b",
            "availability_zone_id": "use1-az4",
            "cidr_block": "10.10.1.208/28",
            "customer_owned_ipv4_pool": "",
            "enable_dns64": false,
            "enable_lni_at_device_index": 0,
            "enable_resource_name_dns_a_record_on_launch": false,
            "enable_resource_name_dns_aaaa_record_on_launch": false,
            "id": "subnet-0c2c4aca69bc1b9d9",
            "ipv6_cidr_block": "",
            "ipv6_cidr_block_association_id": "",
            "ipv6_native": false,
            "map_customer_owned_ip_on_launch": false,
            "map_public_ip_on_launch": false,
            "outpost_arn": "",
            "owner_id": "220479146103",
            "private_dns_hostname_type_on_launch": "ip-name",
            "tags": {
              "BudgetCode": "Deluxe",
              "Dept": "Deluxe",
              "Name": "Deluxe-D247-alb-us-east-1b-1-dev",
              "Owner": "D247",
              "Project": "D247",
              "Stack": "DEV",
              "managed_by": "Terraform"
            },
            "tags_all": {
              "BudgetCode": "Deluxe",
              "Dept": "Deluxe",
              "Name": "Deluxe-D247-alb-us-east-1b-1-dev",
              "Owner": "D247",
              "Project": "D247",
              "Stack": "DEV",
              "managed_by": "Terraform"
            },
            "timeouts": null,
            "vpc_id": "vpc-0a3dc468c3280fd48"
          },
          "sensitive_attributes": [],
          "private": "eyJlMmJmYjczMC1lY2FhLTExZTYtOGY4OC0zNDM2M2JjN2M0YzAiOnsiY3JlYXRlIjo2MDAwMDAwMDAwMDAsImRlbGV0ZSI6MTIwMDAwMDAwMDAwMH0sInNjaGVtYV92ZXJzaW9uIjoiMSJ9",
          "dependencies": [
            "aws_vpc.Main"
          ]
        },
        {
          "index_key": 15,
          "schema_version": 1,
          "attributes": {
            "arn": "arn:aws:ec2:us-east-1:220479146103:subnet/subnet-06230ffd3335bb521",
            "assign_ipv6_address_on_creation": false,
            "availability_zone": "us-east-1b",
            "availability_zone_id": "use1-az4",
            "cidr_block": "10.10.2.176/28",
            "customer_owned_ipv4_pool": "",
            "enable_dns64": false,
            "enable_lni_at_device_index": 0,
            "enable_resource_name_dns_a_record_on_launch": false,
            "enable_resource_name_dns_aaaa_record_on_launch": false,
            "id": "subnet-06230ffd3335bb521",
            "ipv6_cidr_block": "",
            "ipv6_cidr_block_association_id": "",
            "ipv6_native": false,
            "map_customer_owned_ip_on_launch": false,
            "map_public_ip_on_launch": false,
            "outpost_arn": "",
            "owner_id": "220479146103",
            "private_dns_hostname_type_on_launch": "ip-name",
            "tags": {
              "BudgetCode": "Deluxe",
              "Dept": "Deluxe",
              "Name": "Deluxe-D247-web-us-east-1b-1-dev",
              "Owner": "D247",
              "Project": "D247",
              "Stack": "DEV",
              "managed_by": "Terraform"
            },
            "tags_all": {
              "BudgetCode": "Deluxe",
              "Dept": "Deluxe",
              "Name": "Deluxe-D247-web-us-east-1b-1-dev",
              "Owner": "D247",
              "Project": "D247",
              "Stack": "DEV",
              "managed_by": "Terraform"
            },
            "timeouts": null,
            "vpc_id": "vpc-0a3dc468c3280fd48"
          },
          "sensitive_attributes": [],
          "private": "eyJlMmJmYjczMC1lY2FhLTExZTYtOGY4OC0zNDM2M2JjN2M0YzAiOnsiY3JlYXRlIjo2MDAwMDAwMDAwMDAsImRlbGV0ZSI6MTIwMDAwMDAwMDAwMH0sInNjaGVtYV92ZXJzaW9uIjoiMSJ9",
          "dependencies": [
            "aws_vpc.Main"
          ]
        },
        {
          "index_key": 16,
          "schema_version": 1,
          "attributes": {
            "arn": "arn:aws:ec2:us-east-1:220479146103:subnet/subnet-0b53a2bee28955295",
            "assign_ipv6_address_on_creation": false,
            "availability_zone": "us-east-1b",
            "availability_zone_id": "use1-az4",
            "cidr_block": "10.10.2.208/28",
            "customer_owned_ipv4_pool": "",
            "enable_dns64": false,
            "enable_lni_at_device_index": 0,
            "enable_resource_name_dns_a_record_on_launch": false,
            "enable_resource_name_dns_aaaa_record_on_launch": false,
            "id": "subnet-0b53a2bee28955295",
            "ipv6_cidr_block": "",
            "ipv6_cidr_block_association_id": "",
            "ipv6_native": false,
            "map_customer_owned_ip_on_launch": false,
            "map_public_ip_on_launch": false,
            "outpost_arn": "",
            "owner_id": "220479146103",
            "private_dns_hostname_type_on_launch": "ip-name",
            "tags": {
              "BudgetCode": "Deluxe",
              "Dept": "Deluxe",
              "Name": "Deluxe-D247-app-us-east-1b-1-dev",
              "Owner": "D247",
              "Project": "D247",
              "Stack": "DEV",
              "managed_by": "Terraform"
            },
            "tags_all": {
              "BudgetCode": "Deluxe",
              "Dept": "Deluxe",
              "Name": "Deluxe-D247-app-us-east-1b-1-dev",
              "Owner": "D247",
              "Project": "D247",
              "Stack": "DEV",
              "managed_by": "Terraform"
            },
            "timeouts": null,
            "vpc_id": "vpc-0a3dc468c3280fd48"
          },
          "sensitive_attributes": [],
          "private": "eyJlMmJmYjczMC1lY2FhLTExZTYtOGY4OC0zNDM2M2JjN2M0YzAiOnsiY3JlYXRlIjo2MDAwMDAwMDAwMDAsImRlbGV0ZSI6MTIwMDAwMDAwMDAwMH0sInNjaGVtYV92ZXJzaW9uIjoiMSJ9",
          "dependencies": [
            "aws_vpc.Main"
          ]
        },
        {
          "index_key": 17,
          "schema_version": 1,
          "attributes": {
            "arn": "arn:aws:ec2:us-east-1:220479146103:subnet/subnet-0cebb423a6951589f",
            "assign_ipv6_address_on_creation": false,
            "availability_zone": "us-east-1b",
            "availability_zone_id": "use1-az4",
            "cidr_block": "10.10.3.32/27",
            "customer_owned_ipv4_pool": "",
            "enable_dns64": false,
            "enable_lni_at_device_index": 0,
            "enable_resource_name_dns_a_record_on_launch": false,
            "enable_resource_name_dns_aaaa_record_on_launch": false,
            "id": "subnet-0cebb423a6951589f",
            "ipv6_cidr_block": "",
            "ipv6_cidr_block_association_id": "",
            "ipv6_native": false,
            "map_customer_owned_ip_on_launch": false,
            "map_public_ip_on_launch": false,
            "outpost_arn": "",
            "owner_id": "220479146103",
            "private_dns_hostname_type_on_launch": "ip-name",
            "tags": {
              "BudgetCode": "Deluxe",
              "Dept": "Deluxe",
              "Name": "Deluxe-D247-backoffice-us-east-1b-1-dev",
              "Owner": "D247",
              "Project": "D247",
              "Stack": "DEV",
              "managed_by": "Terraform"
            },
            "tags_all": {
              "BudgetCode": "Deluxe",
              "Dept": "Deluxe",
              "Name": "Deluxe-D247-backoffice-us-east-1b-1-dev",
              "Owner": "D247",
              "Project": "D247",
              "Stack": "DEV",
              "managed_by": "Terraform"
            },
            "timeouts": null,
            "vpc_id": "vpc-0a3dc468c3280fd48"
          },
          "sensitive_attributes": [],
          "private": "eyJlMmJmYjczMC1lY2FhLTExZTYtOGY4OC0zNDM2M2JjN2M0YzAiOnsiY3JlYXRlIjo2MDAwMDAwMDAwMDAsImRlbGV0ZSI6MTIwMDAwMDAwMDAwMH0sInNjaGVtYV92ZXJzaW9uIjoiMSJ9",
          "dependencies": [
            "aws_vpc.Main"
          ]
        },
        {
          "index_key": 18,
          "schema_version": 1,
          "attributes": {
            "arn": "arn:aws:ec2:us-east-1:220479146103:subnet/subnet-08eda6ef228eb7f9d",
            "assign_ipv6_address_on_creation": false,
            "availability_zone": "us-east-1b",
            "availability_zone_id": "use1-az4",
            "cidr_block": "10.10.2.240/28",
            "customer_owned_ipv4_pool": "",
            "enable_dns64": false,
            "enable_lni_at_device_index": 0,
            "enable_resource_name_dns_a_record_on_launch": false,
            "enable_resource_name_dns_aaaa_record_on_launch": false,
            "id": "subnet-08eda6ef228eb7f9d",
            "ipv6_cidr_block": "",
            "ipv6_cidr_block_association_id": "",
            "ipv6_native": false,
            "map_customer_owned_ip_on_launch": false,
            "map_public_ip_on_launch": false,
            "outpost_arn": "",
            "owner_id": "220479146103",
            "private_dns_hostname_type_on_launch": "ip-name",
            "tags": {
              "BudgetCode": "Deluxe",
              "Dept": "Deluxe",
              "Name": "Deluxe-D247-database-us-east-1b-1-dev",
              "Owner": "D247",
              "Project": "D247",
              "Stack": "DEV",
              "managed_by": "Terraform"
            },
            "tags_all": {
              "BudgetCode": "Deluxe",
              "Dept": "Deluxe",
              "Name": "Deluxe-D247-database-us-east-1b-1-dev",
              "Owner": "D247",
              "Project": "D247",
              "Stack": "DEV",
              "managed_by": "Terraform"
            },
            "timeouts": null,
            "vpc_id": "vpc-0a3dc468c3280fd48"
          },
          "sensitive_attributes": [],
          "private": "eyJlMmJmYjczMC1lY2FhLTExZTYtOGY4OC0zNDM2M2JjN2M0YzAiOnsiY3JlYXRlIjo2MDAwMDAwMDAwMDAsImRlbGV0ZSI6MTIwMDAwMDAwMDAwMH0sInNjaGVtYV92ZXJzaW9uIjoiMSJ9",
          "dependencies": [
            "aws_vpc.Main"
          ]
        },
        {
          "index_key": 19,
          "schema_version": 1,
          "attributes": {
            "arn": "arn:aws:ec2:us-east-1:220479146103:subnet/subnet-0ae2efc98d77d0d3a",
            "assign_ipv6_address_on_creation": false,
            "availability_zone": "us-east-1b",
            "availability_zone_id": "use1-az4",
            "cidr_block": "10.10.2.144/28",
            "customer_owned_ipv4_pool": "",
            "enable_dns64": false,
            "enable_lni_at_device_index": 0,
            "enable_resource_name_dns_a_record_on_launch": false,
            "enable_resource_name_dns_aaaa_record_on_launch": false,
            "id": "subnet-0ae2efc98d77d0d3a",
            "ipv6_cidr_block": "",
            "ipv6_cidr_block_association_id": "",
            "ipv6_native": false,
            "map_customer_owned_ip_on_launch": false,
            "map_public_ip_on_launch": false,
            "outpost_arn": "",
            "owner_id": "220479146103",
            "private_dns_hostname_type_on_launch": "ip-name",
            "tags": {
              "BudgetCode": "Deluxe",
              "Dept": "Deluxe",
              "Name": "Deluxe-D247-alb-us-east-1b-1-dev",
              "Owner": "D247",
              "Project": "D247",
              "Stack": "DEV",
              "managed_by": "Terraform"
            },
            "tags_all": {
              "BudgetCode": "Deluxe",
              "Dept": "Deluxe",
              "Name": "Deluxe-D247-alb-us-east-1b-1-dev",
              "Owner": "D247",
              "Project": "D247",
              "Stack": "DEV",
              "managed_by": "Terraform"
            },
            "timeouts": null,
            "vpc_id": "vpc-0a3dc468c3280fd48"
          },
          "sensitive_attributes": [],
          "private": "eyJlMmJmYjczMC1lY2FhLTExZTYtOGY4OC0zNDM2M2JjN2M0YzAiOnsiY3JlYXRlIjo2MDAwMDAwMDAwMDAsImRlbGV0ZSI6MTIwMDAwMDAwMDAwMH0sInNjaGVtYV92ZXJzaW9uIjoiMSJ9",
          "dependencies": [
            "aws_vpc.Main"
          ]
        },
        {
          "index_key": 20,
          "schema_version": 1,
          "attributes": {
            "arn": "arn:aws:ec2:us-east-1:220479146103:subnet/subnet-03c449a943d7e7fc9",
            "assign_ipv6_address_on_creation": false,
            "availability_zone": "us-east-1b",
            "availability_zone_id": "use1-az4",
            "cidr_block": "10.10.3.112/28",
            "customer_owned_ipv4_pool": "",
            "enable_dns64": false,
            "enable_lni_at_device_index": 0,
            "enable_resource_name_dns_a_record_on_launch": false,
            "enable_resource_name_dns_aaaa_record_on_launch": false,
            "id": "subnet-03c449a943d7e7fc9",
            "ipv6_cidr_block": "",
            "ipv6_cidr_block_association_id": "",
            "ipv6_native": false,
            "map_customer_owned_ip_on_launch": false,
            "map_public_ip_on_launch": false,
            "outpost_arn": "",
            "owner_id": "220479146103",
            "private_dns_hostname_type_on_launch": "ip-name",
            "tags": {
              "BudgetCode": "Deluxe",
              "Dept": "Deluxe",
              "Name": "Deluxe-D247-web-us-east-1b-1-dev",
              "Owner": "D247",
              "Project": "D247",
              "Stack": "DEV",
              "managed_by": "Terraform"
            },
            "tags_all": {
              "BudgetCode": "Deluxe",
              "Dept": "Deluxe",
              "Name": "Deluxe-D247-web-us-east-1b-1-dev",
              "Owner": "D247",
              "Project": "D247",
              "Stack": "DEV",
              "managed_by": "Terraform"
            },
            "timeouts": null,
            "vpc_id": "vpc-0a3dc468c3280fd48"
          },
          "sensitive_attributes": [],
          "private": "eyJlMmJmYjczMC1lY2FhLTExZTYtOGY4OC0zNDM2M2JjN2M0YzAiOnsiY3JlYXRlIjo2MDAwMDAwMDAwMDAsImRlbGV0ZSI6MTIwMDAwMDAwMDAwMH0sInNjaGVtYV92ZXJzaW9uIjoiMSJ9",
          "dependencies": [
            "aws_vpc.Main"
          ]
        },
        {
          "index_key": 21,
          "schema_version": 1,
          "attributes": {
            "arn": "arn:aws:ec2:us-east-1:220479146103:subnet/subnet-095909c2d69897a73",
            "assign_ipv6_address_on_creation": false,
            "availability_zone": "us-east-1b",
            "availability_zone_id": "use1-az4",
            "cidr_block": "10.10.3.144/28",
            "customer_owned_ipv4_pool": "",
            "enable_dns64": false,
            "enable_lni_at_device_index": 0,
            "enable_resource_name_dns_a_record_on_launch": false,
            "enable_resource_name_dns_aaaa_record_on_launch": false,
            "id": "subnet-095909c2d69897a73",
            "ipv6_cidr_block": "",
            "ipv6_cidr_block_association_id": "",
            "ipv6_native": false,
            "map_customer_owned_ip_on_launch": false,
            "map_public_ip_on_launch": false,
            "outpost_arn": "",
            "owner_id": "220479146103",
            "private_dns_hostname_type_on_launch": "ip-name",
            "tags": {
              "BudgetCode": "Deluxe",
              "Dept": "Deluxe",
              "Name": "Deluxe-D247-app-us-east-1b-1-dev",
              "Owner": "D247",
              "Project": "D247",
              "Stack": "DEV",
              "managed_by": "Terraform"
            },
            "tags_all": {
              "BudgetCode": "Deluxe",
              "Dept": "Deluxe",
              "Name": "Deluxe-D247-app-us-east-1b-1-dev",
              "Owner": "D247",
              "Project": "D247",
              "Stack": "DEV",
              "managed_by": "Terraform"
            },
            "timeouts": null,
            "vpc_id": "vpc-0a3dc468c3280fd48"
          },
          "sensitive_attributes": [],
          "private": "eyJlMmJmYjczMC1lY2FhLTExZTYtOGY4OC0zNDM2M2JjN2M0YzAiOnsiY3JlYXRlIjo2MDAwMDAwMDAwMDAsImRlbGV0ZSI6MTIwMDAwMDAwMDAwMH0sInNjaGVtYV92ZXJzaW9uIjoiMSJ9",
          "dependencies": [
            "aws_vpc.Main"
          ]
        },
        {
          "index_key": 22,
          "schema_version": 1,
          "attributes": {
            "arn": "arn:aws:ec2:us-east-1:220479146103:subnet/subnet-0f40a422382050ad7",
            "assign_ipv6_address_on_creation": false,
            "availability_zone": "us-east-1b",
            "availability_zone_id": "use1-az4",
            "cidr_block": "10.10.3.224/27",
            "customer_owned_ipv4_pool": "",
            "enable_dns64": false,
            "enable_lni_at_device_index": 0,
            "enable_resource_name_dns_a_record_on_launch": false,
            "enable_resource_name_dns_aaaa_record_on_launch": false,
            "id": "subnet-0f40a422382050ad7",
            "ipv6_cidr_block": "",
            "ipv6_cidr_block_association_id": "",
            "ipv6_native": false,
            "map_customer_owned_ip_on_launch": false,
            "map_public_ip_on_launch": false,
            "outpost_arn": "",
            "owner_id": "220479146103",
            "private_dns_hostname_type_on_launch": "ip-name",
            "tags": {
              "BudgetCode": "Deluxe",
              "Dept": "Deluxe",
              "Name": "Deluxe-D247-backoffice-us-east-1b-1-dev",
              "Owner": "D247",
              "Project": "D247",
              "Stack": "DEV",
              "managed_by": "Terraform"
            },
            "tags_all": {
              "BudgetCode": "Deluxe",
              "Dept": "Deluxe",
              "Name": "Deluxe-D247-backoffice-us-east-1b-1-dev",
              "Owner": "D247",
              "Project": "D247",
              "Stack": "DEV",
              "managed_by": "Terraform"
            },
            "timeouts": null,
            "vpc_id": "vpc-0a3dc468c3280fd48"
          },
          "sensitive_attributes": [],
          "private": "eyJlMmJmYjczMC1lY2FhLTExZTYtOGY4OC0zNDM2M2JjN2M0YzAiOnsiY3JlYXRlIjo2MDAwMDAwMDAwMDAsImRlbGV0ZSI6MTIwMDAwMDAwMDAwMH0sInNjaGVtYV92ZXJzaW9uIjoiMSJ9",
          "dependencies": [
            "aws_vpc.Main"
          ]
        },
        {
          "index_key": 23,
          "schema_version": 1,
          "attributes": {
            "arn": "arn:aws:ec2:us-east-1:220479146103:subnet/subnet-02733bc1d32eacee3",
            "assign_ipv6_address_on_creation": false,
            "availability_zone": "us-east-1b",
            "availability_zone_id": "use1-az4",
            "cidr_block": "10.10.3.176/28",
            "customer_owned_ipv4_pool": "",
            "enable_dns64": false,
            "enable_lni_at_device_index": 0,
            "enable_resource_name_dns_a_record_on_launch": false,
            "enable_resource_name_dns_aaaa_record_on_launch": false,
            "id": "subnet-02733bc1d32eacee3",
            "ipv6_cidr_block": "",
            "ipv6_cidr_block_association_id": "",
            "ipv6_native": false,
            "map_customer_owned_ip_on_launch": false,
            "map_public_ip_on_launch": false,
            "outpost_arn": "",
            "owner_id": "220479146103",
            "private_dns_hostname_type_on_launch": "ip-name",
            "tags": {
              "BudgetCode": "Deluxe",
              "Dept": "Deluxe",
              "Name": "Deluxe-D247-database-us-east-1b-1-dev",
              "Owner": "D247",
              "Project": "D247",
              "Stack": "DEV",
              "managed_by": "Terraform"
            },
            "tags_all": {
              "BudgetCode": "Deluxe",
              "Dept": "Deluxe",
              "Name": "Deluxe-D247-database-us-east-1b-1-dev",
              "Owner": "D247",
              "Project": "D247",
              "Stack": "DEV",
              "managed_by": "Terraform"
            },
            "timeouts": null,
            "vpc_id": "vpc-0a3dc468c3280fd48"
          },
          "sensitive_attributes": [],
          "private": "eyJlMmJmYjczMC1lY2FhLTExZTYtOGY4OC0zNDM2M2JjN2M0YzAiOnsiY3JlYXRlIjo2MDAwMDAwMDAwMDAsImRlbGV0ZSI6MTIwMDAwMDAwMDAwMH0sInNjaGVtYV92ZXJzaW9uIjoiMSJ9",
          "dependencies": [
            "aws_vpc.Main"
          ]
        },
        {
          "index_key": 24,
          "schema_version": 1,
          "attributes": {
            "arn": "arn:aws:ec2:us-east-1:220479146103:subnet/subnet-05039a0591aede8a4",
            "assign_ipv6_address_on_creation": false,
            "availability_zone": "us-east-1b",
            "availability_zone_id": "use1-az4",
            "cidr_block": "10.10.3.80/28",
            "customer_owned_ipv4_pool": "",
            "enable_dns64": false,
            "enable_lni_at_device_index": 0,
            "enable_resource_name_dns_a_record_on_launch": false,
            "enable_resource_name_dns_aaaa_record_on_launch": false,
            "id": "subnet-05039a0591aede8a4",
            "ipv6_cidr_block": "",
            "ipv6_cidr_block_association_id": "",
            "ipv6_native": false,
            "map_customer_owned_ip_on_launch": false,
            "map_public_ip_on_launch": false,
            "outpost_arn": "",
            "owner_id": "220479146103",
            "private_dns_hostname_type_on_launch": "ip-name",
            "tags": {
              "BudgetCode": "Deluxe",
              "Dept": "Deluxe",
              "Name": "Deluxe-D247-alb-us-east-1b-1-dev",
              "Owner": "D247",
              "Project": "D247",
              "Stack": "DEV",
              "managed_by": "Terraform"
            },
            "tags_all": {
              "BudgetCode": "Deluxe",
              "Dept": "Deluxe",
              "Name": "Deluxe-D247-alb-us-east-1b-1-dev",
              "Owner": "D247",
              "Project": "D247",
              "Stack": "DEV",
              "managed_by": "Terraform"
            },
            "timeouts": null,
            "vpc_id": "vpc-0a3dc468c3280fd48"
          },
          "sensitive_attributes": [],
          "private": "eyJlMmJmYjczMC1lY2FhLTExZTYtOGY4OC0zNDM2M2JjN2M0YzAiOnsiY3JlYXRlIjo2MDAwMDAwMDAwMDAsImRlbGV0ZSI6MTIwMDAwMDAwMDAwMH0sInNjaGVtYV92ZXJzaW9uIjoiMSJ9",
          "dependencies": [
            "aws_vpc.Main"
          ]
        }
      ]
    },
    {
      "mode": "managed",
      "type": "aws_vpc",
      "name": "Main",
      "provider": "provider[\"registry.terraform.io/hashicorp/aws\"]",
      "instances": [
        {
          "schema_version": 1,
          "attributes": {
            "arn": "arn:aws:ec2:us-east-1:220479146103:vpc/vpc-0a3dc468c3280fd48",
            "assign_generated_ipv6_cidr_block": false,
            "cidr_block": "10.10.0.0/22",
            "default_network_acl_id": "acl-0c7a52096cbac8a92",
            "default_route_table_id": "rtb-06d4557a5ce14e0d1",
            "default_security_group_id": "sg-04de1a48087455b81",
            "dhcp_options_id": "dopt-0b4ea07d2b65bacfa",
            "enable_dns_hostnames": false,
            "enable_dns_support": true,
            "enable_network_address_usage_metrics": false,
            "id": "vpc-0a3dc468c3280fd48",
            "instance_tenancy": "default",
            "ipv4_ipam_pool_id": null,
            "ipv4_netmask_length": null,
            "ipv6_association_id": "",
            "ipv6_cidr_block": "",
            "ipv6_cidr_block_network_border_group": "",
            "ipv6_ipam_pool_id": "",
            "ipv6_netmask_length": 0,
            "main_route_table_id": "rtb-06d4557a5ce14e0d1",
            "owner_id": "220479146103",
            "tags": {
              "BudgetCode": "Deluxe",
              "Dept": "Deluxe",
              "Name": "D247-dev-vpc",
              "Owner": "D247",
              "Project": "D247",
              "Stack": "DEV",
              "managed_by": "Terraform"
            },
            "tags_all": {
              "BudgetCode": "Deluxe",
              "Dept": "Deluxe",
              "Name": "D247-dev-vpc",
              "Owner": "D247",
              "Project": "D247",
              "Stack": "DEV",
              "managed_by": "Terraform"
            }
          },
          "sensitive_attributes": [],
          "private": "eyJzY2hlbWFfdmVyc2lvbiI6IjEifQ=="
        }
      ]
    }
  ],
  "check_results": null
}
