{
  "version": 4,
  "terraform_version": "1.5.2",
  "serial": 2841,
  "lineage": "10784544-c481-fbcd-2aaf-fd197f92190c",
  "outputs": {},
  "resources": [
    {
      "mode": "data",
      "type": "aws_availability_zones",
      "name": "available",
      "provider": "provider[\"registry.terraform.io/hashicorp/aws\"]",
      "instances": [
        {
          "schema_version": 0,
          "attributes": {
            "all_availability_zones": null,
            "exclude_names": null,
            "exclude_zone_ids": null,
            "filter": null,
            "group_names": [
              "us-east-1"
            ],
            "id": "us-east-1",
            "names": [
              "us-east-1a",
              "us-east-1b",
              "us-east-1c",
              "us-east-1d",
              "us-east-1e",
              "us-east-1f"
            ],
            "state": "available",
            "timeouts": null,
            "zone_ids": [
              "use1-az2",
              "use1-az4",
              "use1-az6",
              "use1-az1",
              "use1-az3",
              "use1-az5"
            ]
          },
          "sensitive_attributes": []
        }
      ]
    },
    {
      "mode": "managed",
      "type": "aws_route_table",
      "name": "PrivateRT_az1",
      "provider": "provider[\"registry.terraform.io/hashicorp/aws\"]",
      "instances": [
        {
          "schema_version": 0,
          "attributes": {
            "arn": "arn:aws:ec2:us-east-1:220479146103:route-table/rtb-064dfc66813a34d10",
            "id": "rtb-064dfc66813a34d10",
            "owner_id": "220479146103",
            "propagating_vgws": [],
            "route": [],
            "tags": {
              "BudgetCode": "Deluxe",
              "Dept": "Deluxe",
              "Name": "D247-qa-PrivateRT",
              "Owner": "D247",
              "Project": "D247",
              "Stack": "DEV",
              "managed_by": "Terraform"
            },
            "tags_all": {
              "BudgetCode": "Deluxe",
              "Dept": "Deluxe",
              "Name": "D247-qa-PrivateRT",
              "Owner": "D247",
              "Project": "D247",
              "Stack": "DEV",
              "managed_by": "Terraform"
            },
            "timeouts": null,
            "vpc_id": "vpc-072aec7ce94f83419"
          },
          "sensitive_attributes": [],
          "private": "eyJlMmJmYjczMC1lY2FhLTExZTYtOGY4OC0zNDM2M2JjN2M0YzAiOnsiY3JlYXRlIjozMDAwMDAwMDAwMDAsImRlbGV0ZSI6MzAwMDAwMDAwMDAwLCJ1cGRhdGUiOjEyMDAwMDAwMDAwMH19",
          "dependencies": [
            "aws_vpc.Main"
          ]
        }
      ]
    },
    {
      "mode": "managed",
      "type": "aws_route_table_association",
      "name": "PrivateRTassociation_az1",
      "provider": "provider[\"registry.terraform.io/hashicorp/aws\"]",
      "instances": []
    },
    {
      "mode": "managed",
      "type": "aws_route_table_association",
      "name": "PrivateRTassociation_az2",
      "provider": "provider[\"registry.terraform.io/hashicorp/aws\"]",
      "instances": []
    },
    {
      "mode": "managed",
      "type": "aws_subnet",
      "name": "private_subnets_az1",
      "provider": "provider[\"registry.terraform.io/hashicorp/aws\"]",
      "instances": [
        {
          "index_key": 1,
          "schema_version": 1,
          "attributes": {
            "arn": "arn:aws:ec2:us-east-1:220479146103:subnet/subnet-02aee5aa3905ae3ea",
            "assign_ipv6_address_on_creation": false,
            "availability_zone": "us-east-1a",
            "availability_zone_id": "use1-az2",
            "cidr_block": "10.10.0.128/28",
            "customer_owned_ipv4_pool": "",
            "enable_dns64": false,
            "enable_lni_at_device_index": 0,
            "enable_resource_name_dns_a_record_on_launch": false,
            "enable_resource_name_dns_aaaa_record_on_launch": false,
            "id": "subnet-02aee5aa3905ae3ea",
            "ipv6_cidr_block": "",
            "ipv6_cidr_block_association_id": "",
            "ipv6_native": false,
            "map_customer_owned_ip_on_launch": false,
            "map_public_ip_on_launch": false,
            "outpost_arn": "",
            "owner_id": "220479146103",
            "private_dns_hostname_type_on_launch": "ip-name",
            "tags": {
              "BudgetCode": "Deluxe",
              "Dept": "Deluxe",
              "Name": "Deluxe-D247-app-us-east-1a-1-qa",
              "Owner": "D247",
              "Project": "D247",
              "Stack": "DEV",
              "managed_by": "Terraform"
            },
            "tags_all": {
              "BudgetCode": "Deluxe",
              "Dept": "Deluxe",
              "Name": "Deluxe-D247-app-us-east-1a-1-qa",
              "Owner": "D247",
              "Project": "D247",
              "Stack": "DEV",
              "managed_by": "Terraform"
            },
            "timeouts": null,
            "vpc_id": "vpc-072aec7ce94f83419"
          },
          "sensitive_attributes": [],
          "private": "eyJlMmJmYjczMC1lY2FhLTExZTYtOGY4OC0zNDM2M2JjN2M0YzAiOnsiY3JlYXRlIjo2MDAwMDAwMDAwMDAsImRlbGV0ZSI6MTIwMDAwMDAwMDAwMH0sInNjaGVtYV92ZXJzaW9uIjoiMSJ9",
          "dependencies": [
            "aws_vpc.Main"
          ]
        },
        {
          "index_key": 2,
          "schema_version": 1,
          "attributes": {
            "arn": "arn:aws:ec2:us-east-1:220479146103:subnet/subnet-069a668931ba9e40c",
            "assign_ipv6_address_on_creation": false,
            "availability_zone": "us-east-1a",
            "availability_zone_id": "use1-az2",
            "cidr_block": "10.10.0.192/27",
            "customer_owned_ipv4_pool": "",
            "enable_dns64": false,
            "enable_lni_at_device_index": 0,
            "enable_resource_name_dns_a_record_on_launch": false,
            "enable_resource_name_dns_aaaa_record_on_launch": false,
            "id": "subnet-069a668931ba9e40c",
            "ipv6_cidr_block": "",
            "ipv6_cidr_block_association_id": "",
            "ipv6_native": false,
            "map_customer_owned_ip_on_launch": false,
            "map_public_ip_on_launch": false,
            "outpost_arn": "",
            "owner_id": "220479146103",
            "private_dns_hostname_type_on_launch": "ip-name",
            "tags": {
              "BudgetCode": "Deluxe",
              "Dept": "Deluxe",
              "Name": "Deluxe-D247-backoffice-us-east-1a-1-qa",
              "Owner": "D247",
              "Project": "D247",
              "Stack": "DEV",
              "managed_by": "Terraform"
            },
            "tags_all": {
              "BudgetCode": "Deluxe",
              "Dept": "Deluxe",
              "Name": "Deluxe-D247-backoffice-us-east-1a-1-qa",
              "Owner": "D247",
              "Project": "D247",
              "Stack": "DEV",
              "managed_by": "Terraform"
            },
            "timeouts": null,
            "vpc_id": "vpc-072aec7ce94f83419"
          },
          "sensitive_attributes": [],
          "private": "eyJlMmJmYjczMC1lY2FhLTExZTYtOGY4OC0zNDM2M2JjN2M0YzAiOnsiY3JlYXRlIjo2MDAwMDAwMDAwMDAsImRlbGV0ZSI6MTIwMDAwMDAwMDAwMH0sInNjaGVtYV92ZXJzaW9uIjoiMSJ9",
          "dependencies": [
            "aws_vpc.Main"
          ]
        },
        {
          "index_key": 3,
          "schema_version": 1,
          "attributes": {
            "arn": "arn:aws:ec2:us-east-1:220479146103:subnet/subnet-0fb6c8279a5baabd6",
            "assign_ipv6_address_on_creation": false,
            "availability_zone": "us-east-1a",
            "availability_zone_id": "use1-az2",
            "cidr_block": "10.10.0.160/28",
            "customer_owned_ipv4_pool": "",
            "enable_dns64": false,
            "enable_lni_at_device_index": 0,
            "enable_resource_name_dns_a_record_on_launch": false,
            "enable_resource_name_dns_aaaa_record_on_launch": false,
            "id": "subnet-0fb6c8279a5baabd6",
            "ipv6_cidr_block": "",
            "ipv6_cidr_block_association_id": "",
            "ipv6_native": false,
            "map_customer_owned_ip_on_launch": false,
            "map_public_ip_on_launch": false,
            "outpost_arn": "",
            "owner_id": "220479146103",
            "private_dns_hostname_type_on_launch": "ip-name",
            "tags": {
              "BudgetCode": "Deluxe",
              "Dept": "Deluxe",
              "Name": "Deluxe-D247-database-us-east-1a-1-qa",
              "Owner": "D247",
              "Project": "D247",
              "Stack": "DEV",
              "managed_by": "Terraform"
            },
            "tags_all": {
              "BudgetCode": "Deluxe",
              "Dept": "Deluxe",
              "Name": "Deluxe-D247-database-us-east-1a-1-qa",
              "Owner": "D247",
              "Project": "D247",
              "Stack": "DEV",
              "managed_by": "Terraform"
            },
            "timeouts": null,
            "vpc_id": "vpc-072aec7ce94f83419"
          },
          "sensitive_attributes": [],
          "private": "eyJlMmJmYjczMC1lY2FhLTExZTYtOGY4OC0zNDM2M2JjN2M0YzAiOnsiY3JlYXRlIjo2MDAwMDAwMDAwMDAsImRlbGV0ZSI6MTIwMDAwMDAwMDAwMH0sInNjaGVtYV92ZXJzaW9uIjoiMSJ9",
          "dependencies": [
            "aws_vpc.Main"
          ]
        },
        {
          "index_key": 4,
          "schema_version": 1,
          "attributes": {
            "arn": "arn:aws:ec2:us-east-1:220479146103:subnet/subnet-0a584429b6010167a",
            "assign_ipv6_address_on_creation": false,
            "availability_zone": "us-east-1a",
            "availability_zone_id": "use1-az2",
            "cidr_block": "10.10.0.64/28",
            "customer_owned_ipv4_pool": "",
            "enable_dns64": false,
            "enable_lni_at_device_index": 0,
            "enable_resource_name_dns_a_record_on_launch": false,
            "enable_resource_name_dns_aaaa_record_on_launch": false,
            "id": "subnet-0a584429b6010167a",
            "ipv6_cidr_block": "",
            "ipv6_cidr_block_association_id": "",
            "ipv6_native": false,
            "map_customer_owned_ip_on_launch": false,
            "map_public_ip_on_launch": false,
            "outpost_arn": "",
            "owner_id": "220479146103",
            "private_dns_hostname_type_on_launch": "ip-name",
            "tags": {
              "BudgetCode": "Deluxe",
              "Dept": "Deluxe",
              "Name": "Deluxe-D247-alb-us-east-1a-1-qa",
              "Owner": "D247",
              "Project": "D247",
              "Stack": "DEV",
              "managed_by": "Terraform"
            },
            "tags_all": {
              "BudgetCode": "Deluxe",
              "Dept": "Deluxe",
              "Name": "Deluxe-D247-alb-us-east-1a-1-qa",
              "Owner": "D247",
              "Project": "D247",
              "Stack": "DEV",
              "managed_by": "Terraform"
            },
            "timeouts": null,
            "vpc_id": "vpc-072aec7ce94f83419"
          },
          "sensitive_attributes": [],
          "private": "eyJlMmJmYjczMC1lY2FhLTExZTYtOGY4OC0zNDM2M2JjN2M0YzAiOnsiY3JlYXRlIjo2MDAwMDAwMDAwMDAsImRlbGV0ZSI6MTIwMDAwMDAwMDAwMH0sInNjaGVtYV92ZXJzaW9uIjoiMSJ9",
          "dependencies": [
            "aws_vpc.Main"
          ]
        },
        {
          "index_key": 5,
          "schema_version": 1,
          "attributes": {
            "arn": "arn:aws:ec2:us-east-1:220479146103:subnet/subnet-038b4e66cd3250c12",
            "assign_ipv6_address_on_creation": false,
            "availability_zone": "us-east-1a",
            "availability_zone_id": "use1-az2",
            "cidr_block": "10.10.1.32/28",
            "customer_owned_ipv4_pool": "",
            "enable_dns64": false,
            "enable_lni_at_device_index": 0,
            "enable_resource_name_dns_a_record_on_launch": false,
            "enable_resource_name_dns_aaaa_record_on_launch": false,
            "id": "subnet-038b4e66cd3250c12",
            "ipv6_cidr_block": "",
            "ipv6_cidr_block_association_id": "",
            "ipv6_native": false,
            "map_customer_owned_ip_on_launch": false,
            "map_public_ip_on_launch": false,
            "outpost_arn": "",
            "owner_id": "220479146103",
            "private_dns_hostname_type_on_launch": "ip-name",
            "tags": {
              "BudgetCode": "Deluxe",
              "Dept": "Deluxe",
              "Name": "Deluxe-D247-web-us-east-1a-1-qa",
              "Owner": "D247",
              "Project": "D247",
              "Stack": "DEV",
              "managed_by": "Terraform"
            },
            "tags_all": {
              "BudgetCode": "Deluxe",
              "Dept": "Deluxe",
              "Name": "Deluxe-D247-web-us-east-1a-1-qa",
              "Owner": "D247",
              "Project": "D247",
              "Stack": "DEV",
              "managed_by": "Terraform"
            },
            "timeouts": null,
            "vpc_id": "vpc-072aec7ce94f83419"
          },
          "sensitive_attributes": [],
          "private": "eyJlMmJmYjczMC1lY2FhLTExZTYtOGY4OC0zNDM2M2JjN2M0YzAiOnsiY3JlYXRlIjo2MDAwMDAwMDAwMDAsImRlbGV0ZSI6MTIwMDAwMDAwMDAwMH0sInNjaGVtYV92ZXJzaW9uIjoiMSJ9",
          "dependencies": [
            "aws_vpc.Main"
          ]
        },
        {
          "index_key": 6,
          "schema_version": 1,
          "attributes": {
            "arn": "arn:aws:ec2:us-east-1:220479146103:subnet/subnet-08dd4722aeb84decd",
            "assign_ipv6_address_on_creation": false,
            "availability_zone": "us-east-1a",
            "availability_zone_id": "use1-az2",
            "cidr_block": "10.10.1.64/28",
            "customer_owned_ipv4_pool": "",
            "enable_dns64": false,
            "enable_lni_at_device_index": 0,
            "enable_resource_name_dns_a_record_on_launch": false,
            "enable_resource_name_dns_aaaa_record_on_launch": false,
            "id": "subnet-08dd4722aeb84decd",
            "ipv6_cidr_block": "",
            "ipv6_cidr_block_association_id": "",
            "ipv6_native": false,
            "map_customer_owned_ip_on_launch": false,
            "map_public_ip_on_launch": false,
            "outpost_arn": "",
            "owner_id": "220479146103",
            "private_dns_hostname_type_on_launch": "ip-name",
            "tags": {
              "BudgetCode": "Deluxe",
              "Dept": "Deluxe",
              "Name": "Deluxe-D247-app-us-east-1a-1-qa",
              "Owner": "D247",
              "Project": "D247",
              "Stack": "DEV",
              "managed_by": "Terraform"
            },
            "tags_all": {
              "BudgetCode": "Deluxe",
              "Dept": "Deluxe",
              "Name": "Deluxe-D247-app-us-east-1a-1-qa",
              "Owner": "D247",
              "Project": "D247",
              "Stack": "DEV",
              "managed_by": "Terraform"
            },
            "timeouts": null,
            "vpc_id": "vpc-072aec7ce94f83419"
          },
          "sensitive_attributes": [],
          "private": "eyJlMmJmYjczMC1lY2FhLTExZTYtOGY4OC0zNDM2M2JjN2M0YzAiOnsiY3JlYXRlIjo2MDAwMDAwMDAwMDAsImRlbGV0ZSI6MTIwMDAwMDAwMDAwMH0sInNjaGVtYV92ZXJzaW9uIjoiMSJ9",
          "dependencies": [
            "aws_vpc.Main"
          ]
        },
        {
          "index_key": 7,
          "schema_version": 1,
          "attributes": {
            "arn": "arn:aws:ec2:us-east-1:220479146103:subnet/subnet-056da72ef4a2a2227",
            "assign_ipv6_address_on_creation": false,
            "availability_zone": "us-east-1a",
            "availability_zone_id": "use1-az2",
            "cidr_block": "10.10.1.128/27",
            "customer_owned_ipv4_pool": "",
            "enable_dns64": false,
            "enable_lni_at_device_index": 0,
            "enable_resource_name_dns_a_record_on_launch": false,
            "enable_resource_name_dns_aaaa_record_on_launch": false,
            "id": "subnet-056da72ef4a2a2227",
            "ipv6_cidr_block": "",
            "ipv6_cidr_block_association_id": "",
            "ipv6_native": false,
            "map_customer_owned_ip_on_launch": false,
            "map_public_ip_on_launch": false,
            "outpost_arn": "",
            "owner_id": "220479146103",
            "private_dns_hostname_type_on_launch": "ip-name",
            "tags": {
              "BudgetCode": "Deluxe",
              "Dept": "Deluxe",
              "Name": "Deluxe-D247-backoffice-us-east-1a-1-qa",
              "Owner": "D247",
              "Project": "D247",
              "Stack": "DEV",
              "managed_by": "Terraform"
            },
            "tags_all": {
              "BudgetCode": "Deluxe",
              "Dept": "Deluxe",
              "Name": "Deluxe-D247-backoffice-us-east-1a-1-qa",
              "Owner": "D247",
              "Project": "D247",
              "Stack": "DEV",
              "managed_by": "Terraform"
            },
            "timeouts": null,
            "vpc_id": "vpc-072aec7ce94f83419"
          },
          "sensitive_attributes": [],
          "private": "eyJlMmJmYjczMC1lY2FhLTExZTYtOGY4OC0zNDM2M2JjN2M0YzAiOnsiY3JlYXRlIjo2MDAwMDAwMDAwMDAsImRlbGV0ZSI6MTIwMDAwMDAwMDAwMH0sInNjaGVtYV92ZXJzaW9uIjoiMSJ9",
          "dependencies": [
            "aws_vpc.Main"
          ]
        },
        {
          "index_key": 8,
          "schema_version": 1,
          "attributes": {
            "arn": "arn:aws:ec2:us-east-1:220479146103:subnet/subnet-0572f4cb07637724d",
            "assign_ipv6_address_on_creation": false,
            "availability_zone": "us-east-1a",
            "availability_zone_id": "use1-az2",
            "cidr_block": "10.10.1.96/28",
            "customer_owned_ipv4_pool": "",
            "enable_dns64": false,
            "enable_lni_at_device_index": 0,
            "enable_resource_name_dns_a_record_on_launch": false,
            "enable_resource_name_dns_aaaa_record_on_launch": false,
            "id": "subnet-0572f4cb07637724d",
            "ipv6_cidr_block": "",
            "ipv6_cidr_block_association_id": "",
            "ipv6_native": false,
            "map_customer_owned_ip_on_launch": false,
            "map_public_ip_on_launch": false,
            "outpost_arn": "",
            "owner_id": "220479146103",
            "private_dns_hostname_type_on_launch": "ip-name",
            "tags": {
              "BudgetCode": "Deluxe",
              "Dept": "Deluxe",
              "Name": "Deluxe-D247-database-us-east-1a-1-qa",
              "Owner": "D247",
              "Project": "D247",
              "Stack": "DEV",
              "managed_by": "Terraform"
            },
            "tags_all": {
              "BudgetCode": "Deluxe",
              "Dept": "Deluxe",
              "Name": "Deluxe-D247-database-us-east-1a-1-qa",
              "Owner": "D247",
              "Project": "D247",
              "Stack": "DEV",
              "managed_by": "Terraform"
            },
            "timeouts": null,
            "vpc_id": "vpc-072aec7ce94f83419"
          },
          "sensitive_attributes": [],
          "private": "eyJlMmJmYjczMC1lY2FhLTExZTYtOGY4OC0zNDM2M2JjN2M0YzAiOnsiY3JlYXRlIjo2MDAwMDAwMDAwMDAsImRlbGV0ZSI6MTIwMDAwMDAwMDAwMH0sInNjaGVtYV92ZXJzaW9uIjoiMSJ9",
          "dependencies": [
            "aws_vpc.Main"
          ]
        },
        {
          "index_key": 9,
          "schema_version": 1,
          "attributes": {
            "arn": "arn:aws:ec2:us-east-1:220479146103:subnet/subnet-054a22835db7fa4f1",
            "assign_ipv6_address_on_creation": false,
            "availability_zone": "us-east-1a",
            "availability_zone_id": "use1-az2",
            "cidr_block": "10.10.1.0/28",
            "customer_owned_ipv4_pool": "",
            "enable_dns64": false,
            "enable_lni_at_device_index": 0,
            "enable_resource_name_dns_a_record_on_launch": false,
            "enable_resource_name_dns_aaaa_record_on_launch": false,
            "id": "subnet-054a22835db7fa4f1",
            "ipv6_cidr_block": "",
            "ipv6_cidr_block_association_id": "",
            "ipv6_native": false,
            "map_customer_owned_ip_on_launch": false,
            "map_public_ip_on_launch": false,
            "outpost_arn": "",
            "owner_id": "220479146103",
            "private_dns_hostname_type_on_launch": "ip-name",
            "tags": {
              "BudgetCode": "Deluxe",
              "Dept": "Deluxe",
              "Name": "Deluxe-D247-alb-us-east-1a-1-qa",
              "Owner": "D247",
              "Project": "D247",
              "Stack": "DEV",
              "managed_by": "Terraform"
            },
            "tags_all": {
              "BudgetCode": "Deluxe",
              "Dept": "Deluxe",
              "Name": "Deluxe-D247-alb-us-east-1a-1-qa",
              "Owner": "D247",
              "Project": "D247",
              "Stack": "DEV",
              "managed_by": "Terraform"
            },
            "timeouts": null,
            "vpc_id": "vpc-072aec7ce94f83419"
          },
          "sensitive_attributes": [],
          "private": "eyJlMmJmYjczMC1lY2FhLTExZTYtOGY4OC0zNDM2M2JjN2M0YzAiOnsiY3JlYXRlIjo2MDAwMDAwMDAwMDAsImRlbGV0ZSI6MTIwMDAwMDAwMDAwMH0sInNjaGVtYV92ZXJzaW9uIjoiMSJ9",
          "dependencies": [
            "aws_vpc.Main"
          ]
        },
        {
          "index_key": 11,
          "schema_version": 1,
          "attributes": {
            "arn": "arn:aws:ec2:us-east-1:220479146103:subnet/subnet-0fee6ef18edd52166",
            "assign_ipv6_address_on_creation": false,
            "availability_zone": "us-east-1a",
            "availability_zone_id": "use1-az2",
            "cidr_block": "10.10.2.0/28",
            "customer_owned_ipv4_pool": "",
            "enable_dns64": false,
            "enable_lni_at_device_index": 0,
            "enable_resource_name_dns_a_record_on_launch": false,
            "enable_resource_name_dns_aaaa_record_on_launch": false,
            "id": "subnet-0fee6ef18edd52166",
            "ipv6_cidr_block": "",
            "ipv6_cidr_block_association_id": "",
            "ipv6_native": false,
            "map_customer_owned_ip_on_launch": false,
            "map_public_ip_on_launch": false,
            "outpost_arn": "",
            "owner_id": "220479146103",
            "private_dns_hostname_type_on_launch": "ip-name",
            "tags": {
              "BudgetCode": "Deluxe",
              "Dept": "Deluxe",
              "Name": "Deluxe-D247-app-us-east-1a-1-qa",
              "Owner": "D247",
              "Project": "D247",
              "Stack": "DEV",
              "managed_by": "Terraform"
            },
            "tags_all": {
              "BudgetCode": "Deluxe",
              "Dept": "Deluxe",
              "Name": "Deluxe-D247-app-us-east-1a-1-qa",
              "Owner": "D247",
              "Project": "D247",
              "Stack": "DEV",
              "managed_by": "Terraform"
            },
            "timeouts": null,
            "vpc_id": "vpc-072aec7ce94f83419"
          },
          "sensitive_attributes": [],
          "private": "eyJlMmJmYjczMC1lY2FhLTExZTYtOGY4OC0zNDM2M2JjN2M0YzAiOnsiY3JlYXRlIjo2MDAwMDAwMDAwMDAsImRlbGV0ZSI6MTIwMDAwMDAwMDAwMH0sInNjaGVtYV92ZXJzaW9uIjoiMSJ9",
          "dependencies": [
            "aws_vpc.Main"
          ]
        },
        {
          "index_key": 12,
          "schema_version": 1,
          "attributes": {
            "arn": "arn:aws:ec2:us-east-1:220479146103:subnet/subnet-000f8c32214d9a63c",
            "assign_ipv6_address_on_creation": false,
            "availability_zone": "us-east-1a",
            "availability_zone_id": "use1-az2",
            "cidr_block": "10.10.2.64/27",
            "customer_owned_ipv4_pool": "",
            "enable_dns64": false,
            "enable_lni_at_device_index": 0,
            "enable_resource_name_dns_a_record_on_launch": false,
            "enable_resource_name_dns_aaaa_record_on_launch": false,
            "id": "subnet-000f8c32214d9a63c",
            "ipv6_cidr_block": "",
            "ipv6_cidr_block_association_id": "",
            "ipv6_native": false,
            "map_customer_owned_ip_on_launch": false,
            "map_public_ip_on_launch": false,
            "outpost_arn": "",
            "owner_id": "220479146103",
            "private_dns_hostname_type_on_launch": "ip-name",
            "tags": {
              "BudgetCode": "Deluxe",
              "Dept": "Deluxe",
              "Name": "Deluxe-D247-backoffice-us-east-1a-1-qa",
              "Owner": "D247",
              "Project": "D247",
              "Stack": "DEV",
              "managed_by": "Terraform"
            },
            "tags_all": {
              "BudgetCode": "Deluxe",
              "Dept": "Deluxe",
              "Name": "Deluxe-D247-backoffice-us-east-1a-1-qa",
              "Owner": "D247",
              "Project": "D247",
              "Stack": "DEV",
              "managed_by": "Terraform"
            },
            "timeouts": null,
            "vpc_id": "vpc-072aec7ce94f83419"
          },
          "sensitive_attributes": [],
          "private": "eyJlMmJmYjczMC1lY2FhLTExZTYtOGY4OC0zNDM2M2JjN2M0YzAiOnsiY3JlYXRlIjo2MDAwMDAwMDAwMDAsImRlbGV0ZSI6MTIwMDAwMDAwMDAwMH0sInNjaGVtYV92ZXJzaW9uIjoiMSJ9",
          "dependencies": [
            "aws_vpc.Main"
          ]
        },
        {
          "index_key": 13,
          "schema_version": 1,
          "attributes": {
            "arn": "arn:aws:ec2:us-east-1:220479146103:subnet/subnet-0500354e51ffbfa84",
            "assign_ipv6_address_on_creation": false,
            "availability_zone": "us-east-1a",
            "availability_zone_id": "use1-az2",
            "cidr_block": "10.10.2.32/28",
            "customer_owned_ipv4_pool": "",
            "enable_dns64": false,
            "enable_lni_at_device_index": 0,
            "enable_resource_name_dns_a_record_on_launch": false,
            "enable_resource_name_dns_aaaa_record_on_launch": false,
            "id": "subnet-0500354e51ffbfa84",
            "ipv6_cidr_block": "",
            "ipv6_cidr_block_association_id": "",
            "ipv6_native": false,
            "map_customer_owned_ip_on_launch": false,
            "map_public_ip_on_launch": false,
            "outpost_arn": "",
            "owner_id": "220479146103",
            "private_dns_hostname_type_on_launch": "ip-name",
            "tags": {
              "BudgetCode": "Deluxe",
              "Dept": "Deluxe",
              "Name": "Deluxe-D247-database-us-east-1a-1-qa",
              "Owner": "D247",
              "Project": "D247",
              "Stack": "DEV",
              "managed_by": "Terraform"
            },
            "tags_all": {
              "BudgetCode": "Deluxe",
              "Dept": "Deluxe",
              "Name": "Deluxe-D247-database-us-east-1a-1-qa",
              "Owner": "D247",
              "Project": "D247",
              "Stack": "DEV",
              "managed_by": "Terraform"
            },
            "timeouts": null,
            "vpc_id": "vpc-072aec7ce94f83419"
          },
          "sensitive_attributes": [],
          "private": "eyJlMmJmYjczMC1lY2FhLTExZTYtOGY4OC0zNDM2M2JjN2M0YzAiOnsiY3JlYXRlIjo2MDAwMDAwMDAwMDAsImRlbGV0ZSI6MTIwMDAwMDAwMDAwMH0sInNjaGVtYV92ZXJzaW9uIjoiMSJ9",
          "dependencies": [
            "aws_vpc.Main"
          ]
        },
        {
          "index_key": 14,
          "schema_version": 1,
          "attributes": {
            "arn": "arn:aws:ec2:us-east-1:220479146103:subnet/subnet-0d8b2c8e46487c4a2",
            "assign_ipv6_address_on_creation": false,
            "availability_zone": "us-east-1a",
            "availability_zone_id": "use1-az2",
            "cidr_block": "10.10.1.192/28",
            "customer_owned_ipv4_pool": "",
            "enable_dns64": false,
            "enable_lni_at_device_index": 0,
            "enable_resource_name_dns_a_record_on_launch": false,
            "enable_resource_name_dns_aaaa_record_on_launch": false,
            "id": "subnet-0d8b2c8e46487c4a2",
            "ipv6_cidr_block": "",
            "ipv6_cidr_block_association_id": "",
            "ipv6_native": false,
            "map_customer_owned_ip_on_launch": false,
            "map_public_ip_on_launch": false,
            "outpost_arn": "",
            "owner_id": "220479146103",
            "private_dns_hostname_type_on_launch": "ip-name",
            "tags": {
              "BudgetCode": "Deluxe",
              "Dept": "Deluxe",
              "Name": "Deluxe-D247-alb-us-east-1a-1-qa",
              "Owner": "D247",
              "Project": "D247",
              "Stack": "DEV",
              "managed_by": "Terraform"
            },
            "tags_all": {
              "BudgetCode": "Deluxe",
              "Dept": "Deluxe",
              "Name": "Deluxe-D247-alb-us-east-1a-1-qa",
              "Owner": "D247",
              "Project": "D247",
              "Stack": "DEV",
              "managed_by": "Terraform"
            },
            "timeouts": null,
            "vpc_id": "vpc-072aec7ce94f83419"
          },
          "sensitive_attributes": [],
          "private": "eyJlMmJmYjczMC1lY2FhLTExZTYtOGY4OC0zNDM2M2JjN2M0YzAiOnsiY3JlYXRlIjo2MDAwMDAwMDAwMDAsImRlbGV0ZSI6MTIwMDAwMDAwMDAwMH0sInNjaGVtYV92ZXJzaW9uIjoiMSJ9",
          "dependencies": [
            "aws_vpc.Main"
          ]
        },
        {
          "index_key": 16,
          "schema_version": 1,
          "attributes": {
            "arn": "arn:aws:ec2:us-east-1:220479146103:subnet/subnet-05183942bd452312d",
            "assign_ipv6_address_on_creation": false,
            "availability_zone": "us-east-1a",
            "availability_zone_id": "use1-az2",
            "cidr_block": "10.10.2.192/28",
            "customer_owned_ipv4_pool": "",
            "enable_dns64": false,
            "enable_lni_at_device_index": 0,
            "enable_resource_name_dns_a_record_on_launch": false,
            "enable_resource_name_dns_aaaa_record_on_launch": false,
            "id": "subnet-05183942bd452312d",
            "ipv6_cidr_block": "",
            "ipv6_cidr_block_association_id": "",
            "ipv6_native": false,
            "map_customer_owned_ip_on_launch": false,
            "map_public_ip_on_launch": false,
            "outpost_arn": "",
            "owner_id": "220479146103",
            "private_dns_hostname_type_on_launch": "ip-name",
            "tags": {
              "BudgetCode": "Deluxe",
              "Dept": "Deluxe",
              "Name": "Deluxe-D247-app-us-east-1a-1-qa",
              "Owner": "D247",
              "Project": "D247",
              "Stack": "DEV",
              "managed_by": "Terraform"
            },
            "tags_all": {
              "BudgetCode": "Deluxe",
              "Dept": "Deluxe",
              "Name": "Deluxe-D247-app-us-east-1a-1-qa",
              "Owner": "D247",
              "Project": "D247",
              "Stack": "DEV",
              "managed_by": "Terraform"
            },
            "timeouts": null,
            "vpc_id": "vpc-072aec7ce94f83419"
          },
          "sensitive_attributes": [],
          "private": "eyJlMmJmYjczMC1lY2FhLTExZTYtOGY4OC0zNDM2M2JjN2M0YzAiOnsiY3JlYXRlIjo2MDAwMDAwMDAwMDAsImRlbGV0ZSI6MTIwMDAwMDAwMDAwMH0sInNjaGVtYV92ZXJzaW9uIjoiMSJ9",
          "dependencies": [
            "aws_vpc.Main"
          ]
        },
        {
          "index_key": 17,
          "schema_version": 1,
          "attributes": {
            "arn": "arn:aws:ec2:us-east-1:220479146103:subnet/subnet-0f9cb511556b77fa9",
            "assign_ipv6_address_on_creation": false,
            "availability_zone": "us-east-1a",
            "availability_zone_id": "use1-az2",
            "cidr_block": "10.10.3.0/27",
            "customer_owned_ipv4_pool": "",
            "enable_dns64": false,
            "enable_lni_at_device_index": 0,
            "enable_resource_name_dns_a_record_on_launch": false,
            "enable_resource_name_dns_aaaa_record_on_launch": false,
            "id": "subnet-0f9cb511556b77fa9",
            "ipv6_cidr_block": "",
            "ipv6_cidr_block_association_id": "",
            "ipv6_native": false,
            "map_customer_owned_ip_on_launch": false,
            "map_public_ip_on_launch": false,
            "outpost_arn": "",
            "owner_id": "220479146103",
            "private_dns_hostname_type_on_launch": "ip-name",
            "tags": {
              "BudgetCode": "Deluxe",
              "Dept": "Deluxe",
              "Name": "Deluxe-D247-backoffice-us-east-1a-1-qa",
              "Owner": "D247",
              "Project": "D247",
              "Stack": "DEV",
              "managed_by": "Terraform"
            },
            "tags_all": {
              "BudgetCode": "Deluxe",
              "Dept": "Deluxe",
              "Name": "Deluxe-D247-backoffice-us-east-1a-1-qa",
              "Owner": "D247",
              "Project": "D247",
              "Stack": "DEV",
              "managed_by": "Terraform"
            },
            "timeouts": null,
            "vpc_id": "vpc-072aec7ce94f83419"
          },
          "sensitive_attributes": [],
          "private": "eyJlMmJmYjczMC1lY2FhLTExZTYtOGY4OC0zNDM2M2JjN2M0YzAiOnsiY3JlYXRlIjo2MDAwMDAwMDAwMDAsImRlbGV0ZSI6MTIwMDAwMDAwMDAwMH0sInNjaGVtYV92ZXJzaW9uIjoiMSJ9",
          "dependencies": [
            "aws_vpc.Main"
          ]
        },
        {
          "index_key": 18,
          "schema_version": 1,
          "attributes": {
            "arn": "arn:aws:ec2:us-east-1:220479146103:subnet/subnet-076c7158a5bbfdd08",
            "assign_ipv6_address_on_creation": false,
            "availability_zone": "us-east-1a",
            "availability_zone_id": "use1-az2",
            "cidr_block": "10.10.2.224/28",
            "customer_owned_ipv4_pool": "",
            "enable_dns64": false,
            "enable_lni_at_device_index": 0,
            "enable_resource_name_dns_a_record_on_launch": false,
            "enable_resource_name_dns_aaaa_record_on_launch": false,
            "id": "subnet-076c7158a5bbfdd08",
            "ipv6_cidr_block": "",
            "ipv6_cidr_block_association_id": "",
            "ipv6_native": false,
            "map_customer_owned_ip_on_launch": false,
            "map_public_ip_on_launch": false,
            "outpost_arn": "",
            "owner_id": "220479146103",
            "private_dns_hostname_type_on_launch": "ip-name",
            "tags": {
              "BudgetCode": "Deluxe",
              "Dept": "Deluxe",
              "Name": "Deluxe-D247-database-us-east-1a-1-qa",
              "Owner": "D247",
              "Project": "D247",
              "Stack": "DEV",
              "managed_by": "Terraform"
            },
            "tags_all": {
              "BudgetCode": "Deluxe",
              "Dept": "Deluxe",
              "Name": "Deluxe-D247-database-us-east-1a-1-qa",
              "Owner": "D247",
              "Project": "D247",
              "Stack": "DEV",
              "managed_by": "Terraform"
            },
            "timeouts": null,
            "vpc_id": "vpc-072aec7ce94f83419"
          },
          "sensitive_attributes": [],
          "private": "eyJlMmJmYjczMC1lY2FhLTExZTYtOGY4OC0zNDM2M2JjN2M0YzAiOnsiY3JlYXRlIjo2MDAwMDAwMDAwMDAsImRlbGV0ZSI6MTIwMDAwMDAwMDAwMH0sInNjaGVtYV92ZXJzaW9uIjoiMSJ9",
          "dependencies": [
            "aws_vpc.Main"
          ]
        },
        {
          "index_key": 19,
          "schema_version": 1,
          "attributes": {
            "arn": "arn:aws:ec2:us-east-1:220479146103:subnet/subnet-08522d0ec0b92e6ef",
            "assign_ipv6_address_on_creation": false,
            "availability_zone": "us-east-1a",
            "availability_zone_id": "use1-az2",
            "cidr_block": "10.10.2.128/28",
            "customer_owned_ipv4_pool": "",
            "enable_dns64": false,
            "enable_lni_at_device_index": 0,
            "enable_resource_name_dns_a_record_on_launch": false,
            "enable_resource_name_dns_aaaa_record_on_launch": false,
            "id": "subnet-08522d0ec0b92e6ef",
            "ipv6_cidr_block": "",
            "ipv6_cidr_block_association_id": "",
            "ipv6_native": false,
            "map_customer_owned_ip_on_launch": false,
            "map_public_ip_on_launch": false,
            "outpost_arn": "",
            "owner_id": "220479146103",
            "private_dns_hostname_type_on_launch": "ip-name",
            "tags": {
              "BudgetCode": "Deluxe",
              "Dept": "Deluxe",
              "Name": "Deluxe-D247-alb-us-east-1a-1-qa",
              "Owner": "D247",
              "Project": "D247",
              "Stack": "DEV",
              "managed_by": "Terraform"
            },
            "tags_all": {
              "BudgetCode": "Deluxe",
              "Dept": "Deluxe",
              "Name": "Deluxe-D247-alb-us-east-1a-1-qa",
              "Owner": "D247",
              "Project": "D247",
              "Stack": "DEV",
              "managed_by": "Terraform"
            },
            "timeouts": null,
            "vpc_id": "vpc-072aec7ce94f83419"
          },
          "sensitive_attributes": [],
          "private": "eyJlMmJmYjczMC1lY2FhLTExZTYtOGY4OC0zNDM2M2JjN2M0YzAiOnsiY3JlYXRlIjo2MDAwMDAwMDAwMDAsImRlbGV0ZSI6MTIwMDAwMDAwMDAwMH0sInNjaGVtYV92ZXJzaW9uIjoiMSJ9",
          "dependencies": [
            "aws_vpc.Main"
          ]
        },
        {
          "index_key": 21,
          "schema_version": 1,
          "attributes": {
            "arn": "arn:aws:ec2:us-east-1:220479146103:subnet/subnet-0a89431964ec1e20e",
            "assign_ipv6_address_on_creation": false,
            "availability_zone": "us-east-1a",
            "availability_zone_id": "use1-az2",
            "cidr_block": "10.10.3.128/28",
            "customer_owned_ipv4_pool": "",
            "enable_dns64": false,
            "enable_lni_at_device_index": 0,
            "enable_resource_name_dns_a_record_on_launch": false,
            "enable_resource_name_dns_aaaa_record_on_launch": false,
            "id": "subnet-0a89431964ec1e20e",
            "ipv6_cidr_block": "",
            "ipv6_cidr_block_association_id": "",
            "ipv6_native": false,
            "map_customer_owned_ip_on_launch": false,
            "map_public_ip_on_launch": false,
            "outpost_arn": "",
            "owner_id": "220479146103",
            "private_dns_hostname_type_on_launch": "ip-name",
            "tags": {
              "BudgetCode": "Deluxe",
              "Dept": "Deluxe",
              "Name": "Deluxe-D247-app-us-east-1a-1-qa",
              "Owner": "D247",
              "Project": "D247",
              "Stack": "DEV",
              "managed_by": "Terraform"
            },
            "tags_all": {
              "BudgetCode": "Deluxe",
              "Dept": "Deluxe",
              "Name": "Deluxe-D247-app-us-east-1a-1-qa",
              "Owner": "D247",
              "Project": "D247",
              "Stack": "DEV",
              "managed_by": "Terraform"
            },
            "timeouts": null,
            "vpc_id": "vpc-072aec7ce94f83419"
          },
          "sensitive_attributes": [],
          "private": "eyJlMmJmYjczMC1lY2FhLTExZTYtOGY4OC0zNDM2M2JjN2M0YzAiOnsiY3JlYXRlIjo2MDAwMDAwMDAwMDAsImRlbGV0ZSI6MTIwMDAwMDAwMDAwMH0sInNjaGVtYV92ZXJzaW9uIjoiMSJ9",
          "dependencies": [
            "aws_vpc.Main"
          ]
        },
        {
          "index_key": 22,
          "schema_version": 1,
          "attributes": {
            "arn": "arn:aws:ec2:us-east-1:220479146103:subnet/subnet-0b58c2dbf4f7ee714",
            "assign_ipv6_address_on_creation": false,
            "availability_zone": "us-east-1a",
            "availability_zone_id": "use1-az2",
            "cidr_block": "10.10.3.192/27",
            "customer_owned_ipv4_pool": "",
            "enable_dns64": false,
            "enable_lni_at_device_index": 0,
            "enable_resource_name_dns_a_record_on_launch": false,
            "enable_resource_name_dns_aaaa_record_on_launch": false,
            "id": "subnet-0b58c2dbf4f7ee714",
            "ipv6_cidr_block": "",
            "ipv6_cidr_block_association_id": "",
            "ipv6_native": false,
            "map_customer_owned_ip_on_launch": false,
            "map_public_ip_on_launch": false,
            "outpost_arn": "",
            "owner_id": "220479146103",
            "private_dns_hostname_type_on_launch": "ip-name",
            "tags": {
              "BudgetCode": "Deluxe",
              "Dept": "Deluxe",
              "Name": "Deluxe-D247-backoffice-us-east-1a-1-qa",
              "Owner": "D247",
              "Project": "D247",
              "Stack": "DEV",
              "managed_by": "Terraform"
            },
            "tags_all": {
              "BudgetCode": "Deluxe",
              "Dept": "Deluxe",
              "Name": "Deluxe-D247-backoffice-us-east-1a-1-qa",
              "Owner": "D247",
              "Project": "D247",
              "Stack": "DEV",
              "managed_by": "Terraform"
            },
            "timeouts": null,
            "vpc_id": "vpc-072aec7ce94f83419"
          },
          "sensitive_attributes": [],
          "private": "eyJlMmJmYjczMC1lY2FhLTExZTYtOGY4OC0zNDM2M2JjN2M0YzAiOnsiY3JlYXRlIjo2MDAwMDAwMDAwMDAsImRlbGV0ZSI6MTIwMDAwMDAwMDAwMH0sInNjaGVtYV92ZXJzaW9uIjoiMSJ9",
          "dependencies": [
            "aws_vpc.Main"
          ]
        },
        {
          "index_key": 23,
          "schema_version": 1,
          "attributes": {
            "arn": "arn:aws:ec2:us-east-1:220479146103:subnet/subnet-0a19dc85eed07a5be",
            "assign_ipv6_address_on_creation": false,
            "availability_zone": "us-east-1a",
            "availability_zone_id": "use1-az2",
            "cidr_block": "10.10.3.160/28",
            "customer_owned_ipv4_pool": "",
            "enable_dns64": false,
            "enable_lni_at_device_index": 0,
            "enable_resource_name_dns_a_record_on_launch": false,
            "enable_resource_name_dns_aaaa_record_on_launch": false,
            "id": "subnet-0a19dc85eed07a5be",
            "ipv6_cidr_block": "",
            "ipv6_cidr_block_association_id": "",
            "ipv6_native": false,
            "map_customer_owned_ip_on_launch": false,
            "map_public_ip_on_launch": false,
            "outpost_arn": "",
            "owner_id": "220479146103",
            "private_dns_hostname_type_on_launch": "ip-name",
            "tags": {
              "BudgetCode": "Deluxe",
              "Dept": "Deluxe",
              "Name": "Deluxe-D247-database-us-east-1a-1-qa",
              "Owner": "D247",
              "Project": "D247",
              "Stack": "DEV",
              "managed_by": "Terraform"
            },
            "tags_all": {
              "BudgetCode": "Deluxe",
              "Dept": "Deluxe",
              "Name": "Deluxe-D247-database-us-east-1a-1-qa",
              "Owner": "D247",
              "Project": "D247",
              "Stack": "DEV",
              "managed_by": "Terraform"
            },
            "timeouts": null,
            "vpc_id": "vpc-072aec7ce94f83419"
          },
          "sensitive_attributes": [],
          "private": "eyJlMmJmYjczMC1lY2FhLTExZTYtOGY4OC0zNDM2M2JjN2M0YzAiOnsiY3JlYXRlIjo2MDAwMDAwMDAwMDAsImRlbGV0ZSI6MTIwMDAwMDAwMDAwMH0sInNjaGVtYV92ZXJzaW9uIjoiMSJ9",
          "dependencies": [
            "aws_vpc.Main"
          ]
        },
        {
          "index_key": 24,
          "schema_version": 1,
          "attributes": {
            "arn": "arn:aws:ec2:us-east-1:220479146103:subnet/subnet-0ce4609312e8f5144",
            "assign_ipv6_address_on_creation": false,
            "availability_zone": "us-east-1a",
            "availability_zone_id": "use1-az2",
            "cidr_block": "10.10.3.64/28",
            "customer_owned_ipv4_pool": "",
            "enable_dns64": false,
            "enable_lni_at_device_index": 0,
            "enable_resource_name_dns_a_record_on_launch": false,
            "enable_resource_name_dns_aaaa_record_on_launch": false,
            "id": "subnet-0ce4609312e8f5144",
            "ipv6_cidr_block": "",
            "ipv6_cidr_block_association_id": "",
            "ipv6_native": false,
            "map_customer_owned_ip_on_launch": false,
            "map_public_ip_on_launch": false,
            "outpost_arn": "",
            "owner_id": "220479146103",
            "private_dns_hostname_type_on_launch": "ip-name",
            "tags": {
              "BudgetCode": "Deluxe",
              "Dept": "Deluxe",
              "Name": "Deluxe-D247-alb-us-east-1a-1-qa",
              "Owner": "D247",
              "Project": "D247",
              "Stack": "DEV",
              "managed_by": "Terraform"
            },
            "tags_all": {
              "BudgetCode": "Deluxe",
              "Dept": "Deluxe",
              "Name": "Deluxe-D247-alb-us-east-1a-1-qa",
              "Owner": "D247",
              "Project": "D247",
              "Stack": "DEV",
              "managed_by": "Terraform"
            },
            "timeouts": null,
            "vpc_id": "vpc-072aec7ce94f83419"
          },
          "sensitive_attributes": [],
          "private": "eyJlMmJmYjczMC1lY2FhLTExZTYtOGY4OC0zNDM2M2JjN2M0YzAiOnsiY3JlYXRlIjo2MDAwMDAwMDAwMDAsImRlbGV0ZSI6MTIwMDAwMDAwMDAwMH0sInNjaGVtYV92ZXJzaW9uIjoiMSJ9",
          "dependencies": [
            "aws_vpc.Main"
          ]
        }
      ]
    },
    {
      "mode": "managed",
      "type": "aws_subnet",
      "name": "private_subnets_az2",
      "provider": "provider[\"registry.terraform.io/hashicorp/aws\"]",
      "instances": [
        {
          "index_key": 0,
          "schema_version": 1,
          "attributes": {
            "arn": "arn:aws:ec2:us-east-1:220479146103:subnet/subnet-0ae3bd548f3b8e1ba",
            "assign_ipv6_address_on_creation": false,
            "availability_zone": "us-east-1b",
            "availability_zone_id": "use1-az4",
            "cidr_block": "10.10.0.112/28",
            "customer_owned_ipv4_pool": "",
            "enable_dns64": false,
            "enable_lni_at_device_index": 0,
            "enable_resource_name_dns_a_record_on_launch": false,
            "enable_resource_name_dns_aaaa_record_on_launch": false,
            "id": "subnet-0ae3bd548f3b8e1ba",
            "ipv6_cidr_block": "",
            "ipv6_cidr_block_association_id": "",
            "ipv6_native": false,
            "map_customer_owned_ip_on_launch": false,
            "map_public_ip_on_launch": false,
            "outpost_arn": "",
            "owner_id": "220479146103",
            "private_dns_hostname_type_on_launch": "ip-name",
            "tags": {
              "BudgetCode": "Deluxe",
              "Dept": "Deluxe",
              "Name": "Deluxe-D247-web-us-east-1b-1-qa",
              "Owner": "D247",
              "Project": "D247",
              "Stack": "DEV",
              "managed_by": "Terraform"
            },
            "tags_all": {
              "BudgetCode": "Deluxe",
              "Dept": "Deluxe",
              "Name": "Deluxe-D247-web-us-east-1b-1-qa",
              "Owner": "D247",
              "Project": "D247",
              "Stack": "DEV",
              "managed_by": "Terraform"
            },
            "timeouts": null,
            "vpc_id": "vpc-072aec7ce94f83419"
          },
          "sensitive_attributes": [],
          "private": "eyJlMmJmYjczMC1lY2FhLTExZTYtOGY4OC0zNDM2M2JjN2M0YzAiOnsiY3JlYXRlIjo2MDAwMDAwMDAwMDAsImRlbGV0ZSI6MTIwMDAwMDAwMDAwMH0sInNjaGVtYV92ZXJzaW9uIjoiMSJ9",
          "dependencies": [
            "aws_vpc.Main"
          ]
        },
        {
          "index_key": 1,
          "schema_version": 1,
          "attributes": {
            "arn": "arn:aws:ec2:us-east-1:220479146103:subnet/subnet-06d928313777569cf",
            "assign_ipv6_address_on_creation": false,
            "availability_zone": "us-east-1b",
            "availability_zone_id": "use1-az4",
            "cidr_block": "10.10.0.144/28",
            "customer_owned_ipv4_pool": "",
            "enable_dns64": false,
            "enable_lni_at_device_index": 0,
            "enable_resource_name_dns_a_record_on_launch": false,
            "enable_resource_name_dns_aaaa_record_on_launch": false,
            "id": "subnet-06d928313777569cf",
            "ipv6_cidr_block": "",
            "ipv6_cidr_block_association_id": "",
            "ipv6_native": false,
            "map_customer_owned_ip_on_launch": false,
            "map_public_ip_on_launch": false,
            "outpost_arn": "",
            "owner_id": "220479146103",
            "private_dns_hostname_type_on_launch": "ip-name",
            "tags": {
              "BudgetCode": "Deluxe",
              "Dept": "Deluxe",
              "Name": "Deluxe-D247-app-us-east-1b-1-qa",
              "Owner": "D247",
              "Project": "D247",
              "Stack": "DEV",
              "managed_by": "Terraform"
            },
            "tags_all": {
              "BudgetCode": "Deluxe",
              "Dept": "Deluxe",
              "Name": "Deluxe-D247-app-us-east-1b-1-qa",
              "Owner": "D247",
              "Project": "D247",
              "Stack": "DEV",
              "managed_by": "Terraform"
            },
            "timeouts": null,
            "vpc_id": "vpc-072aec7ce94f83419"
          },
          "sensitive_attributes": [],
          "private": "eyJlMmJmYjczMC1lY2FhLTExZTYtOGY4OC0zNDM2M2JjN2M0YzAiOnsiY3JlYXRlIjo2MDAwMDAwMDAwMDAsImRlbGV0ZSI6MTIwMDAwMDAwMDAwMH0sInNjaGVtYV92ZXJzaW9uIjoiMSJ9",
          "dependencies": [
            "aws_vpc.Main"
          ]
        },
        {
          "index_key": 2,
          "schema_version": 1,
          "attributes": {
            "arn": "arn:aws:ec2:us-east-1:220479146103:subnet/subnet-050e3886b21328fa1",
            "assign_ipv6_address_on_creation": false,
            "availability_zone": "us-east-1b",
            "availability_zone_id": "use1-az4",
            "cidr_block": "10.10.0.224/27",
            "customer_owned_ipv4_pool": "",
            "enable_dns64": false,
            "enable_lni_at_device_index": 0,
            "enable_resource_name_dns_a_record_on_launch": false,
            "enable_resource_name_dns_aaaa_record_on_launch": false,
            "id": "subnet-050e3886b21328fa1",
            "ipv6_cidr_block": "",
            "ipv6_cidr_block_association_id": "",
            "ipv6_native": false,
            "map_customer_owned_ip_on_launch": false,
            "map_public_ip_on_launch": false,
            "outpost_arn": "",
            "owner_id": "220479146103",
            "private_dns_hostname_type_on_launch": "ip-name",
            "tags": {
              "BudgetCode": "Deluxe",
              "Dept": "Deluxe",
              "Name": "Deluxe-D247-backoffice-us-east-1b-1-qa",
              "Owner": "D247",
              "Project": "D247",
              "Stack": "DEV",
              "managed_by": "Terraform"
            },
            "tags_all": {
              "BudgetCode": "Deluxe",
              "Dept": "Deluxe",
              "Name": "Deluxe-D247-backoffice-us-east-1b-1-qa",
              "Owner": "D247",
              "Project": "D247",
              "Stack": "DEV",
              "managed_by": "Terraform"
            },
            "timeouts": null,
            "vpc_id": "vpc-072aec7ce94f83419"
          },
          "sensitive_attributes": [],
          "private": "eyJlMmJmYjczMC1lY2FhLTExZTYtOGY4OC0zNDM2M2JjN2M0YzAiOnsiY3JlYXRlIjo2MDAwMDAwMDAwMDAsImRlbGV0ZSI6MTIwMDAwMDAwMDAwMH0sInNjaGVtYV92ZXJzaW9uIjoiMSJ9",
          "dependencies": [
            "aws_vpc.Main"
          ]
        },
        {
          "index_key": 3,
          "schema_version": 1,
          "attributes": {
            "arn": "arn:aws:ec2:us-east-1:220479146103:subnet/subnet-0e1922675c97426a7",
            "assign_ipv6_address_on_creation": false,
            "availability_zone": "us-east-1b",
            "availability_zone_id": "use1-az4",
            "cidr_block": "10.10.0.176/28",
            "customer_owned_ipv4_pool": "",
            "enable_dns64": false,
            "enable_lni_at_device_index": 0,
            "enable_resource_name_dns_a_record_on_launch": false,
            "enable_resource_name_dns_aaaa_record_on_launch": false,
            "id": "subnet-0e1922675c97426a7",
            "ipv6_cidr_block": "",
            "ipv6_cidr_block_association_id": "",
            "ipv6_native": false,
            "map_customer_owned_ip_on_launch": false,
            "map_public_ip_on_launch": false,
            "outpost_arn": "",
            "owner_id": "220479146103",
            "private_dns_hostname_type_on_launch": "ip-name",
            "tags": {
              "BudgetCode": "Deluxe",
              "Dept": "Deluxe",
              "Name": "Deluxe-D247-database-us-east-1b-1-qa",
              "Owner": "D247",
              "Project": "D247",
              "Stack": "DEV",
              "managed_by": "Terraform"
            },
            "tags_all": {
              "BudgetCode": "Deluxe",
              "Dept": "Deluxe",
              "Name": "Deluxe-D247-database-us-east-1b-1-qa",
              "Owner": "D247",
              "Project": "D247",
              "Stack": "DEV",
              "managed_by": "Terraform"
            },
            "timeouts": null,
            "vpc_id": "vpc-072aec7ce94f83419"
          },
          "sensitive_attributes": [],
          "private": "eyJlMmJmYjczMC1lY2FhLTExZTYtOGY4OC0zNDM2M2JjN2M0YzAiOnsiY3JlYXRlIjo2MDAwMDAwMDAwMDAsImRlbGV0ZSI6MTIwMDAwMDAwMDAwMH0sInNjaGVtYV92ZXJzaW9uIjoiMSJ9",
          "dependencies": [
            "aws_vpc.Main"
          ]
        },
        {
          "index_key": 4,
          "schema_version": 1,
          "attributes": {
            "arn": "arn:aws:ec2:us-east-1:220479146103:subnet/subnet-0388fe197b28ba7f4",
            "assign_ipv6_address_on_creation": false,
            "availability_zone": "us-east-1b",
            "availability_zone_id": "use1-az4",
            "cidr_block": "10.10.0.80/28",
            "customer_owned_ipv4_pool": "",
            "enable_dns64": false,
            "enable_lni_at_device_index": 0,
            "enable_resource_name_dns_a_record_on_launch": false,
            "enable_resource_name_dns_aaaa_record_on_launch": false,
            "id": "subnet-0388fe197b28ba7f4",
            "ipv6_cidr_block": "",
            "ipv6_cidr_block_association_id": "",
            "ipv6_native": false,
            "map_customer_owned_ip_on_launch": false,
            "map_public_ip_on_launch": false,
            "outpost_arn": "",
            "owner_id": "220479146103",
            "private_dns_hostname_type_on_launch": "ip-name",
            "tags": {
              "BudgetCode": "Deluxe",
              "Dept": "Deluxe",
              "Name": "Deluxe-D247-alb-us-east-1b-1-qa",
              "Owner": "D247",
              "Project": "D247",
              "Stack": "DEV",
              "managed_by": "Terraform"
            },
            "tags_all": {
              "BudgetCode": "Deluxe",
              "Dept": "Deluxe",
              "Name": "Deluxe-D247-alb-us-east-1b-1-qa",
              "Owner": "D247",
              "Project": "D247",
              "Stack": "DEV",
              "managed_by": "Terraform"
            },
            "timeouts": null,
            "vpc_id": "vpc-072aec7ce94f83419"
          },
          "sensitive_attributes": [],
          "private": "eyJlMmJmYjczMC1lY2FhLTExZTYtOGY4OC0zNDM2M2JjN2M0YzAiOnsiY3JlYXRlIjo2MDAwMDAwMDAwMDAsImRlbGV0ZSI6MTIwMDAwMDAwMDAwMH0sInNjaGVtYV92ZXJzaW9uIjoiMSJ9",
          "dependencies": [
            "aws_vpc.Main"
          ]
        },
        {
          "index_key": 6,
          "schema_version": 1,
          "attributes": {
            "arn": "arn:aws:ec2:us-east-1:220479146103:subnet/subnet-0d03f7a7b1c0c1ec9",
            "assign_ipv6_address_on_creation": false,
            "availability_zone": "us-east-1b",
            "availability_zone_id": "use1-az4",
            "cidr_block": "10.10.1.80/28",
            "customer_owned_ipv4_pool": "",
            "enable_dns64": false,
            "enable_lni_at_device_index": 0,
            "enable_resource_name_dns_a_record_on_launch": false,
            "enable_resource_name_dns_aaaa_record_on_launch": false,
            "id": "subnet-0d03f7a7b1c0c1ec9",
            "ipv6_cidr_block": "",
            "ipv6_cidr_block_association_id": "",
            "ipv6_native": false,
            "map_customer_owned_ip_on_launch": false,
            "map_public_ip_on_launch": false,
            "outpost_arn": "",
            "owner_id": "220479146103",
            "private_dns_hostname_type_on_launch": "ip-name",
            "tags": {
              "BudgetCode": "Deluxe",
              "Dept": "Deluxe",
              "Name": "Deluxe-D247-app-us-east-1b-1-qa",
              "Owner": "D247",
              "Project": "D247",
              "Stack": "DEV",
              "managed_by": "Terraform"
            },
            "tags_all": {
              "BudgetCode": "Deluxe",
              "Dept": "Deluxe",
              "Name": "Deluxe-D247-app-us-east-1b-1-qa",
              "Owner": "D247",
              "Project": "D247",
              "Stack": "DEV",
              "managed_by": "Terraform"
            },
            "timeouts": null,
            "vpc_id": "vpc-072aec7ce94f83419"
          },
          "sensitive_attributes": [],
          "private": "eyJlMmJmYjczMC1lY2FhLTExZTYtOGY4OC0zNDM2M2JjN2M0YzAiOnsiY3JlYXRlIjo2MDAwMDAwMDAwMDAsImRlbGV0ZSI6MTIwMDAwMDAwMDAwMH0sInNjaGVtYV92ZXJzaW9uIjoiMSJ9",
          "dependencies": [
            "aws_vpc.Main"
          ]
        },
        {
          "index_key": 7,
          "schema_version": 1,
          "attributes": {
            "arn": "arn:aws:ec2:us-east-1:220479146103:subnet/subnet-0e4f23ed21befc8b4",
            "assign_ipv6_address_on_creation": false,
            "availability_zone": "us-east-1b",
            "availability_zone_id": "use1-az4",
            "cidr_block": "10.10.1.160/27",
            "customer_owned_ipv4_pool": "",
            "enable_dns64": false,
            "enable_lni_at_device_index": 0,
            "enable_resource_name_dns_a_record_on_launch": false,
            "enable_resource_name_dns_aaaa_record_on_launch": false,
            "id": "subnet-0e4f23ed21befc8b4",
            "ipv6_cidr_block": "",
            "ipv6_cidr_block_association_id": "",
            "ipv6_native": false,
            "map_customer_owned_ip_on_launch": false,
            "map_public_ip_on_launch": false,
            "outpost_arn": "",
            "owner_id": "220479146103",
            "private_dns_hostname_type_on_launch": "ip-name",
            "tags": {
              "BudgetCode": "Deluxe",
              "Dept": "Deluxe",
              "Name": "Deluxe-D247-backoffice-us-east-1b-1-qa",
              "Owner": "D247",
              "Project": "D247",
              "Stack": "DEV",
              "managed_by": "Terraform"
            },
            "tags_all": {
              "BudgetCode": "Deluxe",
              "Dept": "Deluxe",
              "Name": "Deluxe-D247-backoffice-us-east-1b-1-qa",
              "Owner": "D247",
              "Project": "D247",
              "Stack": "DEV",
              "managed_by": "Terraform"
            },
            "timeouts": null,
            "vpc_id": "vpc-072aec7ce94f83419"
          },
          "sensitive_attributes": [],
          "private": "eyJlMmJmYjczMC1lY2FhLTExZTYtOGY4OC0zNDM2M2JjN2M0YzAiOnsiY3JlYXRlIjo2MDAwMDAwMDAwMDAsImRlbGV0ZSI6MTIwMDAwMDAwMDAwMH0sInNjaGVtYV92ZXJzaW9uIjoiMSJ9",
          "dependencies": [
            "aws_vpc.Main"
          ]
        },
        {
          "index_key": 8,
          "schema_version": 1,
          "attributes": {
            "arn": "arn:aws:ec2:us-east-1:220479146103:subnet/subnet-02361bf9415e7d1c7",
            "assign_ipv6_address_on_creation": false,
            "availability_zone": "us-east-1b",
            "availability_zone_id": "use1-az4",
            "cidr_block": "10.10.1.112/28",
            "customer_owned_ipv4_pool": "",
            "enable_dns64": false,
            "enable_lni_at_device_index": 0,
            "enable_resource_name_dns_a_record_on_launch": false,
            "enable_resource_name_dns_aaaa_record_on_launch": false,
            "id": "subnet-02361bf9415e7d1c7",
            "ipv6_cidr_block": "",
            "ipv6_cidr_block_association_id": "",
            "ipv6_native": false,
            "map_customer_owned_ip_on_launch": false,
            "map_public_ip_on_launch": false,
            "outpost_arn": "",
            "owner_id": "220479146103",
            "private_dns_hostname_type_on_launch": "ip-name",
            "tags": {
              "BudgetCode": "Deluxe",
              "Dept": "Deluxe",
              "Name": "Deluxe-D247-database-us-east-1b-1-qa",
              "Owner": "D247",
              "Project": "D247",
              "Stack": "DEV",
              "managed_by": "Terraform"
            },
            "tags_all": {
              "BudgetCode": "Deluxe",
              "Dept": "Deluxe",
              "Name": "Deluxe-D247-database-us-east-1b-1-qa",
              "Owner": "D247",
              "Project": "D247",
              "Stack": "DEV",
              "managed_by": "Terraform"
            },
            "timeouts": null,
            "vpc_id": "vpc-072aec7ce94f83419"
          },
          "sensitive_attributes": [],
          "private": "eyJlMmJmYjczMC1lY2FhLTExZTYtOGY4OC0zNDM2M2JjN2M0YzAiOnsiY3JlYXRlIjo2MDAwMDAwMDAwMDAsImRlbGV0ZSI6MTIwMDAwMDAwMDAwMH0sInNjaGVtYV92ZXJzaW9uIjoiMSJ9",
          "dependencies": [
            "aws_vpc.Main"
          ]
        },
        {
          "index_key": 9,
          "schema_version": 1,
          "attributes": {
            "arn": "arn:aws:ec2:us-east-1:220479146103:subnet/subnet-0e6149c34aaf889c8",
            "assign_ipv6_address_on_creation": false,
            "availability_zone": "us-east-1b",
            "availability_zone_id": "use1-az4",
            "cidr_block": "10.10.1.16/28",
            "customer_owned_ipv4_pool": "",
            "enable_dns64": false,
            "enable_lni_at_device_index": 0,
            "enable_resource_name_dns_a_record_on_launch": false,
            "enable_resource_name_dns_aaaa_record_on_launch": false,
            "id": "subnet-0e6149c34aaf889c8",
            "ipv6_cidr_block": "",
            "ipv6_cidr_block_association_id": "",
            "ipv6_native": false,
            "map_customer_owned_ip_on_launch": false,
            "map_public_ip_on_launch": false,
            "outpost_arn": "",
            "owner_id": "220479146103",
            "private_dns_hostname_type_on_launch": "ip-name",
            "tags": {
              "BudgetCode": "Deluxe",
              "Dept": "Deluxe",
              "Name": "Deluxe-D247-alb-us-east-1b-1-qa",
              "Owner": "D247",
              "Project": "D247",
              "Stack": "DEV",
              "managed_by": "Terraform"
            },
            "tags_all": {
              "BudgetCode": "Deluxe",
              "Dept": "Deluxe",
              "Name": "Deluxe-D247-alb-us-east-1b-1-qa",
              "Owner": "D247",
              "Project": "D247",
              "Stack": "DEV",
              "managed_by": "Terraform"
            },
            "timeouts": null,
            "vpc_id": "vpc-072aec7ce94f83419"
          },
          "sensitive_attributes": [],
          "private": "eyJlMmJmYjczMC1lY2FhLTExZTYtOGY4OC0zNDM2M2JjN2M0YzAiOnsiY3JlYXRlIjo2MDAwMDAwMDAwMDAsImRlbGV0ZSI6MTIwMDAwMDAwMDAwMH0sInNjaGVtYV92ZXJzaW9uIjoiMSJ9",
          "dependencies": [
            "aws_vpc.Main"
          ]
        },
        {
          "index_key": 10,
          "schema_version": 1,
          "attributes": {
            "arn": "arn:aws:ec2:us-east-1:220479146103:subnet/subnet-00165542ee8eb4e91",
            "assign_ipv6_address_on_creation": false,
            "availability_zone": "us-east-1b",
            "availability_zone_id": "use1-az4",
            "cidr_block": "10.10.1.240/28",
            "customer_owned_ipv4_pool": "",
            "enable_dns64": false,
            "enable_lni_at_device_index": 0,
            "enable_resource_name_dns_a_record_on_launch": false,
            "enable_resource_name_dns_aaaa_record_on_launch": false,
            "id": "subnet-00165542ee8eb4e91",
            "ipv6_cidr_block": "",
            "ipv6_cidr_block_association_id": "",
            "ipv6_native": false,
            "map_customer_owned_ip_on_launch": false,
            "map_public_ip_on_launch": false,
            "outpost_arn": "",
            "owner_id": "220479146103",
            "private_dns_hostname_type_on_launch": "ip-name",
            "tags": {
              "BudgetCode": "Deluxe",
              "Dept": "Deluxe",
              "Name": "Deluxe-D247-web-us-east-1b-1-qa",
              "Owner": "D247",
              "Project": "D247",
              "Stack": "DEV",
              "managed_by": "Terraform"
            },
            "tags_all": {
              "BudgetCode": "Deluxe",
              "Dept": "Deluxe",
              "Name": "Deluxe-D247-web-us-east-1b-1-qa",
              "Owner": "D247",
              "Project": "D247",
              "Stack": "DEV",
              "managed_by": "Terraform"
            },
            "timeouts": null,
            "vpc_id": "vpc-072aec7ce94f83419"
          },
          "sensitive_attributes": [],
          "private": "eyJlMmJmYjczMC1lY2FhLTExZTYtOGY4OC0zNDM2M2JjN2M0YzAiOnsiY3JlYXRlIjo2MDAwMDAwMDAwMDAsImRlbGV0ZSI6MTIwMDAwMDAwMDAwMH0sInNjaGVtYV92ZXJzaW9uIjoiMSJ9",
          "dependencies": [
            "aws_vpc.Main"
          ]
        },
        {
          "index_key": 11,
          "schema_version": 1,
          "attributes": {
            "arn": "arn:aws:ec2:us-east-1:220479146103:subnet/subnet-074c08a3398c4b240",
            "assign_ipv6_address_on_creation": false,
            "availability_zone": "us-east-1b",
            "availability_zone_id": "use1-az4",
            "cidr_block": "10.10.2.16/28",
            "customer_owned_ipv4_pool": "",
            "enable_dns64": false,
            "enable_lni_at_device_index": 0,
            "enable_resource_name_dns_a_record_on_launch": false,
            "enable_resource_name_dns_aaaa_record_on_launch": false,
            "id": "subnet-074c08a3398c4b240",
            "ipv6_cidr_block": "",
            "ipv6_cidr_block_association_id": "",
            "ipv6_native": false,
            "map_customer_owned_ip_on_launch": false,
            "map_public_ip_on_launch": false,
            "outpost_arn": "",
            "owner_id": "220479146103",
            "private_dns_hostname_type_on_launch": "ip-name",
            "tags": {
              "BudgetCode": "Deluxe",
              "Dept": "Deluxe",
              "Name": "Deluxe-D247-app-us-east-1b-1-qa",
              "Owner": "D247",
              "Project": "D247",
              "Stack": "DEV",
              "managed_by": "Terraform"
            },
            "tags_all": {
              "BudgetCode": "Deluxe",
              "Dept": "Deluxe",
              "Name": "Deluxe-D247-app-us-east-1b-1-qa",
              "Owner": "D247",
              "Project": "D247",
              "Stack": "DEV",
              "managed_by": "Terraform"
            },
            "timeouts": null,
            "vpc_id": "vpc-072aec7ce94f83419"
          },
          "sensitive_attributes": [],
          "private": "eyJlMmJmYjczMC1lY2FhLTExZTYtOGY4OC0zNDM2M2JjN2M0YzAiOnsiY3JlYXRlIjo2MDAwMDAwMDAwMDAsImRlbGV0ZSI6MTIwMDAwMDAwMDAwMH0sInNjaGVtYV92ZXJzaW9uIjoiMSJ9",
          "dependencies": [
            "aws_vpc.Main"
          ]
        },
        {
          "index_key": 12,
          "schema_version": 1,
          "attributes": {
            "arn": "arn:aws:ec2:us-east-1:220479146103:subnet/subnet-025770a7da6b8a8a9",
            "assign_ipv6_address_on_creation": false,
            "availability_zone": "us-east-1b",
            "availability_zone_id": "use1-az4",
            "cidr_block": "10.10.2.96/27",
            "customer_owned_ipv4_pool": "",
            "enable_dns64": false,
            "enable_lni_at_device_index": 0,
            "enable_resource_name_dns_a_record_on_launch": false,
            "enable_resource_name_dns_aaaa_record_on_launch": false,
            "id": "subnet-025770a7da6b8a8a9",
            "ipv6_cidr_block": "",
            "ipv6_cidr_block_association_id": "",
            "ipv6_native": false,
            "map_customer_owned_ip_on_launch": false,
            "map_public_ip_on_launch": false,
            "outpost_arn": "",
            "owner_id": "220479146103",
            "private_dns_hostname_type_on_launch": "ip-name",
            "tags": {
              "BudgetCode": "Deluxe",
              "Dept": "Deluxe",
              "Name": "Deluxe-D247-backoffice-us-east-1b-1-qa",
              "Owner": "D247",
              "Project": "D247",
              "Stack": "DEV",
              "managed_by": "Terraform"
            },
            "tags_all": {
              "BudgetCode": "Deluxe",
              "Dept": "Deluxe",
              "Name": "Deluxe-D247-backoffice-us-east-1b-1-qa",
              "Owner": "D247",
              "Project": "D247",
              "Stack": "DEV",
              "managed_by": "Terraform"
            },
            "timeouts": null,
            "vpc_id": "vpc-072aec7ce94f83419"
          },
          "sensitive_attributes": [],
          "private": "eyJlMmJmYjczMC1lY2FhLTExZTYtOGY4OC0zNDM2M2JjN2M0YzAiOnsiY3JlYXRlIjo2MDAwMDAwMDAwMDAsImRlbGV0ZSI6MTIwMDAwMDAwMDAwMH0sInNjaGVtYV92ZXJzaW9uIjoiMSJ9",
          "dependencies": [
            "aws_vpc.Main"
          ]
        },
        {
          "index_key": 13,
          "schema_version": 1,
          "attributes": {
            "arn": "arn:aws:ec2:us-east-1:220479146103:subnet/subnet-0e70f34c959ee2230",
            "assign_ipv6_address_on_creation": false,
            "availability_zone": "us-east-1b",
            "availability_zone_id": "use1-az4",
            "cidr_block": "10.10.2.48/28",
            "customer_owned_ipv4_pool": "",
            "enable_dns64": false,
            "enable_lni_at_device_index": 0,
            "enable_resource_name_dns_a_record_on_launch": false,
            "enable_resource_name_dns_aaaa_record_on_launch": false,
            "id": "subnet-0e70f34c959ee2230",
            "ipv6_cidr_block": "",
            "ipv6_cidr_block_association_id": "",
            "ipv6_native": false,
            "map_customer_owned_ip_on_launch": false,
            "map_public_ip_on_launch": false,
            "outpost_arn": "",
            "owner_id": "220479146103",
            "private_dns_hostname_type_on_launch": "ip-name",
            "tags": {
              "BudgetCode": "Deluxe",
              "Dept": "Deluxe",
              "Name": "Deluxe-D247-database-us-east-1b-1-qa",
              "Owner": "D247",
              "Project": "D247",
              "Stack": "DEV",
              "managed_by": "Terraform"
            },
            "tags_all": {
              "BudgetCode": "Deluxe",
              "Dept": "Deluxe",
              "Name": "Deluxe-D247-database-us-east-1b-1-qa",
              "Owner": "D247",
              "Project": "D247",
              "Stack": "DEV",
              "managed_by": "Terraform"
            },
            "timeouts": null,
            "vpc_id": "vpc-072aec7ce94f83419"
          },
          "sensitive_attributes": [],
          "private": "eyJlMmJmYjczMC1lY2FhLTExZTYtOGY4OC0zNDM2M2JjN2M0YzAiOnsiY3JlYXRlIjo2MDAwMDAwMDAwMDAsImRlbGV0ZSI6MTIwMDAwMDAwMDAwMH0sInNjaGVtYV92ZXJzaW9uIjoiMSJ9",
          "dependencies": [
            "aws_vpc.Main"
          ]
        },
        {
          "index_key": 14,
          "schema_version": 1,
          "attributes": {
            "arn": "arn:aws:ec2:us-east-1:220479146103:subnet/subnet-02a211b1eac623e37",
            "assign_ipv6_address_on_creation": false,
            "availability_zone": "us-east-1b",
            "availability_zone_id": "use1-az4",
            "cidr_block": "10.10.1.208/28",
            "customer_owned_ipv4_pool": "",
            "enable_dns64": false,
            "enable_lni_at_device_index": 0,
            "enable_resource_name_dns_a_record_on_launch": false,
            "enable_resource_name_dns_aaaa_record_on_launch": false,
            "id": "subnet-02a211b1eac623e37",
            "ipv6_cidr_block": "",
            "ipv6_cidr_block_association_id": "",
            "ipv6_native": false,
            "map_customer_owned_ip_on_launch": false,
            "map_public_ip_on_launch": false,
            "outpost_arn": "",
            "owner_id": "220479146103",
            "private_dns_hostname_type_on_launch": "ip-name",
            "tags": {
              "BudgetCode": "Deluxe",
              "Dept": "Deluxe",
              "Name": "Deluxe-D247-alb-us-east-1b-1-qa",
              "Owner": "D247",
              "Project": "D247",
              "Stack": "DEV",
              "managed_by": "Terraform"
            },
            "tags_all": {
              "BudgetCode": "Deluxe",
              "Dept": "Deluxe",
              "Name": "Deluxe-D247-alb-us-east-1b-1-qa",
              "Owner": "D247",
              "Project": "D247",
              "Stack": "DEV",
              "managed_by": "Terraform"
            },
            "timeouts": null,
            "vpc_id": "vpc-072aec7ce94f83419"
          },
          "sensitive_attributes": [],
          "private": "eyJlMmJmYjczMC1lY2FhLTExZTYtOGY4OC0zNDM2M2JjN2M0YzAiOnsiY3JlYXRlIjo2MDAwMDAwMDAwMDAsImRlbGV0ZSI6MTIwMDAwMDAwMDAwMH0sInNjaGVtYV92ZXJzaW9uIjoiMSJ9",
          "dependencies": [
            "aws_vpc.Main"
          ]
        },
        {
          "index_key": 15,
          "schema_version": 1,
          "attributes": {
            "arn": "arn:aws:ec2:us-east-1:220479146103:subnet/subnet-0a16d7c127fa20360",
            "assign_ipv6_address_on_creation": false,
            "availability_zone": "us-east-1b",
            "availability_zone_id": "use1-az4",
            "cidr_block": "10.10.2.176/28",
            "customer_owned_ipv4_pool": "",
            "enable_dns64": false,
            "enable_lni_at_device_index": 0,
            "enable_resource_name_dns_a_record_on_launch": false,
            "enable_resource_name_dns_aaaa_record_on_launch": false,
            "id": "subnet-0a16d7c127fa20360",
            "ipv6_cidr_block": "",
            "ipv6_cidr_block_association_id": "",
            "ipv6_native": false,
            "map_customer_owned_ip_on_launch": false,
            "map_public_ip_on_launch": false,
            "outpost_arn": "",
            "owner_id": "220479146103",
            "private_dns_hostname_type_on_launch": "ip-name",
            "tags": {
              "BudgetCode": "Deluxe",
              "Dept": "Deluxe",
              "Name": "Deluxe-D247-web-us-east-1b-1-qa",
              "Owner": "D247",
              "Project": "D247",
              "Stack": "DEV",
              "managed_by": "Terraform"
            },
            "tags_all": {
              "BudgetCode": "Deluxe",
              "Dept": "Deluxe",
              "Name": "Deluxe-D247-web-us-east-1b-1-qa",
              "Owner": "D247",
              "Project": "D247",
              "Stack": "DEV",
              "managed_by": "Terraform"
            },
            "timeouts": null,
            "vpc_id": "vpc-072aec7ce94f83419"
          },
          "sensitive_attributes": [],
          "private": "eyJlMmJmYjczMC1lY2FhLTExZTYtOGY4OC0zNDM2M2JjN2M0YzAiOnsiY3JlYXRlIjo2MDAwMDAwMDAwMDAsImRlbGV0ZSI6MTIwMDAwMDAwMDAwMH0sInNjaGVtYV92ZXJzaW9uIjoiMSJ9",
          "dependencies": [
            "aws_vpc.Main"
          ]
        },
        {
          "index_key": 16,
          "schema_version": 1,
          "attributes": {
            "arn": "arn:aws:ec2:us-east-1:220479146103:subnet/subnet-0462285405bd6d975",
            "assign_ipv6_address_on_creation": false,
            "availability_zone": "us-east-1b",
            "availability_zone_id": "use1-az4",
            "cidr_block": "10.10.2.208/28",
            "customer_owned_ipv4_pool": "",
            "enable_dns64": false,
            "enable_lni_at_device_index": 0,
            "enable_resource_name_dns_a_record_on_launch": false,
            "enable_resource_name_dns_aaaa_record_on_launch": false,
            "id": "subnet-0462285405bd6d975",
            "ipv6_cidr_block": "",
            "ipv6_cidr_block_association_id": "",
            "ipv6_native": false,
            "map_customer_owned_ip_on_launch": false,
            "map_public_ip_on_launch": false,
            "outpost_arn": "",
            "owner_id": "220479146103",
            "private_dns_hostname_type_on_launch": "ip-name",
            "tags": {
              "BudgetCode": "Deluxe",
              "Dept": "Deluxe",
              "Name": "Deluxe-D247-app-us-east-1b-1-qa",
              "Owner": "D247",
              "Project": "D247",
              "Stack": "DEV",
              "managed_by": "Terraform"
            },
            "tags_all": {
              "BudgetCode": "Deluxe",
              "Dept": "Deluxe",
              "Name": "Deluxe-D247-app-us-east-1b-1-qa",
              "Owner": "D247",
              "Project": "D247",
              "Stack": "DEV",
              "managed_by": "Terraform"
            },
            "timeouts": null,
            "vpc_id": "vpc-072aec7ce94f83419"
          },
          "sensitive_attributes": [],
          "private": "eyJlMmJmYjczMC1lY2FhLTExZTYtOGY4OC0zNDM2M2JjN2M0YzAiOnsiY3JlYXRlIjo2MDAwMDAwMDAwMDAsImRlbGV0ZSI6MTIwMDAwMDAwMDAwMH0sInNjaGVtYV92ZXJzaW9uIjoiMSJ9",
          "dependencies": [
            "aws_vpc.Main"
          ]
        },
        {
          "index_key": 17,
          "schema_version": 1,
          "attributes": {
            "arn": "arn:aws:ec2:us-east-1:220479146103:subnet/subnet-0edfb01014b459c18",
            "assign_ipv6_address_on_creation": false,
            "availability_zone": "us-east-1b",
            "availability_zone_id": "use1-az4",
            "cidr_block": "10.10.3.32/27",
            "customer_owned_ipv4_pool": "",
            "enable_dns64": false,
            "enable_lni_at_device_index": 0,
            "enable_resource_name_dns_a_record_on_launch": false,
            "enable_resource_name_dns_aaaa_record_on_launch": false,
            "id": "subnet-0edfb01014b459c18",
            "ipv6_cidr_block": "",
            "ipv6_cidr_block_association_id": "",
            "ipv6_native": false,
            "map_customer_owned_ip_on_launch": false,
            "map_public_ip_on_launch": false,
            "outpost_arn": "",
            "owner_id": "220479146103",
            "private_dns_hostname_type_on_launch": "ip-name",
            "tags": {
              "BudgetCode": "Deluxe",
              "Dept": "Deluxe",
              "Name": "Deluxe-D247-backoffice-us-east-1b-1-qa",
              "Owner": "D247",
              "Project": "D247",
              "Stack": "DEV",
              "managed_by": "Terraform"
            },
            "tags_all": {
              "BudgetCode": "Deluxe",
              "Dept": "Deluxe",
              "Name": "Deluxe-D247-backoffice-us-east-1b-1-qa",
              "Owner": "D247",
              "Project": "D247",
              "Stack": "DEV",
              "managed_by": "Terraform"
            },
            "timeouts": null,
            "vpc_id": "vpc-072aec7ce94f83419"
          },
          "sensitive_attributes": [],
          "private": "eyJlMmJmYjczMC1lY2FhLTExZTYtOGY4OC0zNDM2M2JjN2M0YzAiOnsiY3JlYXRlIjo2MDAwMDAwMDAwMDAsImRlbGV0ZSI6MTIwMDAwMDAwMDAwMH0sInNjaGVtYV92ZXJzaW9uIjoiMSJ9",
          "dependencies": [
            "aws_vpc.Main"
          ]
        },
        {
          "index_key": 18,
          "schema_version": 1,
          "attributes": {
            "arn": "arn:aws:ec2:us-east-1:220479146103:subnet/subnet-0c82826f0d26ea359",
            "assign_ipv6_address_on_creation": false,
            "availability_zone": "us-east-1b",
            "availability_zone_id": "use1-az4",
            "cidr_block": "10.10.2.240/28",
            "customer_owned_ipv4_pool": "",
            "enable_dns64": false,
            "enable_lni_at_device_index": 0,
            "enable_resource_name_dns_a_record_on_launch": false,
            "enable_resource_name_dns_aaaa_record_on_launch": false,
            "id": "subnet-0c82826f0d26ea359",
            "ipv6_cidr_block": "",
            "ipv6_cidr_block_association_id": "",
            "ipv6_native": false,
            "map_customer_owned_ip_on_launch": false,
            "map_public_ip_on_launch": false,
            "outpost_arn": "",
            "owner_id": "220479146103",
            "private_dns_hostname_type_on_launch": "ip-name",
            "tags": {
              "BudgetCode": "Deluxe",
              "Dept": "Deluxe",
              "Name": "Deluxe-D247-database-us-east-1b-1-qa",
              "Owner": "D247",
              "Project": "D247",
              "Stack": "DEV",
              "managed_by": "Terraform"
            },
            "tags_all": {
              "BudgetCode": "Deluxe",
              "Dept": "Deluxe",
              "Name": "Deluxe-D247-database-us-east-1b-1-qa",
              "Owner": "D247",
              "Project": "D247",
              "Stack": "DEV",
              "managed_by": "Terraform"
            },
            "timeouts": null,
            "vpc_id": "vpc-072aec7ce94f83419"
          },
          "sensitive_attributes": [],
          "private": "eyJlMmJmYjczMC1lY2FhLTExZTYtOGY4OC0zNDM2M2JjN2M0YzAiOnsiY3JlYXRlIjo2MDAwMDAwMDAwMDAsImRlbGV0ZSI6MTIwMDAwMDAwMDAwMH0sInNjaGVtYV92ZXJzaW9uIjoiMSJ9",
          "dependencies": [
            "aws_vpc.Main"
          ]
        },
        {
          "index_key": 19,
          "schema_version": 1,
          "attributes": {
            "arn": "arn:aws:ec2:us-east-1:220479146103:subnet/subnet-0860b79fb149da52e",
            "assign_ipv6_address_on_creation": false,
            "availability_zone": "us-east-1b",
            "availability_zone_id": "use1-az4",
            "cidr_block": "10.10.2.144/28",
            "customer_owned_ipv4_pool": "",
            "enable_dns64": false,
            "enable_lni_at_device_index": 0,
            "enable_resource_name_dns_a_record_on_launch": false,
            "enable_resource_name_dns_aaaa_record_on_launch": false,
            "id": "subnet-0860b79fb149da52e",
            "ipv6_cidr_block": "",
            "ipv6_cidr_block_association_id": "",
            "ipv6_native": false,
            "map_customer_owned_ip_on_launch": false,
            "map_public_ip_on_launch": false,
            "outpost_arn": "",
            "owner_id": "220479146103",
            "private_dns_hostname_type_on_launch": "ip-name",
            "tags": {
              "BudgetCode": "Deluxe",
              "Dept": "Deluxe",
              "Name": "Deluxe-D247-alb-us-east-1b-1-qa",
              "Owner": "D247",
              "Project": "D247",
              "Stack": "DEV",
              "managed_by": "Terraform"
            },
            "tags_all": {
              "BudgetCode": "Deluxe",
              "Dept": "Deluxe",
              "Name": "Deluxe-D247-alb-us-east-1b-1-qa",
              "Owner": "D247",
              "Project": "D247",
              "Stack": "DEV",
              "managed_by": "Terraform"
            },
            "timeouts": null,
            "vpc_id": "vpc-072aec7ce94f83419"
          },
          "sensitive_attributes": [],
          "private": "eyJlMmJmYjczMC1lY2FhLTExZTYtOGY4OC0zNDM2M2JjN2M0YzAiOnsiY3JlYXRlIjo2MDAwMDAwMDAwMDAsImRlbGV0ZSI6MTIwMDAwMDAwMDAwMH0sInNjaGVtYV92ZXJzaW9uIjoiMSJ9",
          "dependencies": [
            "aws_vpc.Main"
          ]
        },
        {
          "index_key": 20,
          "schema_version": 1,
          "attributes": {
            "arn": "arn:aws:ec2:us-east-1:220479146103:subnet/subnet-0a1745d846b03055a",
            "assign_ipv6_address_on_creation": false,
            "availability_zone": "us-east-1b",
            "availability_zone_id": "use1-az4",
            "cidr_block": "10.10.3.112/28",
            "customer_owned_ipv4_pool": "",
            "enable_dns64": false,
            "enable_lni_at_device_index": 0,
            "enable_resource_name_dns_a_record_on_launch": false,
            "enable_resource_name_dns_aaaa_record_on_launch": false,
            "id": "subnet-0a1745d846b03055a",
            "ipv6_cidr_block": "",
            "ipv6_cidr_block_association_id": "",
            "ipv6_native": false,
            "map_customer_owned_ip_on_launch": false,
            "map_public_ip_on_launch": false,
            "outpost_arn": "",
            "owner_id": "220479146103",
            "private_dns_hostname_type_on_launch": "ip-name",
            "tags": {
              "BudgetCode": "Deluxe",
              "Dept": "Deluxe",
              "Name": "Deluxe-D247-web-us-east-1b-1-qa",
              "Owner": "D247",
              "Project": "D247",
              "Stack": "DEV",
              "managed_by": "Terraform"
            },
            "tags_all": {
              "BudgetCode": "Deluxe",
              "Dept": "Deluxe",
              "Name": "Deluxe-D247-web-us-east-1b-1-qa",
              "Owner": "D247",
              "Project": "D247",
              "Stack": "DEV",
              "managed_by": "Terraform"
            },
            "timeouts": null,
            "vpc_id": "vpc-072aec7ce94f83419"
          },
          "sensitive_attributes": [],
          "private": "eyJlMmJmYjczMC1lY2FhLTExZTYtOGY4OC0zNDM2M2JjN2M0YzAiOnsiY3JlYXRlIjo2MDAwMDAwMDAwMDAsImRlbGV0ZSI6MTIwMDAwMDAwMDAwMH0sInNjaGVtYV92ZXJzaW9uIjoiMSJ9",
          "dependencies": [
            "aws_vpc.Main"
          ]
        },
        {
          "index_key": 21,
          "schema_version": 1,
          "attributes": {
            "arn": "arn:aws:ec2:us-east-1:220479146103:subnet/subnet-097264800de951447",
            "assign_ipv6_address_on_creation": false,
            "availability_zone": "us-east-1b",
            "availability_zone_id": "use1-az4",
            "cidr_block": "10.10.3.144/28",
            "customer_owned_ipv4_pool": "",
            "enable_dns64": false,
            "enable_lni_at_device_index": 0,
            "enable_resource_name_dns_a_record_on_launch": false,
            "enable_resource_name_dns_aaaa_record_on_launch": false,
            "id": "subnet-097264800de951447",
            "ipv6_cidr_block": "",
            "ipv6_cidr_block_association_id": "",
            "ipv6_native": false,
            "map_customer_owned_ip_on_launch": false,
            "map_public_ip_on_launch": false,
            "outpost_arn": "",
            "owner_id": "220479146103",
            "private_dns_hostname_type_on_launch": "ip-name",
            "tags": {
              "BudgetCode": "Deluxe",
              "Dept": "Deluxe",
              "Name": "Deluxe-D247-app-us-east-1b-1-qa",
              "Owner": "D247",
              "Project": "D247",
              "Stack": "DEV",
              "managed_by": "Terraform"
            },
            "tags_all": {
              "BudgetCode": "Deluxe",
              "Dept": "Deluxe",
              "Name": "Deluxe-D247-app-us-east-1b-1-qa",
              "Owner": "D247",
              "Project": "D247",
              "Stack": "DEV",
              "managed_by": "Terraform"
            },
            "timeouts": null,
            "vpc_id": "vpc-072aec7ce94f83419"
          },
          "sensitive_attributes": [],
          "private": "eyJlMmJmYjczMC1lY2FhLTExZTYtOGY4OC0zNDM2M2JjN2M0YzAiOnsiY3JlYXRlIjo2MDAwMDAwMDAwMDAsImRlbGV0ZSI6MTIwMDAwMDAwMDAwMH0sInNjaGVtYV92ZXJzaW9uIjoiMSJ9",
          "dependencies": [
            "aws_vpc.Main"
          ]
        },
        {
          "index_key": 22,
          "schema_version": 1,
          "attributes": {
            "arn": "arn:aws:ec2:us-east-1:220479146103:subnet/subnet-0d2a2c0e84dc1074f",
            "assign_ipv6_address_on_creation": false,
            "availability_zone": "us-east-1b",
            "availability_zone_id": "use1-az4",
            "cidr_block": "10.10.3.224/27",
            "customer_owned_ipv4_pool": "",
            "enable_dns64": false,
            "enable_lni_at_device_index": 0,
            "enable_resource_name_dns_a_record_on_launch": false,
            "enable_resource_name_dns_aaaa_record_on_launch": false,
            "id": "subnet-0d2a2c0e84dc1074f",
            "ipv6_cidr_block": "",
            "ipv6_cidr_block_association_id": "",
            "ipv6_native": false,
            "map_customer_owned_ip_on_launch": false,
            "map_public_ip_on_launch": false,
            "outpost_arn": "",
            "owner_id": "220479146103",
            "private_dns_hostname_type_on_launch": "ip-name",
            "tags": {
              "BudgetCode": "Deluxe",
              "Dept": "Deluxe",
              "Name": "Deluxe-D247-backoffice-us-east-1b-1-qa",
              "Owner": "D247",
              "Project": "D247",
              "Stack": "DEV",
              "managed_by": "Terraform"
            },
            "tags_all": {
              "BudgetCode": "Deluxe",
              "Dept": "Deluxe",
              "Name": "Deluxe-D247-backoffice-us-east-1b-1-qa",
              "Owner": "D247",
              "Project": "D247",
              "Stack": "DEV",
              "managed_by": "Terraform"
            },
            "timeouts": null,
            "vpc_id": "vpc-072aec7ce94f83419"
          },
          "sensitive_attributes": [],
          "private": "eyJlMmJmYjczMC1lY2FhLTExZTYtOGY4OC0zNDM2M2JjN2M0YzAiOnsiY3JlYXRlIjo2MDAwMDAwMDAwMDAsImRlbGV0ZSI6MTIwMDAwMDAwMDAwMH0sInNjaGVtYV92ZXJzaW9uIjoiMSJ9",
          "dependencies": [
            "aws_vpc.Main"
          ]
        },
        {
          "index_key": 23,
          "schema_version": 1,
          "attributes": {
            "arn": "arn:aws:ec2:us-east-1:220479146103:subnet/subnet-0953561dbcce6ec9b",
            "assign_ipv6_address_on_creation": false,
            "availability_zone": "us-east-1b",
            "availability_zone_id": "use1-az4",
            "cidr_block": "10.10.3.176/28",
            "customer_owned_ipv4_pool": "",
            "enable_dns64": false,
            "enable_lni_at_device_index": 0,
            "enable_resource_name_dns_a_record_on_launch": false,
            "enable_resource_name_dns_aaaa_record_on_launch": false,
            "id": "subnet-0953561dbcce6ec9b",
            "ipv6_cidr_block": "",
            "ipv6_cidr_block_association_id": "",
            "ipv6_native": false,
            "map_customer_owned_ip_on_launch": false,
            "map_public_ip_on_launch": false,
            "outpost_arn": "",
            "owner_id": "220479146103",
            "private_dns_hostname_type_on_launch": "ip-name",
            "tags": {
              "BudgetCode": "Deluxe",
              "Dept": "Deluxe",
              "Name": "Deluxe-D247-database-us-east-1b-1-qa",
              "Owner": "D247",
              "Project": "D247",
              "Stack": "DEV",
              "managed_by": "Terraform"
            },
            "tags_all": {
              "BudgetCode": "Deluxe",
              "Dept": "Deluxe",
              "Name": "Deluxe-D247-database-us-east-1b-1-qa",
              "Owner": "D247",
              "Project": "D247",
              "Stack": "DEV",
              "managed_by": "Terraform"
            },
            "timeouts": null,
            "vpc_id": "vpc-072aec7ce94f83419"
          },
          "sensitive_attributes": [],
          "private": "eyJlMmJmYjczMC1lY2FhLTExZTYtOGY4OC0zNDM2M2JjN2M0YzAiOnsiY3JlYXRlIjo2MDAwMDAwMDAwMDAsImRlbGV0ZSI6MTIwMDAwMDAwMDAwMH0sInNjaGVtYV92ZXJzaW9uIjoiMSJ9",
          "dependencies": [
            "aws_vpc.Main"
          ]
        },
        {
          "index_key": 24,
          "schema_version": 1,
          "attributes": {
            "arn": "arn:aws:ec2:us-east-1:220479146103:subnet/subnet-079c19baa0d15515d",
            "assign_ipv6_address_on_creation": false,
            "availability_zone": "us-east-1b",
            "availability_zone_id": "use1-az4",
            "cidr_block": "10.10.3.80/28",
            "customer_owned_ipv4_pool": "",
            "enable_dns64": false,
            "enable_lni_at_device_index": 0,
            "enable_resource_name_dns_a_record_on_launch": false,
            "enable_resource_name_dns_aaaa_record_on_launch": false,
            "id": "subnet-079c19baa0d15515d",
            "ipv6_cidr_block": "",
            "ipv6_cidr_block_association_id": "",
            "ipv6_native": false,
            "map_customer_owned_ip_on_launch": false,
            "map_public_ip_on_launch": false,
            "outpost_arn": "",
            "owner_id": "220479146103",
            "private_dns_hostname_type_on_launch": "ip-name",
            "tags": {
              "BudgetCode": "Deluxe",
              "Dept": "Deluxe",
              "Name": "Deluxe-D247-alb-us-east-1b-1-qa",
              "Owner": "D247",
              "Project": "D247",
              "Stack": "DEV",
              "managed_by": "Terraform"
            },
            "tags_all": {
              "BudgetCode": "Deluxe",
              "Dept": "Deluxe",
              "Name": "Deluxe-D247-alb-us-east-1b-1-qa",
              "Owner": "D247",
              "Project": "D247",
              "Stack": "DEV",
              "managed_by": "Terraform"
            },
            "timeouts": null,
            "vpc_id": "vpc-072aec7ce94f83419"
          },
          "sensitive_attributes": [],
          "private": "eyJlMmJmYjczMC1lY2FhLTExZTYtOGY4OC0zNDM2M2JjN2M0YzAiOnsiY3JlYXRlIjo2MDAwMDAwMDAwMDAsImRlbGV0ZSI6MTIwMDAwMDAwMDAwMH0sInNjaGVtYV92ZXJzaW9uIjoiMSJ9",
          "dependencies": [
            "aws_vpc.Main"
          ]
        }
      ]
    },
    {
      "mode": "managed",
      "type": "aws_vpc",
      "name": "Main",
      "provider": "provider[\"registry.terraform.io/hashicorp/aws\"]",
      "instances": [
        {
          "schema_version": 1,
          "attributes": {
            "arn": "arn:aws:ec2:us-east-1:220479146103:vpc/vpc-072aec7ce94f83419",
            "assign_generated_ipv6_cidr_block": false,
            "cidr_block": "10.10.0.0/22",
            "default_network_acl_id": "acl-01e971f07c3b2866f",
            "default_route_table_id": "rtb-06f385b5cd1b9953c",
            "default_security_group_id": "sg-05827efb130366cfd",
            "dhcp_options_id": "dopt-0b4ea07d2b65bacfa",
            "enable_dns_hostnames": false,
            "enable_dns_support": true,
            "enable_network_address_usage_metrics": false,
            "id": "vpc-072aec7ce94f83419",
            "instance_tenancy": "default",
            "ipv4_ipam_pool_id": null,
            "ipv4_netmask_length": null,
            "ipv6_association_id": "",
            "ipv6_cidr_block": "",
            "ipv6_cidr_block_network_border_group": "",
            "ipv6_ipam_pool_id": "",
            "ipv6_netmask_length": 0,
            "main_route_table_id": "rtb-06f385b5cd1b9953c",
            "owner_id": "220479146103",
            "tags": {
              "BudgetCode": "Deluxe",
              "Dept": "Deluxe",
              "Name": "D247-qa-vpc",
              "Owner": "D247",
              "Project": "D247",
              "Stack": "DEV",
              "managed_by": "Terraform"
            },
            "tags_all": {
              "BudgetCode": "Deluxe",
              "Dept": "Deluxe",
              "Name": "D247-qa-vpc",
              "Owner": "D247",
              "Project": "D247",
              "Stack": "DEV",
              "managed_by": "Terraform"
            }
          },
          "sensitive_attributes": [],
          "private": "eyJzY2hlbWFfdmVyc2lvbiI6IjEifQ=="
        }
      ]
    }
  ],
  "check_results": null
}
